// !$*UTF8*$!
{
	archiveVersion = 1;
	classes = {
	};
	objectVersion = 46;
	objects = {

/* Begin PBXBuildFile section */
		1CAB14651AD8158500CADE7E /* sampleNoWhiteSpace.JSON in Resources */ = {isa = PBXBuildFile; fileRef = 1CAB14641AD8158500CADE7E /* sampleNoWhiteSpace.JSON */; };
		1CD8E2981AC37CF70035F303 /* BNRSwiftJSON.h in Headers */ = {isa = PBXBuildFile; fileRef = 1CD8E2971AC37CF70035F303 /* BNRSwiftJSON.h */; settings = {ATTRIBUTES = (Public, ); }; };
		1CD8E29E1AC37CF70035F303 /* BNRSwiftJSON.framework in Frameworks */ = {isa = PBXBuildFile; fileRef = 1CD8E2921AC37CF70035F303 /* BNRSwiftJSON.framework */; };
		1CD8E2A51AC37CF70035F303 /* BNRSwiftJSONTests.swift in Sources */ = {isa = PBXBuildFile; fileRef = 1CD8E2A41AC37CF70035F303 /* BNRSwiftJSONTests.swift */; };
		1CD8E2B21AC37D110035F303 /* JSON.swift in Sources */ = {isa = PBXBuildFile; fileRef = 1CD8E2AE1AC37D110035F303 /* JSON.swift */; };
		1CD8E2B31AC37D110035F303 /* JSONResult.swift in Sources */ = {isa = PBXBuildFile; fileRef = 1CD8E2AF1AC37D110035F303 /* JSONResult.swift */; };
		1CD8E2B51AC37D110035F303 /* JSONDecodable.swift in Sources */ = {isa = PBXBuildFile; fileRef = 1CD8E2B11AC37D110035F303 /* JSONDecodable.swift */; };
		1CD8E2B71AC37D4D0035F303 /* sample.JSON in Resources */ = {isa = PBXBuildFile; fileRef = 1CD8E2B61AC37D4D0035F303 /* sample.JSON */; };
		1CD8E2B91AC37D550035F303 /* Person.swift in Sources */ = {isa = PBXBuildFile; fileRef = 1CD8E2B81AC37D550035F303 /* Person.swift */; };
		522975AA1AE2EB1E0037260D /* JSONParser.swift in Sources */ = {isa = PBXBuildFile; fileRef = 522975A91AE2EB1E0037260D /* JSONParser.swift */; };
		522975AF1AE2EED30037260D /* JSONParserTests.swift in Sources */ = {isa = PBXBuildFile; fileRef = 522975AE1AE2EED30037260D /* JSONParserTests.swift */; };
		52875A241B1F89C60090E5C5 /* ResultMapping.swift in Sources */ = {isa = PBXBuildFile; fileRef = 52875A231B1F89C60090E5C5 /* ResultMapping.swift */; };
		52875A261B1F8A140090E5C5 /* ResultMapping.swift in Sources */ = {isa = PBXBuildFile; fileRef = 52875A231B1F89C60090E5C5 /* ResultMapping.swift */; };
		52875A271B1F8ABF0090E5C5 /* BNRSwiftJSONTests.swift in Sources */ = {isa = PBXBuildFile; fileRef = 1CD8E2A41AC37CF70035F303 /* BNRSwiftJSONTests.swift */; };
		52875A291B1F8B300090E5C5 /* ResultSequences.swift in Sources */ = {isa = PBXBuildFile; fileRef = 52875A281B1F8B300090E5C5 /* ResultSequences.swift */; };
		52875A2A1B1F8B300090E5C5 /* ResultSequences.swift in Sources */ = {isa = PBXBuildFile; fileRef = 52875A281B1F8B300090E5C5 /* ResultSequences.swift */; };
		52875A2C1B1F8D760090E5C5 /* ResultFlatMapping.swift in Sources */ = {isa = PBXBuildFile; fileRef = 52875A2B1B1F8D760090E5C5 /* ResultFlatMapping.swift */; };
		52875A2D1B1F8D760090E5C5 /* ResultFlatMapping.swift in Sources */ = {isa = PBXBuildFile; fileRef = 52875A2B1B1F8D760090E5C5 /* ResultFlatMapping.swift */; };
		DB2688C31B0CCFCA00435BEE /* JSONTypeTests.swift in Sources */ = {isa = PBXBuildFile; fileRef = DB2688C21B0CCFCA00435BEE /* JSONTypeTests.swift */; };
		DB529D2A1B0C05CC00DD74D7 /* JSONLiteralConvertible.swift in Sources */ = {isa = PBXBuildFile; fileRef = DB529D291B0C05CC00DD74D7 /* JSONLiteralConvertible.swift */; };
		DB529D2F1B0C05FD00DD74D7 /* Dictionary.swift in Sources */ = {isa = PBXBuildFile; fileRef = DB529D2E1B0C05FD00DD74D7 /* Dictionary.swift */; };
		DBE2CD4C1B176CF6007E1499 /* BNRSwiftJSON.framework in Frameworks */ = {isa = PBXBuildFile; fileRef = DBE2CD411B176CF6007E1499 /* BNRSwiftJSON.framework */; };
		DBE2CD5A1B176E9F007E1499 /* BNRSwiftJSON.h in Headers */ = {isa = PBXBuildFile; fileRef = 1CD8E2971AC37CF70035F303 /* BNRSwiftJSON.h */; settings = {ATTRIBUTES = (Public, ); }; };
		DBE2CD5B1B176EC2007E1499 /* sample.JSON in Resources */ = {isa = PBXBuildFile; fileRef = 1CD8E2B61AC37D4D0035F303 /* sample.JSON */; };
		DBE2CD5C1B176EC2007E1499 /* sampleNoWhiteSpace.JSON in Resources */ = {isa = PBXBuildFile; fileRef = 1CAB14641AD8158500CADE7E /* sampleNoWhiteSpace.JSON */; };
		DBE2CD5D1B176EC5007E1499 /* Person.swift in Sources */ = {isa = PBXBuildFile; fileRef = 1CD8E2B81AC37D550035F303 /* Person.swift */; };
		DBE2CD5E1B176EC8007E1499 /* JSONParserTests.swift in Sources */ = {isa = PBXBuildFile; fileRef = 522975AE1AE2EED30037260D /* JSONParserTests.swift */; };
		DBE2CD5F1B176EC8007E1499 /* JSONTypeTests.swift in Sources */ = {isa = PBXBuildFile; fileRef = DB2688C21B0CCFCA00435BEE /* JSONTypeTests.swift */; };
		DBE2CD601B176ED5007E1499 /* Dictionary.swift in Sources */ = {isa = PBXBuildFile; fileRef = DB529D2E1B0C05FD00DD74D7 /* Dictionary.swift */; };
		DBE2CD611B176ED5007E1499 /* JSON.swift in Sources */ = {isa = PBXBuildFile; fileRef = 1CD8E2AE1AC37D110035F303 /* JSON.swift */; };
		DBE2CD621B176ED5007E1499 /* JSONResult.swift in Sources */ = {isa = PBXBuildFile; fileRef = 1CD8E2AF1AC37D110035F303 /* JSONResult.swift */; };
		DBE2CD631B176ED5007E1499 /* JSONParser.swift in Sources */ = {isa = PBXBuildFile; fileRef = 522975A91AE2EB1E0037260D /* JSONParser.swift */; };
		DBE2CD641B176ED5007E1499 /* JSONDecodable.swift in Sources */ = {isa = PBXBuildFile; fileRef = 1CD8E2B11AC37D110035F303 /* JSONDecodable.swift */; };
		DBE2CD651B176ED5007E1499 /* JSONLiteralConvertible.swift in Sources */ = {isa = PBXBuildFile; fileRef = DB529D291B0C05CC00DD74D7 /* JSONLiteralConvertible.swift */; };
		DBE2CD661B176EF0007E1499 /* Result.framework in Frameworks */ = {isa = PBXBuildFile; fileRef = 52D461C31AD6287100614571 /* Result.framework */; };
		DBE2CD671B176EF3007E1499 /* Result.framework in Frameworks */ = {isa = PBXBuildFile; fileRef = 52D461C71AD6287100614571 /* Result.framework */; };
/* End PBXBuildFile section */

/* Begin PBXContainerItemProxy section */
		1CD8E29F1AC37CF70035F303 /* PBXContainerItemProxy */ = {
			isa = PBXContainerItemProxy;
			containerPortal = 1CD8E2891AC37CF70035F303 /* Project object */;
			proxyType = 1;
			remoteGlobalIDString = 1CD8E2911AC37CF70035F303;
			remoteInfo = BNRSwiftJSON;
		};
		52875A081B1F85A50090E5C5 /* PBXContainerItemProxy */ = {
			isa = PBXContainerItemProxy;
			containerPortal = 52875A011B1F85A50090E5C5 /* Result.xcodeproj */;
			proxyType = 2;
			remoteGlobalIDString = D45480571A9572F5009D7229;
			remoteInfo = "Result-Mac";
		};
		52875A0A1B1F85A50090E5C5 /* PBXContainerItemProxy */ = {
			isa = PBXContainerItemProxy;
			containerPortal = 52875A011B1F85A50090E5C5 /* Result.xcodeproj */;
			proxyType = 2;
			remoteGlobalIDString = D45480671A9572F5009D7229;
			remoteInfo = "Result-MacTests";
		};
		52875A0C1B1F85A50090E5C5 /* PBXContainerItemProxy */ = {
			isa = PBXContainerItemProxy;
			containerPortal = 52875A011B1F85A50090E5C5 /* Result.xcodeproj */;
			proxyType = 2;
			remoteGlobalIDString = D454807D1A957361009D7229;
			remoteInfo = "Result-iOS";
		};
		52875A0E1B1F85A50090E5C5 /* PBXContainerItemProxy */ = {
			isa = PBXContainerItemProxy;
			containerPortal = 52875A011B1F85A50090E5C5 /* Result.xcodeproj */;
			proxyType = 2;
			remoteGlobalIDString = D45480871A957362009D7229;
			remoteInfo = "Result-iOSTests";
		};
		52875A171B1F85B20090E5C5 /* PBXContainerItemProxy */ = {
			isa = PBXContainerItemProxy;
			containerPortal = 52875A101B1F85B20090E5C5 /* Box.xcodeproj */;
			proxyType = 2;
			remoteGlobalIDString = D470AC3719E86128003DA6C6;
			remoteInfo = "Box-Mac";
		};
		52875A191B1F85B20090E5C5 /* PBXContainerItemProxy */ = {
			isa = PBXContainerItemProxy;
			containerPortal = 52875A101B1F85B20090E5C5 /* Box.xcodeproj */;
			proxyType = 2;
			remoteGlobalIDString = D470AC4219E86128003DA6C6;
			remoteInfo = "Box-MacTests";
		};
		52875A1B1B1F85B20090E5C5 /* PBXContainerItemProxy */ = {
			isa = PBXContainerItemProxy;
			containerPortal = 52875A101B1F85B20090E5C5 /* Box.xcodeproj */;
			proxyType = 2;
			remoteGlobalIDString = F8BB81D31A939B66001AA352;
			remoteInfo = "Box-iOS";
		};
		52875A1D1B1F85B20090E5C5 /* PBXContainerItemProxy */ = {
			isa = PBXContainerItemProxy;
			containerPortal = 52875A101B1F85B20090E5C5 /* Box.xcodeproj */;
			proxyType = 2;
			remoteGlobalIDString = F8BB81DD1A939B67001AA352;
			remoteInfo = "Box-iOSTests";
		};
		52D461C21AD6287100614571 /* PBXContainerItemProxy */ = {
			isa = PBXContainerItemProxy;
			containerPortal = 52D461BA1AD6287000614571 /* Result.xcodeproj */;
			proxyType = 2;
			remoteGlobalIDString = 52B9AE9B19C35B1D0039E5D7;
			remoteInfo = "Result-iOS";
		};
		52D461C41AD6287100614571 /* PBXContainerItemProxy */ = {
			isa = PBXContainerItemProxy;
			containerPortal = 52D461BA1AD6287000614571 /* Result.xcodeproj */;
			proxyType = 2;
			remoteGlobalIDString = 5216BFDE1AD5FFA900789F1B;
			remoteInfo = "Result-iOSTests";
		};
		52D461C61AD6287100614571 /* PBXContainerItemProxy */ = {
			isa = PBXContainerItemProxy;
			containerPortal = 52D461BA1AD6287000614571 /* Result.xcodeproj */;
			proxyType = 2;
			remoteGlobalIDString = 52B9AF3B19C35F5F0039E5D7;
			remoteInfo = "Result-Mac";
		};
		52D461C81AD6287100614571 /* PBXContainerItemProxy */ = {
			isa = PBXContainerItemProxy;
			containerPortal = 52D461BA1AD6287000614571 /* Result.xcodeproj */;
			proxyType = 2;
			remoteGlobalIDString = 52B9AF4519C35F5F0039E5D7;
			remoteInfo = "Result-MacTests";
		};
		DBE2CD4D1B176CF6007E1499 /* PBXContainerItemProxy */ = {
			isa = PBXContainerItemProxy;
			containerPortal = 1CD8E2891AC37CF70035F303 /* Project object */;
			proxyType = 1;
			remoteGlobalIDString = DBE2CD401B176CF6007E1499;
			remoteInfo = "BNRSwiftJSON-Mac";
		};
/* End PBXContainerItemProxy section */

/* Begin PBXFileReference section */
		1CAB14641AD8158500CADE7E /* sampleNoWhiteSpace.JSON */ = {isa = PBXFileReference; fileEncoding = 4; lastKnownFileType = text.json; path = sampleNoWhiteSpace.JSON; sourceTree = "<group>"; };
		1CD8E2921AC37CF70035F303 /* BNRSwiftJSON.framework */ = {isa = PBXFileReference; explicitFileType = wrapper.framework; includeInIndex = 0; path = BNRSwiftJSON.framework; sourceTree = BUILT_PRODUCTS_DIR; };
		1CD8E2961AC37CF70035F303 /* Info.plist */ = {isa = PBXFileReference; lastKnownFileType = text.plist.xml; path = Info.plist; sourceTree = "<group>"; };
		1CD8E2971AC37CF70035F303 /* BNRSwiftJSON.h */ = {isa = PBXFileReference; lastKnownFileType = sourcecode.c.h; path = BNRSwiftJSON.h; sourceTree = "<group>"; };
		1CD8E29D1AC37CF70035F303 /* BNRSwiftJSON-iOSTests.xctest */ = {isa = PBXFileReference; explicitFileType = wrapper.cfbundle; includeInIndex = 0; path = "BNRSwiftJSON-iOSTests.xctest"; sourceTree = BUILT_PRODUCTS_DIR; };
		1CD8E2A31AC37CF70035F303 /* Info.plist */ = {isa = PBXFileReference; lastKnownFileType = text.plist.xml; path = Info.plist; sourceTree = "<group>"; };
		1CD8E2A41AC37CF70035F303 /* BNRSwiftJSONTests.swift */ = {isa = PBXFileReference; lastKnownFileType = sourcecode.swift; path = BNRSwiftJSONTests.swift; sourceTree = "<group>"; };
		1CD8E2AE1AC37D110035F303 /* JSON.swift */ = {isa = PBXFileReference; fileEncoding = 4; lastKnownFileType = sourcecode.swift; path = JSON.swift; sourceTree = "<group>"; };
		1CD8E2AF1AC37D110035F303 /* JSONResult.swift */ = {isa = PBXFileReference; fileEncoding = 4; lastKnownFileType = sourcecode.swift; path = JSONResult.swift; sourceTree = "<group>"; };
		1CD8E2B11AC37D110035F303 /* JSONDecodable.swift */ = {isa = PBXFileReference; fileEncoding = 4; lastKnownFileType = sourcecode.swift; path = JSONDecodable.swift; sourceTree = "<group>"; };
		1CD8E2B61AC37D4D0035F303 /* sample.JSON */ = {isa = PBXFileReference; fileEncoding = 4; lastKnownFileType = text.json; path = sample.JSON; sourceTree = "<group>"; };
		1CD8E2B81AC37D550035F303 /* Person.swift */ = {isa = PBXFileReference; fileEncoding = 4; lastKnownFileType = sourcecode.swift; path = Person.swift; sourceTree = "<group>"; };
		522975A91AE2EB1E0037260D /* JSONParser.swift */ = {isa = PBXFileReference; fileEncoding = 4; lastKnownFileType = sourcecode.swift; path = JSONParser.swift; sourceTree = "<group>"; };
		522975AE1AE2EED30037260D /* JSONParserTests.swift */ = {isa = PBXFileReference; fileEncoding = 4; lastKnownFileType = sourcecode.swift; path = JSONParserTests.swift; sourceTree = "<group>"; };
		52875A011B1F85A50090E5C5 /* Result.xcodeproj */ = {isa = PBXFileReference; lastKnownFileType = "wrapper.pb-project"; name = Result.xcodeproj; path = ../Carthage/Checkouts/Result/Result.xcodeproj; sourceTree = "<group>"; };
		52875A101B1F85B20090E5C5 /* Box.xcodeproj */ = {isa = PBXFileReference; lastKnownFileType = "wrapper.pb-project"; name = Box.xcodeproj; path = ../Carthage/Checkouts/Result/Carthage/Checkouts/Box/Box.xcodeproj; sourceTree = "<group>"; };
		52875A231B1F89C60090E5C5 /* ResultMapping.swift */ = {isa = PBXFileReference; fileEncoding = 4; lastKnownFileType = sourcecode.swift; path = ResultMapping.swift; sourceTree = "<group>"; };
		52875A281B1F8B300090E5C5 /* ResultSequences.swift */ = {isa = PBXFileReference; fileEncoding = 4; lastKnownFileType = sourcecode.swift; path = ResultSequences.swift; sourceTree = "<group>"; };
		52875A2B1B1F8D760090E5C5 /* ResultFlatMapping.swift */ = {isa = PBXFileReference; fileEncoding = 4; lastKnownFileType = sourcecode.swift; path = ResultFlatMapping.swift; sourceTree = "<group>"; };
		52D461BA1AD6287000614571 /* Result.xcodeproj */ = {isa = PBXFileReference; lastKnownFileType = "wrapper.pb-project"; name = Result.xcodeproj; path = ../Carthage/Checkouts/Result/Result.xcodeproj; sourceTree = "<group>"; };
		DB2688C21B0CCFCA00435BEE /* JSONTypeTests.swift */ = {isa = PBXFileReference; fileEncoding = 4; lastKnownFileType = sourcecode.swift; path = JSONTypeTests.swift; sourceTree = "<group>"; };
		DB529D291B0C05CC00DD74D7 /* JSONLiteralConvertible.swift */ = {isa = PBXFileReference; fileEncoding = 4; lastKnownFileType = sourcecode.swift; path = JSONLiteralConvertible.swift; sourceTree = "<group>"; };
		DB529D2E1B0C05FD00DD74D7 /* Dictionary.swift */ = {isa = PBXFileReference; fileEncoding = 4; lastKnownFileType = sourcecode.swift; path = Dictionary.swift; sourceTree = "<group>"; };
		DBE2CD411B176CF6007E1499 /* BNRSwiftJSON.framework */ = {isa = PBXFileReference; explicitFileType = wrapper.framework; includeInIndex = 0; path = BNRSwiftJSON.framework; sourceTree = BUILT_PRODUCTS_DIR; };
		DBE2CD4B1B176CF6007E1499 /* BNRSwiftJSON-MacTests.xctest */ = {isa = PBXFileReference; explicitFileType = wrapper.cfbundle; includeInIndex = 0; path = "BNRSwiftJSON-MacTests.xctest"; sourceTree = BUILT_PRODUCTS_DIR; };
/* End PBXFileReference section */

/* Begin PBXFrameworksBuildPhase section */
		1CD8E28E1AC37CF70035F303 /* Frameworks */ = {
			isa = PBXFrameworksBuildPhase;
			buildActionMask = 2147483647;
			files = (
				DBE2CD661B176EF0007E1499 /* Result.framework in Frameworks */,
			);
			runOnlyForDeploymentPostprocessing = 0;
		};
		1CD8E29A1AC37CF70035F303 /* Frameworks */ = {
			isa = PBXFrameworksBuildPhase;
			buildActionMask = 2147483647;
			files = (
				1CD8E29E1AC37CF70035F303 /* BNRSwiftJSON.framework in Frameworks */,
			);
			runOnlyForDeploymentPostprocessing = 0;
		};
		DBE2CD3D1B176CF6007E1499 /* Frameworks */ = {
			isa = PBXFrameworksBuildPhase;
			buildActionMask = 2147483647;
			files = (
				DBE2CD671B176EF3007E1499 /* Result.framework in Frameworks */,
			);
			runOnlyForDeploymentPostprocessing = 0;
		};
		DBE2CD481B176CF6007E1499 /* Frameworks */ = {
			isa = PBXFrameworksBuildPhase;
			buildActionMask = 2147483647;
			files = (
				DBE2CD4C1B176CF6007E1499 /* BNRSwiftJSON.framework in Frameworks */,
			);
			runOnlyForDeploymentPostprocessing = 0;
		};
/* End PBXFrameworksBuildPhase section */

/* Begin PBXGroup section */
		1CD8E2881AC37CF70035F303 = {
			isa = PBXGroup;
			children = (
				52875A101B1F85B20090E5C5 /* Box.xcodeproj */,
				52875A011B1F85A50090E5C5 /* Result.xcodeproj */,
				1CD8E2941AC37CF70035F303 /* BNRSwiftJSON */,
				1CD8E2A11AC37CF70035F303 /* BNRSwiftJSONTests */,
				DBE2CD681B176EF9007E1499 /* Frameworks */,
				1CD8E2931AC37CF70035F303 /* Products */,
			);
			sourceTree = "<group>";
		};
		1CD8E2931AC37CF70035F303 /* Products */ = {
			isa = PBXGroup;
			children = (
				1CD8E2921AC37CF70035F303 /* BNRSwiftJSON.framework */,
				1CD8E29D1AC37CF70035F303 /* BNRSwiftJSON-iOSTests.xctest */,
				DBE2CD411B176CF6007E1499 /* BNRSwiftJSON.framework */,
				DBE2CD4B1B176CF6007E1499 /* BNRSwiftJSON-MacTests.xctest */,
			);
			name = Products;
			sourceTree = "<group>";
		};
		1CD8E2941AC37CF70035F303 /* BNRSwiftJSON */ = {
			isa = PBXGroup;
			children = (
				52875A221B1F89B70090E5C5 /* Result Helpers */,
				1CD8E2971AC37CF70035F303 /* BNRSwiftJSON.h */,
				DB529D2E1B0C05FD00DD74D7 /* Dictionary.swift */,
				1CD8E2AE1AC37D110035F303 /* JSON.swift */,
				1CD8E2AF1AC37D110035F303 /* JSONResult.swift */,
				522975A91AE2EB1E0037260D /* JSONParser.swift */,
				1CD8E2B11AC37D110035F303 /* JSONDecodable.swift */,
				DB529D291B0C05CC00DD74D7 /* JSONLiteralConvertible.swift */,
				1CD8E2951AC37CF70035F303 /* Supporting Files */,
			);
			path = BNRSwiftJSON;
			sourceTree = "<group>";
		};
		1CD8E2951AC37CF70035F303 /* Supporting Files */ = {
			isa = PBXGroup;
			children = (
				1CD8E2961AC37CF70035F303 /* Info.plist */,
			);
			name = "Supporting Files";
			sourceTree = "<group>";
		};
		1CD8E2A11AC37CF70035F303 /* BNRSwiftJSONTests */ = {
			isa = PBXGroup;
			children = (
				1CD8E2A41AC37CF70035F303 /* BNRSwiftJSONTests.swift */,
				522975AE1AE2EED30037260D /* JSONParserTests.swift */,
				DB2688C21B0CCFCA00435BEE /* JSONTypeTests.swift */,
				1CD8E2A21AC37CF70035F303 /* Supporting Files */,
			);
			path = BNRSwiftJSONTests;
			sourceTree = "<group>";
		};
		1CD8E2A21AC37CF70035F303 /* Supporting Files */ = {
			isa = PBXGroup;
			children = (
				1CD8E2B61AC37D4D0035F303 /* sample.JSON */,
				1CAB14641AD8158500CADE7E /* sampleNoWhiteSpace.JSON */,
				1CD8E2B81AC37D550035F303 /* Person.swift */,
				1CD8E2A31AC37CF70035F303 /* Info.plist */,
			);
			name = "Supporting Files";
			sourceTree = "<group>";
		};
		52875A021B1F85A50090E5C5 /* Products */ = {
			isa = PBXGroup;
			children = (
				52875A091B1F85A50090E5C5 /* Result.framework */,
				52875A0B1B1F85A50090E5C5 /* Result-MacTests.xctest */,
				52875A0D1B1F85A50090E5C5 /* Result.framework */,
				52875A0F1B1F85A50090E5C5 /* Result-iOSTests.xctest */,
			);
			name = Products;
			sourceTree = "<group>";
		};
		52875A111B1F85B20090E5C5 /* Products */ = {
			isa = PBXGroup;
			children = (
				52875A181B1F85B20090E5C5 /* Box.framework */,
				52875A1A1B1F85B20090E5C5 /* Box-MacTests.xctest */,
				52875A1C1B1F85B20090E5C5 /* Box.framework */,
				52875A1E1B1F85B20090E5C5 /* Box-iOSTests.xctest */,
			);
			name = Products;
			sourceTree = "<group>";
		};
		52875A221B1F89B70090E5C5 /* Result Helpers */ = {
			isa = PBXGroup;
			children = (
				52875A231B1F89C60090E5C5 /* ResultMapping.swift */,
				52875A2B1B1F8D760090E5C5 /* ResultFlatMapping.swift */,
				52875A281B1F8B300090E5C5 /* ResultSequences.swift */,
			);
			name = "Result Helpers";
			sourceTree = "<group>";
		};
		52D461BB1AD6287000614571 /* Products */ = {
			isa = PBXGroup;
			children = (
				52D461C71AD6287100614571 /* Result.framework */,
				52D461C91AD6287100614571 /* Result-MacTests.xctest */,
				52D461C31AD6287100614571 /* Result.framework */,
				52D461C51AD6287100614571 /* Result-iOSTests.xctest */,
			);
			name = Products;
			sourceTree = "<group>";
		};
		DBE2CD681B176EF9007E1499 /* Frameworks */ = {
			isa = PBXGroup;
			children = (
				52D461BA1AD6287000614571 /* Result.xcodeproj */,
			);
			name = Frameworks;
			sourceTree = "<group>";
		};
/* End PBXGroup section */

/* Begin PBXHeadersBuildPhase section */
		1CD8E28F1AC37CF70035F303 /* Headers */ = {
			isa = PBXHeadersBuildPhase;
			buildActionMask = 2147483647;
			files = (
				1CD8E2981AC37CF70035F303 /* BNRSwiftJSON.h in Headers */,
			);
			runOnlyForDeploymentPostprocessing = 0;
		};
		DBE2CD3E1B176CF6007E1499 /* Headers */ = {
			isa = PBXHeadersBuildPhase;
			buildActionMask = 2147483647;
			files = (
				DBE2CD5A1B176E9F007E1499 /* BNRSwiftJSON.h in Headers */,
			);
			runOnlyForDeploymentPostprocessing = 0;
		};
/* End PBXHeadersBuildPhase section */

/* Begin PBXNativeTarget section */
		1CD8E2911AC37CF70035F303 /* BNRSwiftJSON-iOS */ = {
			isa = PBXNativeTarget;
			buildConfigurationList = 1CD8E2A81AC37CF70035F303 /* Build configuration list for PBXNativeTarget "BNRSwiftJSON-iOS" */;
			buildPhases = (
				1CD8E28D1AC37CF70035F303 /* Sources */,
				1CD8E28E1AC37CF70035F303 /* Frameworks */,
				1CD8E28F1AC37CF70035F303 /* Headers */,
				1CD8E2901AC37CF70035F303 /* Resources */,
			);
			buildRules = (
			);
			dependencies = (
			);
			name = "BNRSwiftJSON-iOS";
			productName = BNRSwiftJSON;
			productReference = 1CD8E2921AC37CF70035F303 /* BNRSwiftJSON.framework */;
			productType = "com.apple.product-type.framework";
		};
		1CD8E29C1AC37CF70035F303 /* BNRSwiftJSON-iOSTests */ = {
			isa = PBXNativeTarget;
			buildConfigurationList = 1CD8E2AB1AC37CF70035F303 /* Build configuration list for PBXNativeTarget "BNRSwiftJSON-iOSTests" */;
			buildPhases = (
				1CD8E2991AC37CF70035F303 /* Sources */,
				1CD8E29A1AC37CF70035F303 /* Frameworks */,
				1CD8E29B1AC37CF70035F303 /* Resources */,
			);
			buildRules = (
			);
			dependencies = (
				1CD8E2A01AC37CF70035F303 /* PBXTargetDependency */,
			);
			name = "BNRSwiftJSON-iOSTests";
			productName = BNRSwiftJSONTests;
			productReference = 1CD8E29D1AC37CF70035F303 /* BNRSwiftJSON-iOSTests.xctest */;
			productType = "com.apple.product-type.bundle.unit-test";
		};
		DBE2CD401B176CF6007E1499 /* BNRSwiftJSON-Mac */ = {
			isa = PBXNativeTarget;
			buildConfigurationList = DBE2CD541B176CF6007E1499 /* Build configuration list for PBXNativeTarget "BNRSwiftJSON-Mac" */;
			buildPhases = (
				DBE2CD3C1B176CF6007E1499 /* Sources */,
				DBE2CD3D1B176CF6007E1499 /* Frameworks */,
				DBE2CD3E1B176CF6007E1499 /* Headers */,
				DBE2CD3F1B176CF6007E1499 /* Resources */,
			);
			buildRules = (
			);
			dependencies = (
			);
			name = "BNRSwiftJSON-Mac";
			productName = "BNRSwiftJSON-Mac";
			productReference = DBE2CD411B176CF6007E1499 /* BNRSwiftJSON.framework */;
			productType = "com.apple.product-type.framework";
		};
		DBE2CD4A1B176CF6007E1499 /* BNRSwiftJSON-MacTests */ = {
			isa = PBXNativeTarget;
			buildConfigurationList = DBE2CD571B176CF6007E1499 /* Build configuration list for PBXNativeTarget "BNRSwiftJSON-MacTests" */;
			buildPhases = (
				DBE2CD471B176CF6007E1499 /* Sources */,
				DBE2CD481B176CF6007E1499 /* Frameworks */,
				DBE2CD491B176CF6007E1499 /* Resources */,
			);
			buildRules = (
			);
			dependencies = (
				DBE2CD4E1B176CF6007E1499 /* PBXTargetDependency */,
			);
			name = "BNRSwiftJSON-MacTests";
			productName = "BNRSwiftJSON-MacTests";
			productReference = DBE2CD4B1B176CF6007E1499 /* BNRSwiftJSON-MacTests.xctest */;
			productType = "com.apple.product-type.bundle.unit-test";
		};
/* End PBXNativeTarget section */

/* Begin PBXProject section */
		1CD8E2891AC37CF70035F303 /* Project object */ = {
			isa = PBXProject;
			attributes = {
				LastUpgradeCheck = 0630;
				ORGANIZATIONNAME = "Big Nerd Ranch Inc";
				TargetAttributes = {
					1CD8E2911AC37CF70035F303 = {
						CreatedOnToolsVersion = 6.3;
					};
					1CD8E29C1AC37CF70035F303 = {
						CreatedOnToolsVersion = 6.3;
					};
					DBE2CD401B176CF6007E1499 = {
						CreatedOnToolsVersion = 6.3.2;
					};
					DBE2CD4A1B176CF6007E1499 = {
						CreatedOnToolsVersion = 6.3.2;
					};
				};
			};
			buildConfigurationList = 1CD8E28C1AC37CF70035F303 /* Build configuration list for PBXProject "BNRSwiftJSON" */;
			compatibilityVersion = "Xcode 3.2";
			developmentRegion = English;
			hasScannedForEncodings = 0;
			knownRegions = (
				en,
			);
			mainGroup = 1CD8E2881AC37CF70035F303;
			productRefGroup = 1CD8E2931AC37CF70035F303 /* Products */;
			projectDirPath = "";
			projectReferences = (
				{
					ProductGroup = 52875A111B1F85B20090E5C5 /* Products */;
					ProjectRef = 52875A101B1F85B20090E5C5 /* Box.xcodeproj */;
				},
				{
					ProductGroup = 52875A021B1F85A50090E5C5 /* Products */;
					ProjectRef = 52875A011B1F85A50090E5C5 /* Result.xcodeproj */;
				},
				{
					ProductGroup = 52D461BB1AD6287000614571 /* Products */;
					ProjectRef = 52D461BA1AD6287000614571 /* Result.xcodeproj */;
				},
			);
			projectRoot = "";
			targets = (
				1CD8E2911AC37CF70035F303 /* BNRSwiftJSON-iOS */,
				1CD8E29C1AC37CF70035F303 /* BNRSwiftJSON-iOSTests */,
				DBE2CD401B176CF6007E1499 /* BNRSwiftJSON-Mac */,
				DBE2CD4A1B176CF6007E1499 /* BNRSwiftJSON-MacTests */,
			);
		};
/* End PBXProject section */

/* Begin PBXReferenceProxy section */
		52875A091B1F85A50090E5C5 /* Result.framework */ = {
			isa = PBXReferenceProxy;
			fileType = wrapper.framework;
			path = Result.framework;
			remoteRef = 52875A081B1F85A50090E5C5 /* PBXContainerItemProxy */;
			sourceTree = BUILT_PRODUCTS_DIR;
		};
		52875A0B1B1F85A50090E5C5 /* Result-MacTests.xctest */ = {
			isa = PBXReferenceProxy;
			fileType = wrapper.cfbundle;
			path = "Result-MacTests.xctest";
			remoteRef = 52875A0A1B1F85A50090E5C5 /* PBXContainerItemProxy */;
			sourceTree = BUILT_PRODUCTS_DIR;
		};
		52875A0D1B1F85A50090E5C5 /* Result.framework */ = {
			isa = PBXReferenceProxy;
			fileType = wrapper.framework;
			path = Result.framework;
			remoteRef = 52875A0C1B1F85A50090E5C5 /* PBXContainerItemProxy */;
			sourceTree = BUILT_PRODUCTS_DIR;
		};
		52875A0F1B1F85A50090E5C5 /* Result-iOSTests.xctest */ = {
			isa = PBXReferenceProxy;
			fileType = wrapper.cfbundle;
			path = "Result-iOSTests.xctest";
			remoteRef = 52875A0E1B1F85A50090E5C5 /* PBXContainerItemProxy */;
			sourceTree = BUILT_PRODUCTS_DIR;
		};
		52875A181B1F85B20090E5C5 /* Box.framework */ = {
			isa = PBXReferenceProxy;
			fileType = wrapper.framework;
			path = Box.framework;
			remoteRef = 52875A171B1F85B20090E5C5 /* PBXContainerItemProxy */;
			sourceTree = BUILT_PRODUCTS_DIR;
		};
		52875A1A1B1F85B20090E5C5 /* Box-MacTests.xctest */ = {
			isa = PBXReferenceProxy;
			fileType = wrapper.cfbundle;
			path = "Box-MacTests.xctest";
			remoteRef = 52875A191B1F85B20090E5C5 /* PBXContainerItemProxy */;
			sourceTree = BUILT_PRODUCTS_DIR;
		};
		52875A1C1B1F85B20090E5C5 /* Box.framework */ = {
			isa = PBXReferenceProxy;
			fileType = wrapper.framework;
			path = Box.framework;
			remoteRef = 52875A1B1B1F85B20090E5C5 /* PBXContainerItemProxy */;
			sourceTree = BUILT_PRODUCTS_DIR;
		};
		52875A1E1B1F85B20090E5C5 /* Box-iOSTests.xctest */ = {
			isa = PBXReferenceProxy;
			fileType = wrapper.cfbundle;
			path = "Box-iOSTests.xctest";
			remoteRef = 52875A1D1B1F85B20090E5C5 /* PBXContainerItemProxy */;
			sourceTree = BUILT_PRODUCTS_DIR;
		};
		52D461C31AD6287100614571 /* Result.framework */ = {
			isa = PBXReferenceProxy;
			fileType = wrapper.framework;
			path = Result.framework;
			remoteRef = 52D461C21AD6287100614571 /* PBXContainerItemProxy */;
			sourceTree = BUILT_PRODUCTS_DIR;
		};
		52D461C51AD6287100614571 /* Result-iOSTests.xctest */ = {
			isa = PBXReferenceProxy;
			fileType = wrapper.cfbundle;
			path = "Result-iOSTests.xctest";
			remoteRef = 52D461C41AD6287100614571 /* PBXContainerItemProxy */;
			sourceTree = BUILT_PRODUCTS_DIR;
		};
		52D461C71AD6287100614571 /* Result.framework */ = {
			isa = PBXReferenceProxy;
			fileType = wrapper.framework;
			path = Result.framework;
			remoteRef = 52D461C61AD6287100614571 /* PBXContainerItemProxy */;
			sourceTree = BUILT_PRODUCTS_DIR;
		};
		52D461C91AD6287100614571 /* Result-MacTests.xctest */ = {
			isa = PBXReferenceProxy;
			fileType = wrapper.cfbundle;
			path = "Result-MacTests.xctest";
			remoteRef = 52D461C81AD6287100614571 /* PBXContainerItemProxy */;
			sourceTree = BUILT_PRODUCTS_DIR;
		};
/* End PBXReferenceProxy section */

/* Begin PBXResourcesBuildPhase section */
		1CD8E2901AC37CF70035F303 /* Resources */ = {
			isa = PBXResourcesBuildPhase;
			buildActionMask = 2147483647;
			files = (
			);
			runOnlyForDeploymentPostprocessing = 0;
		};
		1CD8E29B1AC37CF70035F303 /* Resources */ = {
			isa = PBXResourcesBuildPhase;
			buildActionMask = 2147483647;
			files = (
				1CD8E2B71AC37D4D0035F303 /* sample.JSON in Resources */,
				1CAB14651AD8158500CADE7E /* sampleNoWhiteSpace.JSON in Resources */,
			);
			runOnlyForDeploymentPostprocessing = 0;
		};
		DBE2CD3F1B176CF6007E1499 /* Resources */ = {
			isa = PBXResourcesBuildPhase;
			buildActionMask = 2147483647;
			files = (
			);
			runOnlyForDeploymentPostprocessing = 0;
		};
		DBE2CD491B176CF6007E1499 /* Resources */ = {
			isa = PBXResourcesBuildPhase;
			buildActionMask = 2147483647;
			files = (
				DBE2CD5B1B176EC2007E1499 /* sample.JSON in Resources */,
				DBE2CD5C1B176EC2007E1499 /* sampleNoWhiteSpace.JSON in Resources */,
			);
			runOnlyForDeploymentPostprocessing = 0;
		};
/* End PBXResourcesBuildPhase section */

/* Begin PBXSourcesBuildPhase section */
		1CD8E28D1AC37CF70035F303 /* Sources */ = {
			isa = PBXSourcesBuildPhase;
			buildActionMask = 2147483647;
			files = (
				DB529D2A1B0C05CC00DD74D7 /* JSONLiteralConvertible.swift in Sources */,
				1CD8E2B51AC37D110035F303 /* JSONDecodable.swift in Sources */,
				1CD8E2B31AC37D110035F303 /* JSONResult.swift in Sources */,
				52875A2C1B1F8D760090E5C5 /* ResultFlatMapping.swift in Sources */,
				52875A291B1F8B300090E5C5 /* ResultSequences.swift in Sources */,
				522975AA1AE2EB1E0037260D /* JSONParser.swift in Sources */,
				1CD8E2B21AC37D110035F303 /* JSON.swift in Sources */,
				52875A241B1F89C60090E5C5 /* ResultMapping.swift in Sources */,
				DB529D2F1B0C05FD00DD74D7 /* Dictionary.swift in Sources */,
			);
			runOnlyForDeploymentPostprocessing = 0;
		};
		1CD8E2991AC37CF70035F303 /* Sources */ = {
			isa = PBXSourcesBuildPhase;
			buildActionMask = 2147483647;
			files = (
				522975AF1AE2EED30037260D /* JSONParserTests.swift in Sources */,
				DB2688C31B0CCFCA00435BEE /* JSONTypeTests.swift in Sources */,
				1CD8E2B91AC37D550035F303 /* Person.swift in Sources */,
				1CD8E2A51AC37CF70035F303 /* BNRSwiftJSONTests.swift in Sources */,
			);
			runOnlyForDeploymentPostprocessing = 0;
		};
		DBE2CD3C1B176CF6007E1499 /* Sources */ = {
			isa = PBXSourcesBuildPhase;
			buildActionMask = 2147483647;
			files = (
				DBE2CD621B176ED5007E1499 /* JSONResult.swift in Sources */,
				DBE2CD651B176ED5007E1499 /* JSONLiteralConvertible.swift in Sources */,
				DBE2CD641B176ED5007E1499 /* JSONDecodable.swift in Sources */,
				52875A2D1B1F8D760090E5C5 /* ResultFlatMapping.swift in Sources */,
				52875A2A1B1F8B300090E5C5 /* ResultSequences.swift in Sources */,
				DBE2CD601B176ED5007E1499 /* Dictionary.swift in Sources */,
				DBE2CD631B176ED5007E1499 /* JSONParser.swift in Sources */,
				52875A261B1F8A140090E5C5 /* ResultMapping.swift in Sources */,
				DBE2CD611B176ED5007E1499 /* JSON.swift in Sources */,
			);
			runOnlyForDeploymentPostprocessing = 0;
		};
		DBE2CD471B176CF6007E1499 /* Sources */ = {
			isa = PBXSourcesBuildPhase;
			buildActionMask = 2147483647;
			files = (
				DBE2CD5E1B176EC8007E1499 /* JSONParserTests.swift in Sources */,
				DBE2CD5F1B176EC8007E1499 /* JSONTypeTests.swift in Sources */,
				52875A271B1F8ABF0090E5C5 /* BNRSwiftJSONTests.swift in Sources */,
				DBE2CD5D1B176EC5007E1499 /* Person.swift in Sources */,
			);
			runOnlyForDeploymentPostprocessing = 0;
		};
/* End PBXSourcesBuildPhase section */

/* Begin PBXTargetDependency section */
		1CD8E2A01AC37CF70035F303 /* PBXTargetDependency */ = {
			isa = PBXTargetDependency;
			target = 1CD8E2911AC37CF70035F303 /* BNRSwiftJSON-iOS */;
			targetProxy = 1CD8E29F1AC37CF70035F303 /* PBXContainerItemProxy */;
		};
		DBE2CD4E1B176CF6007E1499 /* PBXTargetDependency */ = {
			isa = PBXTargetDependency;
			target = DBE2CD401B176CF6007E1499 /* BNRSwiftJSON-Mac */;
			targetProxy = DBE2CD4D1B176CF6007E1499 /* PBXContainerItemProxy */;
		};
/* End PBXTargetDependency section */

/* Begin XCBuildConfiguration section */
		1CD8E2A61AC37CF70035F303 /* Debug */ = {
			isa = XCBuildConfiguration;
			buildSettings = {
				ALWAYS_SEARCH_USER_PATHS = NO;
				CLANG_CXX_LANGUAGE_STANDARD = "gnu++0x";
				CLANG_CXX_LIBRARY = "libc++";
				CLANG_ENABLE_MODULES = YES;
				CLANG_ENABLE_OBJC_ARC = YES;
				CLANG_WARN_BOOL_CONVERSION = YES;
				CLANG_WARN_CONSTANT_CONVERSION = YES;
				CLANG_WARN_DIRECT_OBJC_ISA_USAGE = YES_ERROR;
				CLANG_WARN_EMPTY_BODY = YES;
				CLANG_WARN_ENUM_CONVERSION = YES;
				CLANG_WARN_INT_CONVERSION = YES;
				CLANG_WARN_OBJC_ROOT_CLASS = YES_ERROR;
				CLANG_WARN_UNREACHABLE_CODE = YES;
				CLANG_WARN__DUPLICATE_METHOD_MATCH = YES;
				"CODE_SIGN_IDENTITY[sdk=iphoneos*]" = "iPhone Developer";
				COPY_PHASE_STRIP = NO;
				CURRENT_PROJECT_VERSION = 1;
				DEBUG_INFORMATION_FORMAT = "dwarf-with-dsym";
				ENABLE_STRICT_OBJC_MSGSEND = YES;
				GCC_C_LANGUAGE_STANDARD = gnu99;
				GCC_DYNAMIC_NO_PIC = NO;
				GCC_NO_COMMON_BLOCKS = YES;
				GCC_OPTIMIZATION_LEVEL = 0;
				GCC_PREPROCESSOR_DEFINITIONS = (
					"DEBUG=1",
					"$(inherited)",
				);
				GCC_SYMBOLS_PRIVATE_EXTERN = NO;
				GCC_WARN_64_TO_32_BIT_CONVERSION = YES;
				GCC_WARN_ABOUT_RETURN_TYPE = YES_ERROR;
				GCC_WARN_UNDECLARED_SELECTOR = YES;
				GCC_WARN_UNINITIALIZED_AUTOS = YES_AGGRESSIVE;
				GCC_WARN_UNUSED_FUNCTION = YES;
				GCC_WARN_UNUSED_VARIABLE = YES;
				IPHONEOS_DEPLOYMENT_TARGET = 8.3;
				MACOSX_DEPLOYMENT_TARGET = 10.9;
				MTL_ENABLE_DEBUG_INFO = YES;
				ONLY_ACTIVE_ARCH = YES;
				SDKROOT = iphoneos;
				SWIFT_OPTIMIZATION_LEVEL = "-Onone";
				TARGETED_DEVICE_FAMILY = "1,2";
				VERSIONING_SYSTEM = "apple-generic";
				VERSION_INFO_PREFIX = "";
			};
			name = Debug;
		};
		1CD8E2A71AC37CF70035F303 /* Release */ = {
			isa = XCBuildConfiguration;
			buildSettings = {
				ALWAYS_SEARCH_USER_PATHS = NO;
				CLANG_CXX_LANGUAGE_STANDARD = "gnu++0x";
				CLANG_CXX_LIBRARY = "libc++";
				CLANG_ENABLE_MODULES = YES;
				CLANG_ENABLE_OBJC_ARC = YES;
				CLANG_WARN_BOOL_CONVERSION = YES;
				CLANG_WARN_CONSTANT_CONVERSION = YES;
				CLANG_WARN_DIRECT_OBJC_ISA_USAGE = YES_ERROR;
				CLANG_WARN_EMPTY_BODY = YES;
				CLANG_WARN_ENUM_CONVERSION = YES;
				CLANG_WARN_INT_CONVERSION = YES;
				CLANG_WARN_OBJC_ROOT_CLASS = YES_ERROR;
				CLANG_WARN_UNREACHABLE_CODE = YES;
				CLANG_WARN__DUPLICATE_METHOD_MATCH = YES;
				"CODE_SIGN_IDENTITY[sdk=iphoneos*]" = "iPhone Developer";
				COPY_PHASE_STRIP = NO;
				CURRENT_PROJECT_VERSION = 1;
				DEBUG_INFORMATION_FORMAT = "dwarf-with-dsym";
				ENABLE_NS_ASSERTIONS = NO;
				ENABLE_STRICT_OBJC_MSGSEND = YES;
				GCC_C_LANGUAGE_STANDARD = gnu99;
				GCC_NO_COMMON_BLOCKS = YES;
				GCC_WARN_64_TO_32_BIT_CONVERSION = YES;
				GCC_WARN_ABOUT_RETURN_TYPE = YES_ERROR;
				GCC_WARN_UNDECLARED_SELECTOR = YES;
				GCC_WARN_UNINITIALIZED_AUTOS = YES_AGGRESSIVE;
				GCC_WARN_UNUSED_FUNCTION = YES;
				GCC_WARN_UNUSED_VARIABLE = YES;
				IPHONEOS_DEPLOYMENT_TARGET = 8.3;
				MACOSX_DEPLOYMENT_TARGET = 10.9;
				MTL_ENABLE_DEBUG_INFO = NO;
				SDKROOT = iphoneos;
				TARGETED_DEVICE_FAMILY = "1,2";
				VALIDATE_PRODUCT = YES;
				VERSIONING_SYSTEM = "apple-generic";
				VERSION_INFO_PREFIX = "";
			};
			name = Release;
		};
		1CD8E2A91AC37CF70035F303 /* Debug */ = {
			isa = XCBuildConfiguration;
			buildSettings = {
				APPLICATION_EXTENSION_API_ONLY = YES;
				CLANG_ENABLE_MODULES = YES;
				DEFINES_MODULE = YES;
				DYLIB_COMPATIBILITY_VERSION = 1;
				DYLIB_CURRENT_VERSION = 1;
				DYLIB_INSTALL_NAME_BASE = "@rpath";
				INFOPLIST_FILE = BNRSwiftJSON/Info.plist;
				INSTALL_PATH = "$(LOCAL_LIBRARY_DIR)/Frameworks";
				LD_RUNPATH_SEARCH_PATHS = "$(inherited) @executable_path/Frameworks @loader_path/Frameworks";
				PRODUCT_NAME = BNRSwiftJSON;
				SKIP_INSTALL = YES;
				SWIFT_OPTIMIZATION_LEVEL = "-Onone";
			};
			name = Debug;
		};
		1CD8E2AA1AC37CF70035F303 /* Release */ = {
			isa = XCBuildConfiguration;
			buildSettings = {
				APPLICATION_EXTENSION_API_ONLY = YES;
				CLANG_ENABLE_MODULES = YES;
				DEFINES_MODULE = YES;
				DYLIB_COMPATIBILITY_VERSION = 1;
				DYLIB_CURRENT_VERSION = 1;
				DYLIB_INSTALL_NAME_BASE = "@rpath";
				INFOPLIST_FILE = BNRSwiftJSON/Info.plist;
				INSTALL_PATH = "$(LOCAL_LIBRARY_DIR)/Frameworks";
				LD_RUNPATH_SEARCH_PATHS = "$(inherited) @executable_path/Frameworks @loader_path/Frameworks";
				PRODUCT_NAME = BNRSwiftJSON;
				SKIP_INSTALL = YES;
			};
			name = Release;
		};
		1CD8E2AC1AC37CF70035F303 /* Debug */ = {
			isa = XCBuildConfiguration;
			buildSettings = {
				FRAMEWORK_SEARCH_PATHS = (
					"$(SDKROOT)/Developer/Library/Frameworks",
					"$(inherited)",
				);
				GCC_PREPROCESSOR_DEFINITIONS = (
					"DEBUG=1",
					"$(inherited)",
				);
				INFOPLIST_FILE = BNRSwiftJSONTests/Info.plist;
				LD_RUNPATH_SEARCH_PATHS = "$(inherited) @executable_path/Frameworks @loader_path/Frameworks";
				PRODUCT_NAME = "$(TARGET_NAME)";
			};
			name = Debug;
		};
		1CD8E2AD1AC37CF70035F303 /* Release */ = {
			isa = XCBuildConfiguration;
			buildSettings = {
				FRAMEWORK_SEARCH_PATHS = (
					"$(SDKROOT)/Developer/Library/Frameworks",
					"$(inherited)",
				);
				INFOPLIST_FILE = BNRSwiftJSONTests/Info.plist;
				LD_RUNPATH_SEARCH_PATHS = "$(inherited) @executable_path/Frameworks @loader_path/Frameworks";
				PRODUCT_NAME = "$(TARGET_NAME)";
			};
			name = Release;
		};
		DBE2CD551B176CF6007E1499 /* Debug */ = {
			isa = XCBuildConfiguration;
			buildSettings = {
				APPLICATION_EXTENSION_API_ONLY = YES;
				COMBINE_HIDPI_IMAGES = YES;
				DEBUG_INFORMATION_FORMAT = dwarf;
				DEFINES_MODULE = YES;
				DYLIB_COMPATIBILITY_VERSION = 1;
				DYLIB_CURRENT_VERSION = 1;
				DYLIB_INSTALL_NAME_BASE = "@rpath";
				FRAMEWORK_VERSION = A;
				GCC_PREPROCESSOR_DEFINITIONS = (
					"DEBUG=1",
					"$(inherited)",
				);
				INFOPLIST_FILE = BNRSwiftJSON/Info.plist;
				INSTALL_PATH = "$(LOCAL_LIBRARY_DIR)/Frameworks";
				LD_RUNPATH_SEARCH_PATHS = "$(inherited) @executable_path/../Frameworks @loader_path/Frameworks";
				PRODUCT_NAME = BNRSwiftJSON;
				SDKROOT = macosx;
				SKIP_INSTALL = YES;
			};
			name = Debug;
		};
		DBE2CD561B176CF6007E1499 /* Release */ = {
			isa = XCBuildConfiguration;
			buildSettings = {
				APPLICATION_EXTENSION_API_ONLY = YES;
				COMBINE_HIDPI_IMAGES = YES;
				DEFINES_MODULE = YES;
				DYLIB_COMPATIBILITY_VERSION = 1;
				DYLIB_CURRENT_VERSION = 1;
				DYLIB_INSTALL_NAME_BASE = "@rpath";
				FRAMEWORK_VERSION = A;
				INFOPLIST_FILE = BNRSwiftJSON/Info.plist;
				INSTALL_PATH = "$(LOCAL_LIBRARY_DIR)/Frameworks";
				LD_RUNPATH_SEARCH_PATHS = "$(inherited) @executable_path/../Frameworks @loader_path/Frameworks";
				PRODUCT_NAME = BNRSwiftJSON;
				SDKROOT = macosx;
				SKIP_INSTALL = YES;
			};
			name = Release;
		};
		DBE2CD581B176CF6007E1499 /* Debug */ = {
			isa = XCBuildConfiguration;
			buildSettings = {
				COMBINE_HIDPI_IMAGES = YES;
				DEBUG_INFORMATION_FORMAT = dwarf;
				FRAMEWORK_SEARCH_PATHS = (
					"$(DEVELOPER_FRAMEWORKS_DIR)",
					"$(inherited)",
				);
				GCC_PREPROCESSOR_DEFINITIONS = (
					"DEBUG=1",
					"$(inherited)",
				);
				INFOPLIST_FILE = BNRSwiftJSONTests/Info.plist;
				LD_RUNPATH_SEARCH_PATHS = "$(inherited) @executable_path/../Frameworks @loader_path/../Frameworks";
				MACOSX_DEPLOYMENT_TARGET = 10.10;
				PRODUCT_NAME = "$(TARGET_NAME)";
				SDKROOT = macosx;
			};
			name = Debug;
		};
		DBE2CD591B176CF6007E1499 /* Release */ = {
			isa = XCBuildConfiguration;
			buildSettings = {
				COMBINE_HIDPI_IMAGES = YES;
				FRAMEWORK_SEARCH_PATHS = (
					"$(DEVELOPER_FRAMEWORKS_DIR)",
					"$(inherited)",
				);
				INFOPLIST_FILE = BNRSwiftJSONTests/Info.plist;
				LD_RUNPATH_SEARCH_PATHS = "$(inherited) @executable_path/../Frameworks @loader_path/../Frameworks";
				MACOSX_DEPLOYMENT_TARGET = 10.10;
				PRODUCT_NAME = "$(TARGET_NAME)";
				SDKROOT = macosx;
			};
			name = Release;
		};
/* End XCBuildConfiguration section */

/* Begin XCConfigurationList section */
		1CD8E28C1AC37CF70035F303 /* Build configuration list for PBXProject "BNRSwiftJSON" */ = {
			isa = XCConfigurationList;
			buildConfigurations = (
				1CD8E2A61AC37CF70035F303 /* Debug */,
				1CD8E2A71AC37CF70035F303 /* Release */,
			);
			defaultConfigurationIsVisible = 0;
			defaultConfigurationName = Release;
		};
		1CD8E2A81AC37CF70035F303 /* Build configuration list for PBXNativeTarget "BNRSwiftJSON-iOS" */ = {
			isa = XCConfigurationList;
			buildConfigurations = (
				1CD8E2A91AC37CF70035F303 /* Debug */,
				1CD8E2AA1AC37CF70035F303 /* Release */,
			);
			defaultConfigurationIsVisible = 0;
			defaultConfigurationName = Release;
		};
		1CD8E2AB1AC37CF70035F303 /* Build configuration list for PBXNativeTarget "BNRSwiftJSON-iOSTests" */ = {
			isa = XCConfigurationList;
			buildConfigurations = (
				1CD8E2AC1AC37CF70035F303 /* Debug */,
				1CD8E2AD1AC37CF70035F303 /* Release */,
			);
			defaultConfigurationIsVisible = 0;
			defaultConfigurationName = Release;
		};
		DBE2CD541B176CF6007E1499 /* Build configuration list for PBXNativeTarget "BNRSwiftJSON-Mac" */ = {
			isa = XCConfigurationList;
			buildConfigurations = (
				DBE2CD551B176CF6007E1499 /* Debug */,
				DBE2CD561B176CF6007E1499 /* Release */,
			);
			defaultConfigurationIsVisible = 0;
			defaultConfigurationName = Release;
		};
		DBE2CD571B176CF6007E1499 /* Build configuration list for PBXNativeTarget "BNRSwiftJSON-MacTests" */ = {
			isa = XCConfigurationList;
			buildConfigurations = (
				DBE2CD581B176CF6007E1499 /* Debug */,
				DBE2CD591B176CF6007E1499 /* Release */,
			);
			defaultConfigurationIsVisible = 0;
			defaultConfigurationName = Release;
		};
/* End XCConfigurationList section */
	};
	rootObject = 1CD8E2891AC37CF70035F303 /* Project object */;
}
