// !$*UTF8*$!
{
	archiveVersion = 1;
	classes = {
	};
	objectVersion = 46;
	objects = {

/* Begin PBXBuildFile section */
		DB6ADF231C23610B00D77BF1 /* Freddy.h in Headers */ = {isa = PBXBuildFile; fileRef = DB6ADF221C23610B00D77BF1 /* Freddy.h */; settings = {ATTRIBUTES = (Public, ); }; };
		DB6ADF2A1C23610B00D77BF1 /* Freddy.framework in Frameworks */ = {isa = PBXBuildFile; fileRef = DB6ADF1F1C23610B00D77BF1 /* Freddy.framework */; };
		DB6ADF481C23612000D77BF1 /* Freddy.framework in Frameworks */ = {isa = PBXBuildFile; fileRef = DB6ADF3E1C23612000D77BF1 /* Freddy.framework */; };
		DB6ADF641C23612A00D77BF1 /* Freddy.framework in Frameworks */ = {isa = PBXBuildFile; fileRef = DB6ADF5A1C23612900D77BF1 /* Freddy.framework */; };
		DB6ADF841C23625800D77BF1 /* Freddy.h in Headers */ = {isa = PBXBuildFile; fileRef = DB6ADF221C23610B00D77BF1 /* Freddy.h */; settings = {ATTRIBUTES = (Public, ); }; };
		DB6ADF851C23625800D77BF1 /* Freddy.h in Headers */ = {isa = PBXBuildFile; fileRef = DB6ADF221C23610B00D77BF1 /* Freddy.h */; settings = {ATTRIBUTES = (Public, ); }; };
		DB6ADF881C23627500D77BF1 /* Freddy.h in Headers */ = {isa = PBXBuildFile; fileRef = DB6ADF221C23610B00D77BF1 /* Freddy.h */; settings = {ATTRIBUTES = (Public, ); }; };
		DB6ADF901C2362E000D77BF1 /* JSON.swift in Sources */ = {isa = PBXBuildFile; fileRef = DB6ADF891C2362E000D77BF1 /* JSON.swift */; };
		DB6ADF911C2362E000D77BF1 /* JSON.swift in Sources */ = {isa = PBXBuildFile; fileRef = DB6ADF891C2362E000D77BF1 /* JSON.swift */; };
		DB6ADF921C2362E000D77BF1 /* JSON.swift in Sources */ = {isa = PBXBuildFile; fileRef = DB6ADF891C2362E000D77BF1 /* JSON.swift */; };
		DB6ADF931C2362E000D77BF1 /* JSON.swift in Sources */ = {isa = PBXBuildFile; fileRef = DB6ADF891C2362E000D77BF1 /* JSON.swift */; };
		DB6ADF941C2362E000D77BF1 /* JSONDecodable.swift in Sources */ = {isa = PBXBuildFile; fileRef = DB6ADF8A1C2362E000D77BF1 /* JSONDecodable.swift */; };
		DB6ADF951C2362E000D77BF1 /* JSONDecodable.swift in Sources */ = {isa = PBXBuildFile; fileRef = DB6ADF8A1C2362E000D77BF1 /* JSONDecodable.swift */; };
		DB6ADF961C2362E000D77BF1 /* JSONDecodable.swift in Sources */ = {isa = PBXBuildFile; fileRef = DB6ADF8A1C2362E000D77BF1 /* JSONDecodable.swift */; };
		DB6ADF971C2362E000D77BF1 /* JSONDecodable.swift in Sources */ = {isa = PBXBuildFile; fileRef = DB6ADF8A1C2362E000D77BF1 /* JSONDecodable.swift */; };
		DB6ADF981C2362E000D77BF1 /* JSONLiteralConvertible.swift in Sources */ = {isa = PBXBuildFile; fileRef = DB6ADF8B1C2362E000D77BF1 /* JSONLiteralConvertible.swift */; };
		DB6ADF991C2362E000D77BF1 /* JSONLiteralConvertible.swift in Sources */ = {isa = PBXBuildFile; fileRef = DB6ADF8B1C2362E000D77BF1 /* JSONLiteralConvertible.swift */; };
		DB6ADF9A1C2362E000D77BF1 /* JSONLiteralConvertible.swift in Sources */ = {isa = PBXBuildFile; fileRef = DB6ADF8B1C2362E000D77BF1 /* JSONLiteralConvertible.swift */; };
		DB6ADF9B1C2362E000D77BF1 /* JSONLiteralConvertible.swift in Sources */ = {isa = PBXBuildFile; fileRef = DB6ADF8B1C2362E000D77BF1 /* JSONLiteralConvertible.swift */; };
		DB6ADF9C1C2362E000D77BF1 /* JSONParser.swift in Sources */ = {isa = PBXBuildFile; fileRef = DB6ADF8C1C2362E000D77BF1 /* JSONParser.swift */; };
		DB6ADF9D1C2362E000D77BF1 /* JSONParser.swift in Sources */ = {isa = PBXBuildFile; fileRef = DB6ADF8C1C2362E000D77BF1 /* JSONParser.swift */; };
		DB6ADF9E1C2362E000D77BF1 /* JSONParser.swift in Sources */ = {isa = PBXBuildFile; fileRef = DB6ADF8C1C2362E000D77BF1 /* JSONParser.swift */; };
		DB6ADF9F1C2362E000D77BF1 /* JSONParser.swift in Sources */ = {isa = PBXBuildFile; fileRef = DB6ADF8C1C2362E000D77BF1 /* JSONParser.swift */; };
		DB6ADFA01C2362E000D77BF1 /* JSONParsing.swift in Sources */ = {isa = PBXBuildFile; fileRef = DB6ADF8D1C2362E000D77BF1 /* JSONParsing.swift */; };
		DB6ADFA11C2362E000D77BF1 /* JSONParsing.swift in Sources */ = {isa = PBXBuildFile; fileRef = DB6ADF8D1C2362E000D77BF1 /* JSONParsing.swift */; };
		DB6ADFA21C2362E000D77BF1 /* JSONParsing.swift in Sources */ = {isa = PBXBuildFile; fileRef = DB6ADF8D1C2362E000D77BF1 /* JSONParsing.swift */; };
		DB6ADFA31C2362E000D77BF1 /* JSONParsing.swift in Sources */ = {isa = PBXBuildFile; fileRef = DB6ADF8D1C2362E000D77BF1 /* JSONParsing.swift */; };
		DB6ADFA41C2362E000D77BF1 /* JSONSequences.swift in Sources */ = {isa = PBXBuildFile; fileRef = DB6ADF8E1C2362E000D77BF1 /* JSONSequences.swift */; };
		DB6ADFA51C2362E000D77BF1 /* JSONSequences.swift in Sources */ = {isa = PBXBuildFile; fileRef = DB6ADF8E1C2362E000D77BF1 /* JSONSequences.swift */; };
		DB6ADFA61C2362E000D77BF1 /* JSONSequences.swift in Sources */ = {isa = PBXBuildFile; fileRef = DB6ADF8E1C2362E000D77BF1 /* JSONSequences.swift */; };
		DB6ADFA71C2362E000D77BF1 /* JSONSequences.swift in Sources */ = {isa = PBXBuildFile; fileRef = DB6ADF8E1C2362E000D77BF1 /* JSONSequences.swift */; };
		DB6ADFA81C2362E000D77BF1 /* JSONSubscripting.swift in Sources */ = {isa = PBXBuildFile; fileRef = DB6ADF8F1C2362E000D77BF1 /* JSONSubscripting.swift */; };
		DB6ADFA91C2362E000D77BF1 /* JSONSubscripting.swift in Sources */ = {isa = PBXBuildFile; fileRef = DB6ADF8F1C2362E000D77BF1 /* JSONSubscripting.swift */; };
		DB6ADFAA1C2362E000D77BF1 /* JSONSubscripting.swift in Sources */ = {isa = PBXBuildFile; fileRef = DB6ADF8F1C2362E000D77BF1 /* JSONSubscripting.swift */; };
		DB6ADFAB1C2362E000D77BF1 /* JSONSubscripting.swift in Sources */ = {isa = PBXBuildFile; fileRef = DB6ADF8F1C2362E000D77BF1 /* JSONSubscripting.swift */; };
		DB6ADFB11C2362FF00D77BF1 /* JSONDecodableTests.swift in Sources */ = {isa = PBXBuildFile; fileRef = DB6ADFAC1C2362FF00D77BF1 /* JSONDecodableTests.swift */; };
		DB6ADFB21C2362FF00D77BF1 /* JSONDecodableTests.swift in Sources */ = {isa = PBXBuildFile; fileRef = DB6ADFAC1C2362FF00D77BF1 /* JSONDecodableTests.swift */; };
		DB6ADFB31C2362FF00D77BF1 /* JSONDecodableTests.swift in Sources */ = {isa = PBXBuildFile; fileRef = DB6ADFAC1C2362FF00D77BF1 /* JSONDecodableTests.swift */; };
		DB6ADFB41C2362FF00D77BF1 /* JSONParserTests.swift in Sources */ = {isa = PBXBuildFile; fileRef = DB6ADFAD1C2362FF00D77BF1 /* JSONParserTests.swift */; };
		DB6ADFB51C2362FF00D77BF1 /* JSONParserTests.swift in Sources */ = {isa = PBXBuildFile; fileRef = DB6ADFAD1C2362FF00D77BF1 /* JSONParserTests.swift */; };
		DB6ADFB61C2362FF00D77BF1 /* JSONParserTests.swift in Sources */ = {isa = PBXBuildFile; fileRef = DB6ADFAD1C2362FF00D77BF1 /* JSONParserTests.swift */; };
		DB6ADFB71C2362FF00D77BF1 /* JSONSubscriptTests.swift in Sources */ = {isa = PBXBuildFile; fileRef = DB6ADFAE1C2362FF00D77BF1 /* JSONSubscriptTests.swift */; };
		DB6ADFB81C2362FF00D77BF1 /* JSONSubscriptTests.swift in Sources */ = {isa = PBXBuildFile; fileRef = DB6ADFAE1C2362FF00D77BF1 /* JSONSubscriptTests.swift */; };
		DB6ADFB91C2362FF00D77BF1 /* JSONSubscriptTests.swift in Sources */ = {isa = PBXBuildFile; fileRef = DB6ADFAE1C2362FF00D77BF1 /* JSONSubscriptTests.swift */; };
		DB6ADFBA1C2362FF00D77BF1 /* JSONTypeTests.swift in Sources */ = {isa = PBXBuildFile; fileRef = DB6ADFAF1C2362FF00D77BF1 /* JSONTypeTests.swift */; };
		DB6ADFBB1C2362FF00D77BF1 /* JSONTypeTests.swift in Sources */ = {isa = PBXBuildFile; fileRef = DB6ADFAF1C2362FF00D77BF1 /* JSONTypeTests.swift */; };
		DB6ADFBC1C2362FF00D77BF1 /* JSONTypeTests.swift in Sources */ = {isa = PBXBuildFile; fileRef = DB6ADFAF1C2362FF00D77BF1 /* JSONTypeTests.swift */; };
		DB6ADFBD1C2362FF00D77BF1 /* Person.swift in Sources */ = {isa = PBXBuildFile; fileRef = DB6ADFB01C2362FF00D77BF1 /* Person.swift */; };
		DB6ADFBE1C2362FF00D77BF1 /* Person.swift in Sources */ = {isa = PBXBuildFile; fileRef = DB6ADFB01C2362FF00D77BF1 /* Person.swift */; };
		DB6ADFBF1C2362FF00D77BF1 /* Person.swift in Sources */ = {isa = PBXBuildFile; fileRef = DB6ADFB01C2362FF00D77BF1 /* Person.swift */; };
		DB6ADFC31C23631500D77BF1 /* sample.JSON in Resources */ = {isa = PBXBuildFile; fileRef = DB6ADFC11C23631500D77BF1 /* sample.JSON */; };
		DB6ADFC41C23631500D77BF1 /* sample.JSON in Resources */ = {isa = PBXBuildFile; fileRef = DB6ADFC11C23631500D77BF1 /* sample.JSON */; };
		DB6ADFC51C23631500D77BF1 /* sample.JSON in Resources */ = {isa = PBXBuildFile; fileRef = DB6ADFC11C23631500D77BF1 /* sample.JSON */; };
		DB6ADFC61C23631500D77BF1 /* sampleNoWhiteSpace.JSON in Resources */ = {isa = PBXBuildFile; fileRef = DB6ADFC21C23631500D77BF1 /* sampleNoWhiteSpace.JSON */; };
		DB6ADFC71C23631500D77BF1 /* sampleNoWhiteSpace.JSON in Resources */ = {isa = PBXBuildFile; fileRef = DB6ADFC21C23631500D77BF1 /* sampleNoWhiteSpace.JSON */; };
		DB6ADFC81C23631500D77BF1 /* sampleNoWhiteSpace.JSON in Resources */ = {isa = PBXBuildFile; fileRef = DB6ADFC21C23631500D77BF1 /* sampleNoWhiteSpace.JSON */; };
		DBE4CD0A1C39653C007E71D9 /* AppDelegate.swift in Sources */ = {isa = PBXBuildFile; fileRef = DBE4CD091C39653C007E71D9 /* AppDelegate.swift */; };
		DBE4CD0C1C39653C007E71D9 /* Assets.xcassets in Resources */ = {isa = PBXBuildFile; fileRef = DBE4CD0B1C39653C007E71D9 /* Assets.xcassets */; };
		DBE4CD0F1C39653C007E71D9 /* MainMenu.xib in Resources */ = {isa = PBXBuildFile; fileRef = DBE4CD0D1C39653C007E71D9 /* MainMenu.xib */; };
		DBE4CD141C396546007E71D9 /* Freddy.framework in Frameworks */ = {isa = PBXBuildFile; fileRef = DB6ADF3E1C23612000D77BF1 /* Freddy.framework */; };
		DBE4CD151C396546007E71D9 /* Freddy.framework in Embed Frameworks */ = {isa = PBXBuildFile; fileRef = DB6ADF3E1C23612000D77BF1 /* Freddy.framework */; settings = {ATTRIBUTES = (CodeSignOnCopy, RemoveHeadersOnCopy, ); }; };
		DBE4CD1B1C396553007E71D9 /* Benchmark in Resources */ = {isa = PBXBuildFile; fileRef = DBF9D62A1C3872C70038E08E /* Benchmark */; };
		DBE4CD1C1C396567007E71D9 /* Card.swift in Sources */ = {isa = PBXBuildFile; fileRef = DBF9D61D1C3872A20038E08E /* Card.swift */; };
		DBE4CD1D1C396567007E71D9 /* CardSet.swift in Sources */ = {isa = PBXBuildFile; fileRef = DBF9D6201C3872A20038E08E /* CardSet.swift */; };
		DBE4CD1E1C396567007E71D9 /* ReleaseDate.swift in Sources */ = {isa = PBXBuildFile; fileRef = DBF9D6241C3872A20038E08E /* ReleaseDate.swift */; };
		DBE4CD201C3965A2007E71D9 /* CardUtilities.m in Sources */ = {isa = PBXBuildFile; fileRef = DBF9D6221C3872A20038E08E /* CardUtilities.m */; };
		DBF9D6271C3872BB0038E08E /* Benchmark.swift in Sources */ = {isa = PBXBuildFile; fileRef = DBF9D6261C3872BB0038E08E /* Benchmark.swift */; };
		DBF9D6281C3872BB0038E08E /* Benchmark.swift in Sources */ = {isa = PBXBuildFile; fileRef = DBF9D6261C3872BB0038E08E /* Benchmark.swift */; };
		DBF9D6291C3872BB0038E08E /* Benchmark.swift in Sources */ = {isa = PBXBuildFile; fileRef = DBF9D6261C3872BB0038E08E /* Benchmark.swift */; };
		DBF9D62B1C3872C70038E08E /* Benchmark in Resources */ = {isa = PBXBuildFile; fileRef = DBF9D62A1C3872C70038E08E /* Benchmark */; };
		DBF9D62C1C3872C70038E08E /* Benchmark in Resources */ = {isa = PBXBuildFile; fileRef = DBF9D62A1C3872C70038E08E /* Benchmark */; };
		DBF9D62D1C3872C70038E08E /* Benchmark in Resources */ = {isa = PBXBuildFile; fileRef = DBF9D62A1C3872C70038E08E /* Benchmark */; };
		DBF9D62E1C3872E40038E08E /* Card.m in Sources */ = {isa = PBXBuildFile; fileRef = DBF9D61C1C3872A20038E08E /* Card.m */; };
		DBF9D62F1C3872E40038E08E /* Card.swift in Sources */ = {isa = PBXBuildFile; fileRef = DBF9D61D1C3872A20038E08E /* Card.swift */; };
		DBF9D6301C3872E40038E08E /* CardSet.m in Sources */ = {isa = PBXBuildFile; fileRef = DBF9D61F1C3872A20038E08E /* CardSet.m */; };
		DBF9D6311C3872E40038E08E /* CardSet.swift in Sources */ = {isa = PBXBuildFile; fileRef = DBF9D6201C3872A20038E08E /* CardSet.swift */; };
		DBF9D6321C3872E40038E08E /* CardUtilities.m in Sources */ = {isa = PBXBuildFile; fileRef = DBF9D6221C3872A20038E08E /* CardUtilities.m */; };
		DBF9D6331C3872E40038E08E /* ReleaseDate.swift in Sources */ = {isa = PBXBuildFile; fileRef = DBF9D6241C3872A20038E08E /* ReleaseDate.swift */; };
		DBF9D6341C3872E50038E08E /* Card.m in Sources */ = {isa = PBXBuildFile; fileRef = DBF9D61C1C3872A20038E08E /* Card.m */; };
		DBF9D6351C3872E50038E08E /* Card.swift in Sources */ = {isa = PBXBuildFile; fileRef = DBF9D61D1C3872A20038E08E /* Card.swift */; };
		DBF9D6361C3872E50038E08E /* CardSet.m in Sources */ = {isa = PBXBuildFile; fileRef = DBF9D61F1C3872A20038E08E /* CardSet.m */; };
		DBF9D6371C3872E50038E08E /* CardSet.swift in Sources */ = {isa = PBXBuildFile; fileRef = DBF9D6201C3872A20038E08E /* CardSet.swift */; };
		DBF9D6381C3872E50038E08E /* CardUtilities.m in Sources */ = {isa = PBXBuildFile; fileRef = DBF9D6221C3872A20038E08E /* CardUtilities.m */; };
		DBF9D6391C3872E50038E08E /* ReleaseDate.swift in Sources */ = {isa = PBXBuildFile; fileRef = DBF9D6241C3872A20038E08E /* ReleaseDate.swift */; };
		DBF9D63A1C3872E50038E08E /* Card.m in Sources */ = {isa = PBXBuildFile; fileRef = DBF9D61C1C3872A20038E08E /* Card.m */; };
		DBF9D63B1C3872E50038E08E /* Card.swift in Sources */ = {isa = PBXBuildFile; fileRef = DBF9D61D1C3872A20038E08E /* Card.swift */; };
		DBF9D63C1C3872E50038E08E /* CardSet.m in Sources */ = {isa = PBXBuildFile; fileRef = DBF9D61F1C3872A20038E08E /* CardSet.m */; };
		DBF9D63D1C3872E50038E08E /* CardSet.swift in Sources */ = {isa = PBXBuildFile; fileRef = DBF9D6201C3872A20038E08E /* CardSet.swift */; };
		DBF9D63E1C3872E50038E08E /* CardUtilities.m in Sources */ = {isa = PBXBuildFile; fileRef = DBF9D6221C3872A20038E08E /* CardUtilities.m */; };
		DBF9D63F1C3872E50038E08E /* ReleaseDate.swift in Sources */ = {isa = PBXBuildFile; fileRef = DBF9D6241C3872A20038E08E /* ReleaseDate.swift */; };
/* End PBXBuildFile section */

/* Begin PBXContainerItemProxy section */
		DB6ADF2B1C23610B00D77BF1 /* PBXContainerItemProxy */ = {
			isa = PBXContainerItemProxy;
			containerPortal = DB6ADF161C23610B00D77BF1 /* Project object */;
			proxyType = 1;
			remoteGlobalIDString = DB6ADF1E1C23610B00D77BF1;
			remoteInfo = Freddy;
		};
		DB6ADF491C23612000D77BF1 /* PBXContainerItemProxy */ = {
			isa = PBXContainerItemProxy;
			containerPortal = DB6ADF161C23610B00D77BF1 /* Project object */;
			proxyType = 1;
			remoteGlobalIDString = DB6ADF3D1C23612000D77BF1;
			remoteInfo = Freddy;
		};
		DB6ADF651C23612A00D77BF1 /* PBXContainerItemProxy */ = {
			isa = PBXContainerItemProxy;
			containerPortal = DB6ADF161C23610B00D77BF1 /* Project object */;
			proxyType = 1;
			remoteGlobalIDString = DB6ADF591C23612900D77BF1;
			remoteInfo = TVFreddy;
		};
		DBE4CD161C396546007E71D9 /* PBXContainerItemProxy */ = {
			isa = PBXContainerItemProxy;
			containerPortal = DB6ADF161C23610B00D77BF1 /* Project object */;
			proxyType = 1;
			remoteGlobalIDString = DB6ADF3D1C23612000D77BF1;
			remoteInfo = Freddy;
		};
		DBE4CD191C39654B007E71D9 /* PBXContainerItemProxy */ = {
			isa = PBXContainerItemProxy;
			containerPortal = DB6ADF161C23610B00D77BF1 /* Project object */;
			proxyType = 1;
			remoteGlobalIDString = DBF9D6401C3875100038E08E;
			remoteInfo = "Download Benchmark JSON";
		};
		DBF9D6461C3875280038E08E /* PBXContainerItemProxy */ = {
			isa = PBXContainerItemProxy;
			containerPortal = DB6ADF161C23610B00D77BF1 /* Project object */;
			proxyType = 1;
			remoteGlobalIDString = DBF9D6401C3875100038E08E;
			remoteInfo = "Download Benchmark JSON";
		};
		DBF9D6481C38752B0038E08E /* PBXContainerItemProxy */ = {
			isa = PBXContainerItemProxy;
			containerPortal = DB6ADF161C23610B00D77BF1 /* Project object */;
			proxyType = 1;
			remoteGlobalIDString = DBF9D6401C3875100038E08E;
			remoteInfo = "Download Benchmark JSON";
		};
		DBF9D64A1C3875390038E08E /* PBXContainerItemProxy */ = {
			isa = PBXContainerItemProxy;
			containerPortal = DB6ADF161C23610B00D77BF1 /* Project object */;
			proxyType = 1;
			remoteGlobalIDString = DBF9D6401C3875100038E08E;
			remoteInfo = "Download Benchmark JSON";
		};
/* End PBXContainerItemProxy section */

/* Begin PBXCopyFilesBuildPhase section */
		DBE4CD181C396546007E71D9 /* Embed Frameworks */ = {
			isa = PBXCopyFilesBuildPhase;
			buildActionMask = 2147483647;
			dstPath = "";
			dstSubfolderSpec = 10;
			files = (
				DBE4CD151C396546007E71D9 /* Freddy.framework in Embed Frameworks */,
			);
			name = "Embed Frameworks";
			runOnlyForDeploymentPostprocessing = 0;
		};
/* End PBXCopyFilesBuildPhase section */

/* Begin PBXFileReference section */
		DB6ADF1F1C23610B00D77BF1 /* Freddy.framework */ = {isa = PBXFileReference; explicitFileType = wrapper.framework; includeInIndex = 0; path = Freddy.framework; sourceTree = BUILT_PRODUCTS_DIR; };
		DB6ADF221C23610B00D77BF1 /* Freddy.h */ = {isa = PBXFileReference; lastKnownFileType = sourcecode.c.h; path = Freddy.h; sourceTree = "<group>"; };
		DB6ADF241C23610B00D77BF1 /* Info.plist */ = {isa = PBXFileReference; lastKnownFileType = text.plist.xml; path = Info.plist; sourceTree = "<group>"; };
		DB6ADF291C23610B00D77BF1 /* MobileFreddyTests.xctest */ = {isa = PBXFileReference; explicitFileType = wrapper.cfbundle; includeInIndex = 0; path = MobileFreddyTests.xctest; sourceTree = BUILT_PRODUCTS_DIR; };
		DB6ADF301C23610B00D77BF1 /* Info.plist */ = {isa = PBXFileReference; lastKnownFileType = text.plist.xml; path = Info.plist; sourceTree = "<group>"; };
		DB6ADF3E1C23612000D77BF1 /* Freddy.framework */ = {isa = PBXFileReference; explicitFileType = wrapper.framework; includeInIndex = 0; path = Freddy.framework; sourceTree = BUILT_PRODUCTS_DIR; };
		DB6ADF471C23612000D77BF1 /* FreddyTests.xctest */ = {isa = PBXFileReference; explicitFileType = wrapper.cfbundle; includeInIndex = 0; path = FreddyTests.xctest; sourceTree = BUILT_PRODUCTS_DIR; };
		DB6ADF5A1C23612900D77BF1 /* Freddy.framework */ = {isa = PBXFileReference; explicitFileType = wrapper.framework; includeInIndex = 0; path = Freddy.framework; sourceTree = BUILT_PRODUCTS_DIR; };
		DB6ADF631C23612A00D77BF1 /* TVFreddyTests.xctest */ = {isa = PBXFileReference; explicitFileType = wrapper.cfbundle; includeInIndex = 0; path = TVFreddyTests.xctest; sourceTree = BUILT_PRODUCTS_DIR; };
		DB6ADF761C23613200D77BF1 /* Freddy.framework */ = {isa = PBXFileReference; explicitFileType = wrapper.framework; includeInIndex = 0; path = Freddy.framework; sourceTree = BUILT_PRODUCTS_DIR; };
		DB6ADF7F1C23617500D77BF1 /* Base.xcconfig */ = {isa = PBXFileReference; lastKnownFileType = text.xcconfig; path = Base.xcconfig; sourceTree = "<group>"; };
		DB6ADF801C23617500D77BF1 /* Debug.xcconfig */ = {isa = PBXFileReference; lastKnownFileType = text.xcconfig; path = Debug.xcconfig; sourceTree = "<group>"; };
		DB6ADF811C23617500D77BF1 /* Framework.xcconfig */ = {isa = PBXFileReference; lastKnownFileType = text.xcconfig; path = Framework.xcconfig; sourceTree = "<group>"; };
		DB6ADF821C23617500D77BF1 /* Release.xcconfig */ = {isa = PBXFileReference; lastKnownFileType = text.xcconfig; path = Release.xcconfig; sourceTree = "<group>"; };
		DB6ADF831C23617500D77BF1 /* Tests.xcconfig */ = {isa = PBXFileReference; lastKnownFileType = text.xcconfig; path = Tests.xcconfig; sourceTree = "<group>"; };
		DB6ADF891C2362E000D77BF1 /* JSON.swift */ = {isa = PBXFileReference; fileEncoding = 4; lastKnownFileType = sourcecode.swift; path = JSON.swift; sourceTree = "<group>"; };
		DB6ADF8A1C2362E000D77BF1 /* JSONDecodable.swift */ = {isa = PBXFileReference; fileEncoding = 4; lastKnownFileType = sourcecode.swift; path = JSONDecodable.swift; sourceTree = "<group>"; };
		DB6ADF8B1C2362E000D77BF1 /* JSONLiteralConvertible.swift */ = {isa = PBXFileReference; fileEncoding = 4; lastKnownFileType = sourcecode.swift; path = JSONLiteralConvertible.swift; sourceTree = "<group>"; };
		DB6ADF8C1C2362E000D77BF1 /* JSONParser.swift */ = {isa = PBXFileReference; fileEncoding = 4; lastKnownFileType = sourcecode.swift; path = JSONParser.swift; sourceTree = "<group>"; };
		DB6ADF8D1C2362E000D77BF1 /* JSONParsing.swift */ = {isa = PBXFileReference; fileEncoding = 4; lastKnownFileType = sourcecode.swift; path = JSONParsing.swift; sourceTree = "<group>"; };
		DB6ADF8E1C2362E000D77BF1 /* JSONSequences.swift */ = {isa = PBXFileReference; fileEncoding = 4; lastKnownFileType = sourcecode.swift; path = JSONSequences.swift; sourceTree = "<group>"; };
		DB6ADF8F1C2362E000D77BF1 /* JSONSubscripting.swift */ = {isa = PBXFileReference; fileEncoding = 4; lastKnownFileType = sourcecode.swift; path = JSONSubscripting.swift; sourceTree = "<group>"; };
		DB6ADFAC1C2362FF00D77BF1 /* JSONDecodableTests.swift */ = {isa = PBXFileReference; fileEncoding = 4; lastKnownFileType = sourcecode.swift; path = JSONDecodableTests.swift; sourceTree = "<group>"; };
		DB6ADFAD1C2362FF00D77BF1 /* JSONParserTests.swift */ = {isa = PBXFileReference; fileEncoding = 4; lastKnownFileType = sourcecode.swift; path = JSONParserTests.swift; sourceTree = "<group>"; };
		DB6ADFAE1C2362FF00D77BF1 /* JSONSubscriptTests.swift */ = {isa = PBXFileReference; fileEncoding = 4; lastKnownFileType = sourcecode.swift; path = JSONSubscriptTests.swift; sourceTree = "<group>"; };
		DB6ADFAF1C2362FF00D77BF1 /* JSONTypeTests.swift */ = {isa = PBXFileReference; fileEncoding = 4; lastKnownFileType = sourcecode.swift; path = JSONTypeTests.swift; sourceTree = "<group>"; };
		DB6ADFB01C2362FF00D77BF1 /* Person.swift */ = {isa = PBXFileReference; fileEncoding = 4; lastKnownFileType = sourcecode.swift; path = Person.swift; sourceTree = "<group>"; };
		DB6ADFC11C23631500D77BF1 /* sample.JSON */ = {isa = PBXFileReference; fileEncoding = 4; lastKnownFileType = text.json; path = sample.JSON; sourceTree = "<group>"; };
		DB6ADFC21C23631500D77BF1 /* sampleNoWhiteSpace.JSON */ = {isa = PBXFileReference; fileEncoding = 4; lastKnownFileType = text.json; path = sampleNoWhiteSpace.JSON; sourceTree = "<group>"; };
		DBE4CD071C39653C007E71D9 /* ProfilingHarness.app */ = {isa = PBXFileReference; explicitFileType = wrapper.application; includeInIndex = 0; path = ProfilingHarness.app; sourceTree = BUILT_PRODUCTS_DIR; };
		DBE4CD091C39653C007E71D9 /* AppDelegate.swift */ = {isa = PBXFileReference; lastKnownFileType = sourcecode.swift; path = AppDelegate.swift; sourceTree = "<group>"; };
		DBE4CD0B1C39653C007E71D9 /* Assets.xcassets */ = {isa = PBXFileReference; lastKnownFileType = folder.assetcatalog; path = Assets.xcassets; sourceTree = "<group>"; };
		DBE4CD0E1C39653C007E71D9 /* Base */ = {isa = PBXFileReference; lastKnownFileType = file.xib; name = Base; path = Base.lproj/MainMenu.xib; sourceTree = "<group>"; };
		DBE4CD101C39653C007E71D9 /* Info.plist */ = {isa = PBXFileReference; lastKnownFileType = text.plist.xml; path = Info.plist; sourceTree = "<group>"; };
		DBE4CD1F1C396597007E71D9 /* ProfilingHarness-Bridging-Header.h */ = {isa = PBXFileReference; fileEncoding = 4; lastKnownFileType = sourcecode.c.h; path = "ProfilingHarness-Bridging-Header.h"; sourceTree = "<group>"; };
		DBF9D61B1C3872A20038E08E /* Card.h */ = {isa = PBXFileReference; lastKnownFileType = sourcecode.c.h; path = Card.h; sourceTree = "<group>"; };
		DBF9D61C1C3872A20038E08E /* Card.m */ = {isa = PBXFileReference; lastKnownFileType = sourcecode.c.objc; path = Card.m; sourceTree = "<group>"; };
		DBF9D61D1C3872A20038E08E /* Card.swift */ = {isa = PBXFileReference; lastKnownFileType = sourcecode.swift; path = Card.swift; sourceTree = "<group>"; };
		DBF9D61E1C3872A20038E08E /* CardSet.h */ = {isa = PBXFileReference; lastKnownFileType = sourcecode.c.h; path = CardSet.h; sourceTree = "<group>"; };
		DBF9D61F1C3872A20038E08E /* CardSet.m */ = {isa = PBXFileReference; lastKnownFileType = sourcecode.c.objc; path = CardSet.m; sourceTree = "<group>"; };
		DBF9D6201C3872A20038E08E /* CardSet.swift */ = {isa = PBXFileReference; lastKnownFileType = sourcecode.swift; path = CardSet.swift; sourceTree = "<group>"; };
		DBF9D6211C3872A20038E08E /* CardUtilities.h */ = {isa = PBXFileReference; lastKnownFileType = sourcecode.c.h; path = CardUtilities.h; sourceTree = "<group>"; };
		DBF9D6221C3872A20038E08E /* CardUtilities.m */ = {isa = PBXFileReference; lastKnownFileType = sourcecode.c.objc; path = CardUtilities.m; sourceTree = "<group>"; };
		DBF9D6231C3872A20038E08E /* FreddyTests-Bridging-Header.h */ = {isa = PBXFileReference; lastKnownFileType = sourcecode.c.h; path = "FreddyTests-Bridging-Header.h"; sourceTree = "<group>"; };
		DBF9D6241C3872A20038E08E /* ReleaseDate.swift */ = {isa = PBXFileReference; lastKnownFileType = sourcecode.swift; path = ReleaseDate.swift; sourceTree = "<group>"; };
		DBF9D6261C3872BB0038E08E /* Benchmark.swift */ = {isa = PBXFileReference; fileEncoding = 4; lastKnownFileType = sourcecode.swift; path = Benchmark.swift; sourceTree = "<group>"; };
		DBF9D62A1C3872C70038E08E /* Benchmark */ = {isa = PBXFileReference; lastKnownFileType = folder; path = Benchmark; sourceTree = "<group>"; };
/* End PBXFileReference section */

/* Begin PBXFrameworksBuildPhase section */
		DB6ADF1B1C23610B00D77BF1 /* Frameworks */ = {
			isa = PBXFrameworksBuildPhase;
			buildActionMask = 2147483647;
			files = (
			);
			runOnlyForDeploymentPostprocessing = 0;
		};
		DB6ADF261C23610B00D77BF1 /* Frameworks */ = {
			isa = PBXFrameworksBuildPhase;
			buildActionMask = 2147483647;
			files = (
				DB6ADF2A1C23610B00D77BF1 /* Freddy.framework in Frameworks */,
			);
			runOnlyForDeploymentPostprocessing = 0;
		};
		DB6ADF3A1C23612000D77BF1 /* Frameworks */ = {
			isa = PBXFrameworksBuildPhase;
			buildActionMask = 2147483647;
			files = (
			);
			runOnlyForDeploymentPostprocessing = 0;
		};
		DB6ADF441C23612000D77BF1 /* Frameworks */ = {
			isa = PBXFrameworksBuildPhase;
			buildActionMask = 2147483647;
			files = (
				DB6ADF481C23612000D77BF1 /* Freddy.framework in Frameworks */,
			);
			runOnlyForDeploymentPostprocessing = 0;
		};
		DB6ADF561C23612900D77BF1 /* Frameworks */ = {
			isa = PBXFrameworksBuildPhase;
			buildActionMask = 2147483647;
			files = (
			);
			runOnlyForDeploymentPostprocessing = 0;
		};
		DB6ADF601C23612A00D77BF1 /* Frameworks */ = {
			isa = PBXFrameworksBuildPhase;
			buildActionMask = 2147483647;
			files = (
				DB6ADF641C23612A00D77BF1 /* Freddy.framework in Frameworks */,
			);
			runOnlyForDeploymentPostprocessing = 0;
		};
		DB6ADF721C23613200D77BF1 /* Frameworks */ = {
			isa = PBXFrameworksBuildPhase;
			buildActionMask = 2147483647;
			files = (
			);
			runOnlyForDeploymentPostprocessing = 0;
		};
		DBE4CD041C39653C007E71D9 /* Frameworks */ = {
			isa = PBXFrameworksBuildPhase;
			buildActionMask = 2147483647;
			files = (
				DBE4CD141C396546007E71D9 /* Freddy.framework in Frameworks */,
			);
			runOnlyForDeploymentPostprocessing = 0;
		};
/* End PBXFrameworksBuildPhase section */

/* Begin PBXGroup section */
		DB6ADF151C23610B00D77BF1 = {
			isa = PBXGroup;
			children = (
				DB6ADF7E1C23617500D77BF1 /* Configurations */,
				DB6ADF211C23610B00D77BF1 /* Freddy */,
				DB6ADF2D1C23610B00D77BF1 /* FreddyTests */,
				DBE4CD081C39653C007E71D9 /* ProfilingHarness */,
				DB6ADF201C23610B00D77BF1 /* Products */,
			);
			sourceTree = "<group>";
		};
		DB6ADF201C23610B00D77BF1 /* Products */ = {
			isa = PBXGroup;
			children = (
				DB6ADF1F1C23610B00D77BF1 /* Freddy.framework */,
				DB6ADF291C23610B00D77BF1 /* MobileFreddyTests.xctest */,
				DB6ADF3E1C23612000D77BF1 /* Freddy.framework */,
				DB6ADF471C23612000D77BF1 /* FreddyTests.xctest */,
				DB6ADF5A1C23612900D77BF1 /* Freddy.framework */,
				DB6ADF631C23612A00D77BF1 /* TVFreddyTests.xctest */,
				DB6ADF761C23613200D77BF1 /* Freddy.framework */,
				DBE4CD071C39653C007E71D9 /* ProfilingHarness.app */,
			);
			name = Products;
			sourceTree = "<group>";
		};
		DB6ADF211C23610B00D77BF1 /* Freddy */ = {
			isa = PBXGroup;
			children = (
				DB6ADF221C23610B00D77BF1 /* Freddy.h */,
				DB6ADF891C2362E000D77BF1 /* JSON.swift */,
				DB6ADF8A1C2362E000D77BF1 /* JSONDecodable.swift */,
				DB6ADF8B1C2362E000D77BF1 /* JSONLiteralConvertible.swift */,
				DB6ADF8C1C2362E000D77BF1 /* JSONParser.swift */,
				DB6ADF8D1C2362E000D77BF1 /* JSONParsing.swift */,
				DB6ADF8E1C2362E000D77BF1 /* JSONSequences.swift */,
				DB6ADF8F1C2362E000D77BF1 /* JSONSubscripting.swift */,
				DB6ADF241C23610B00D77BF1 /* Info.plist */,
			);
			path = Freddy;
			sourceTree = "<group>";
		};
		DB6ADF2D1C23610B00D77BF1 /* FreddyTests */ = {
			isa = PBXGroup;
			children = (
				DB6ADFAC1C2362FF00D77BF1 /* JSONDecodableTests.swift */,
				DB6ADFAD1C2362FF00D77BF1 /* JSONParserTests.swift */,
				DB6ADFAE1C2362FF00D77BF1 /* JSONSubscriptTests.swift */,
				DB6ADFAF1C2362FF00D77BF1 /* JSONTypeTests.swift */,
				DBF9D6261C3872BB0038E08E /* Benchmark.swift */,
				DBF9D62A1C3872C70038E08E /* Benchmark */,
				DB6ADFC01C23630500D77BF1 /* Fixtures */,
				DBF9D6251C3872A40038E08E /* Supporting Files */,
			);
			path = FreddyTests;
			sourceTree = "<group>";
		};
		DB6ADF7E1C23617500D77BF1 /* Configurations */ = {
			isa = PBXGroup;
			children = (
				DB6ADF7F1C23617500D77BF1 /* Base.xcconfig */,
				DB6ADF801C23617500D77BF1 /* Debug.xcconfig */,
				DB6ADF811C23617500D77BF1 /* Framework.xcconfig */,
				DB6ADF821C23617500D77BF1 /* Release.xcconfig */,
				DB6ADF831C23617500D77BF1 /* Tests.xcconfig */,
			);
			path = Configurations;
			sourceTree = "<group>";
		};
		DB6ADFC01C23630500D77BF1 /* Fixtures */ = {
			isa = PBXGroup;
			children = (
				DB6ADFB01C2362FF00D77BF1 /* Person.swift */,
				DB6ADFC11C23631500D77BF1 /* sample.JSON */,
				DB6ADFC21C23631500D77BF1 /* sampleNoWhiteSpace.JSON */,
				DBF9D61B1C3872A20038E08E /* Card.h */,
				DBF9D61C1C3872A20038E08E /* Card.m */,
				DBF9D61D1C3872A20038E08E /* Card.swift */,
				DBF9D61E1C3872A20038E08E /* CardSet.h */,
				DBF9D61F1C3872A20038E08E /* CardSet.m */,
				DBF9D6201C3872A20038E08E /* CardSet.swift */,
				DBF9D6211C3872A20038E08E /* CardUtilities.h */,
				DBF9D6221C3872A20038E08E /* CardUtilities.m */,
				DBF9D6241C3872A20038E08E /* ReleaseDate.swift */,
			);
			name = Fixtures;
			sourceTree = "<group>";
		};
		DBE4CD081C39653C007E71D9 /* ProfilingHarness */ = {
			isa = PBXGroup;
			children = (
				DBE4CD1F1C396597007E71D9 /* ProfilingHarness-Bridging-Header.h */,
				DBE4CD091C39653C007E71D9 /* AppDelegate.swift */,
				DBE4CD0B1C39653C007E71D9 /* Assets.xcassets */,
				DBE4CD0D1C39653C007E71D9 /* MainMenu.xib */,
				DBE4CD101C39653C007E71D9 /* Info.plist */,
			);
			path = ProfilingHarness;
			sourceTree = "<group>";
		};
		DBF9D6251C3872A40038E08E /* Supporting Files */ = {
			isa = PBXGroup;
			children = (
				DBF9D6231C3872A20038E08E /* FreddyTests-Bridging-Header.h */,
				DB6ADF301C23610B00D77BF1 /* Info.plist */,
			);
			name = "Supporting Files";
			sourceTree = "<group>";
		};
/* End PBXGroup section */

/* Begin PBXHeadersBuildPhase section */
		DB6ADF1C1C23610B00D77BF1 /* Headers */ = {
			isa = PBXHeadersBuildPhase;
			buildActionMask = 2147483647;
			files = (
				DB6ADF231C23610B00D77BF1 /* Freddy.h in Headers */,
			);
			runOnlyForDeploymentPostprocessing = 0;
		};
		DB6ADF3B1C23612000D77BF1 /* Headers */ = {
			isa = PBXHeadersBuildPhase;
			buildActionMask = 2147483647;
			files = (
				DB6ADF881C23627500D77BF1 /* Freddy.h in Headers */,
			);
			runOnlyForDeploymentPostprocessing = 0;
		};
		DB6ADF571C23612900D77BF1 /* Headers */ = {
			isa = PBXHeadersBuildPhase;
			buildActionMask = 2147483647;
			files = (
				DB6ADF841C23625800D77BF1 /* Freddy.h in Headers */,
			);
			runOnlyForDeploymentPostprocessing = 0;
		};
		DB6ADF731C23613200D77BF1 /* Headers */ = {
			isa = PBXHeadersBuildPhase;
			buildActionMask = 2147483647;
			files = (
				DB6ADF851C23625800D77BF1 /* Freddy.h in Headers */,
			);
			runOnlyForDeploymentPostprocessing = 0;
		};
/* End PBXHeadersBuildPhase section */

/* Begin PBXLegacyTarget section */
		DBF9D6401C3875100038E08E /* Download Benchmark JSON */ = {
			isa = PBXLegacyTarget;
			buildArgumentsString = "$(ACTION)";
			buildConfigurationList = DBF9D6431C3875100038E08E /* Build configuration list for PBXLegacyTarget "Download Benchmark JSON" */;
			buildPhases = (
			);
			buildToolPath = /usr/bin/make;
			buildWorkingDirectory = "$(PROJECT_DIR)/FreddyTests";
			dependencies = (
			);
			name = "Download Benchmark JSON";
			passBuildSettingsInEnvironment = 1;
			productName = "Download Benchmark JSON";
		};
/* End PBXLegacyTarget section */

/* Begin PBXNativeTarget section */
		DB6ADF1E1C23610B00D77BF1 /* MobileFreddy */ = {
			isa = PBXNativeTarget;
			buildConfigurationList = DB6ADF331C23610B00D77BF1 /* Build configuration list for PBXNativeTarget "MobileFreddy" */;
			buildPhases = (
				DB6ADF1A1C23610B00D77BF1 /* Sources */,
				DB6ADF1B1C23610B00D77BF1 /* Frameworks */,
				DB6ADF1C1C23610B00D77BF1 /* Headers */,
				DB6ADF1D1C23610B00D77BF1 /* Resources */,
			);
			buildRules = (
			);
			dependencies = (
			);
			name = MobileFreddy;
			productName = Freddy;
			productReference = DB6ADF1F1C23610B00D77BF1 /* Freddy.framework */;
			productType = "com.apple.product-type.framework";
		};
		DB6ADF281C23610B00D77BF1 /* MobileFreddyTests */ = {
			isa = PBXNativeTarget;
			buildConfigurationList = DB6ADF361C23610B00D77BF1 /* Build configuration list for PBXNativeTarget "MobileFreddyTests" */;
			buildPhases = (
				DB6ADF251C23610B00D77BF1 /* Sources */,
				DB6ADF261C23610B00D77BF1 /* Frameworks */,
				DB6ADF271C23610B00D77BF1 /* Resources */,
			);
			buildRules = (
			);
			dependencies = (
				DB6ADF2C1C23610B00D77BF1 /* PBXTargetDependency */,
				DBF9D6491C38752B0038E08E /* PBXTargetDependency */,
			);
			name = MobileFreddyTests;
			productName = FreddyTests;
			productReference = DB6ADF291C23610B00D77BF1 /* MobileFreddyTests.xctest */;
			productType = "com.apple.product-type.bundle.unit-test";
		};
		DB6ADF3D1C23612000D77BF1 /* Freddy */ = {
			isa = PBXNativeTarget;
			buildConfigurationList = DB6ADF4F1C23612000D77BF1 /* Build configuration list for PBXNativeTarget "Freddy" */;
			buildPhases = (
				DB6ADF391C23612000D77BF1 /* Sources */,
				DB6ADF3A1C23612000D77BF1 /* Frameworks */,
				DB6ADF3B1C23612000D77BF1 /* Headers */,
				DB6ADF3C1C23612000D77BF1 /* Resources */,
			);
			buildRules = (
			);
			dependencies = (
			);
			name = Freddy;
			productName = Freddy;
			productReference = DB6ADF3E1C23612000D77BF1 /* Freddy.framework */;
			productType = "com.apple.product-type.framework";
		};
		DB6ADF461C23612000D77BF1 /* FreddyTests */ = {
			isa = PBXNativeTarget;
			buildConfigurationList = DB6ADF521C23612000D77BF1 /* Build configuration list for PBXNativeTarget "FreddyTests" */;
			buildPhases = (
				DB6ADF431C23612000D77BF1 /* Sources */,
				DB6ADF441C23612000D77BF1 /* Frameworks */,
				DB6ADF451C23612000D77BF1 /* Resources */,
			);
			buildRules = (
			);
			dependencies = (
				DB6ADF4A1C23612000D77BF1 /* PBXTargetDependency */,
				DBF9D6471C3875280038E08E /* PBXTargetDependency */,
			);
			name = FreddyTests;
			productName = FreddyTests;
			productReference = DB6ADF471C23612000D77BF1 /* FreddyTests.xctest */;
			productType = "com.apple.product-type.bundle.unit-test";
		};
		DB6ADF591C23612900D77BF1 /* TVFreddy */ = {
			isa = PBXNativeTarget;
			buildConfigurationList = DB6ADF6B1C23612A00D77BF1 /* Build configuration list for PBXNativeTarget "TVFreddy" */;
			buildPhases = (
				DB6ADF551C23612900D77BF1 /* Sources */,
				DB6ADF561C23612900D77BF1 /* Frameworks */,
				DB6ADF571C23612900D77BF1 /* Headers */,
				DB6ADF581C23612900D77BF1 /* Resources */,
			);
			buildRules = (
			);
			dependencies = (
			);
			name = TVFreddy;
			productName = TVFreddy;
			productReference = DB6ADF5A1C23612900D77BF1 /* Freddy.framework */;
			productType = "com.apple.product-type.framework";
		};
		DB6ADF621C23612A00D77BF1 /* TVFreddyTests */ = {
			isa = PBXNativeTarget;
			buildConfigurationList = DB6ADF6E1C23612A00D77BF1 /* Build configuration list for PBXNativeTarget "TVFreddyTests" */;
			buildPhases = (
				DB6ADF5F1C23612A00D77BF1 /* Sources */,
				DB6ADF601C23612A00D77BF1 /* Frameworks */,
				DB6ADF611C23612A00D77BF1 /* Resources */,
			);
			buildRules = (
			);
			dependencies = (
				DB6ADF661C23612A00D77BF1 /* PBXTargetDependency */,
				DBF9D64B1C3875390038E08E /* PBXTargetDependency */,
			);
			name = TVFreddyTests;
			productName = TVFreddyTests;
			productReference = DB6ADF631C23612A00D77BF1 /* TVFreddyTests.xctest */;
			productType = "com.apple.product-type.bundle.unit-test";
		};
		DB6ADF751C23613200D77BF1 /* NanoFreddy */ = {
			isa = PBXNativeTarget;
			buildConfigurationList = DB6ADF7B1C23613200D77BF1 /* Build configuration list for PBXNativeTarget "NanoFreddy" */;
			buildPhases = (
				DB6ADF711C23613200D77BF1 /* Sources */,
				DB6ADF721C23613200D77BF1 /* Frameworks */,
				DB6ADF731C23613200D77BF1 /* Headers */,
				DB6ADF741C23613200D77BF1 /* Resources */,
			);
			buildRules = (
			);
			dependencies = (
			);
			name = NanoFreddy;
			productName = NanoFreddy;
			productReference = DB6ADF761C23613200D77BF1 /* Freddy.framework */;
			productType = "com.apple.product-type.framework";
		};
		DBE4CD061C39653C007E71D9 /* ProfilingHarness */ = {
			isa = PBXNativeTarget;
			buildConfigurationList = DBE4CD131C39653C007E71D9 /* Build configuration list for PBXNativeTarget "ProfilingHarness" */;
			buildPhases = (
				DBE4CD031C39653C007E71D9 /* Sources */,
				DBE4CD041C39653C007E71D9 /* Frameworks */,
				DBE4CD051C39653C007E71D9 /* Resources */,
				DBE4CD181C396546007E71D9 /* Embed Frameworks */,
			);
			buildRules = (
			);
			dependencies = (
				DBE4CD171C396546007E71D9 /* PBXTargetDependency */,
				DBE4CD1A1C39654B007E71D9 /* PBXTargetDependency */,
			);
			name = ProfilingHarness;
			productName = ProfilingHarness;
			productReference = DBE4CD071C39653C007E71D9 /* ProfilingHarness.app */;
			productType = "com.apple.product-type.application";
		};
/* End PBXNativeTarget section */

/* Begin PBXProject section */
		DB6ADF161C23610B00D77BF1 /* Project object */ = {
			isa = PBXProject;
			attributes = {
				LastSwiftUpdateCheck = 0720;
				LastUpgradeCheck = 0720;
				ORGANIZATIONNAME = "Big Nerd Ranch";
				TargetAttributes = {
					DB6ADF1E1C23610B00D77BF1 = {
						CreatedOnToolsVersion = 7.2;
					};
					DB6ADF281C23610B00D77BF1 = {
						CreatedOnToolsVersion = 7.2;
					};
					DB6ADF3D1C23612000D77BF1 = {
						CreatedOnToolsVersion = 7.2;
					};
					DB6ADF461C23612000D77BF1 = {
						CreatedOnToolsVersion = 7.2;
					};
					DB6ADF591C23612900D77BF1 = {
						CreatedOnToolsVersion = 7.2;
					};
					DB6ADF621C23612A00D77BF1 = {
						CreatedOnToolsVersion = 7.2;
					};
					DB6ADF751C23613200D77BF1 = {
						CreatedOnToolsVersion = 7.2;
					};
					DBE4CD061C39653C007E71D9 = {
						CreatedOnToolsVersion = 7.2;
					};
					DBF9D6401C3875100038E08E = {
						CreatedOnToolsVersion = 7.2;
					};
				};
			};
			buildConfigurationList = DB6ADF191C23610B00D77BF1 /* Build configuration list for PBXProject "Freddy" */;
			compatibilityVersion = "Xcode 3.2";
			developmentRegion = English;
			hasScannedForEncodings = 0;
			knownRegions = (
				en,
				Base,
			);
			mainGroup = DB6ADF151C23610B00D77BF1;
			productRefGroup = DB6ADF201C23610B00D77BF1 /* Products */;
			projectDirPath = "";
			projectRoot = "";
			targets = (
				DBF9D6401C3875100038E08E /* Download Benchmark JSON */,
				DB6ADF3D1C23612000D77BF1 /* Freddy */,
				DB6ADF461C23612000D77BF1 /* FreddyTests */,
				DB6ADF1E1C23610B00D77BF1 /* MobileFreddy */,
				DB6ADF281C23610B00D77BF1 /* MobileFreddyTests */,
				DB6ADF591C23612900D77BF1 /* TVFreddy */,
				DB6ADF621C23612A00D77BF1 /* TVFreddyTests */,
				DB6ADF751C23613200D77BF1 /* NanoFreddy */,
				DBE4CD061C39653C007E71D9 /* ProfilingHarness */,
			);
		};
/* End PBXProject section */

/* Begin PBXResourcesBuildPhase section */
		DB6ADF1D1C23610B00D77BF1 /* Resources */ = {
			isa = PBXResourcesBuildPhase;
			buildActionMask = 2147483647;
			files = (
			);
			runOnlyForDeploymentPostprocessing = 0;
		};
		DB6ADF271C23610B00D77BF1 /* Resources */ = {
			isa = PBXResourcesBuildPhase;
			buildActionMask = 2147483647;
			files = (
				DB6ADFC41C23631500D77BF1 /* sample.JSON in Resources */,
				DBF9D62C1C3872C70038E08E /* Benchmark in Resources */,
				DB6ADFC71C23631500D77BF1 /* sampleNoWhiteSpace.JSON in Resources */,
			);
			runOnlyForDeploymentPostprocessing = 0;
		};
		DB6ADF3C1C23612000D77BF1 /* Resources */ = {
			isa = PBXResourcesBuildPhase;
			buildActionMask = 2147483647;
			files = (
			);
			runOnlyForDeploymentPostprocessing = 0;
		};
		DB6ADF451C23612000D77BF1 /* Resources */ = {
			isa = PBXResourcesBuildPhase;
			buildActionMask = 2147483647;
			files = (
				DB6ADFC31C23631500D77BF1 /* sample.JSON in Resources */,
				DBF9D62B1C3872C70038E08E /* Benchmark in Resources */,
				DB6ADFC61C23631500D77BF1 /* sampleNoWhiteSpace.JSON in Resources */,
			);
			runOnlyForDeploymentPostprocessing = 0;
		};
		DB6ADF581C23612900D77BF1 /* Resources */ = {
			isa = PBXResourcesBuildPhase;
			buildActionMask = 2147483647;
			files = (
			);
			runOnlyForDeploymentPostprocessing = 0;
		};
		DB6ADF611C23612A00D77BF1 /* Resources */ = {
			isa = PBXResourcesBuildPhase;
			buildActionMask = 2147483647;
			files = (
				DB6ADFC51C23631500D77BF1 /* sample.JSON in Resources */,
				DBF9D62D1C3872C70038E08E /* Benchmark in Resources */,
				DB6ADFC81C23631500D77BF1 /* sampleNoWhiteSpace.JSON in Resources */,
			);
			runOnlyForDeploymentPostprocessing = 0;
		};
		DB6ADF741C23613200D77BF1 /* Resources */ = {
			isa = PBXResourcesBuildPhase;
			buildActionMask = 2147483647;
			files = (
			);
			runOnlyForDeploymentPostprocessing = 0;
		};
		DBE4CD051C39653C007E71D9 /* Resources */ = {
			isa = PBXResourcesBuildPhase;
			buildActionMask = 2147483647;
			files = (
				DBE4CD0C1C39653C007E71D9 /* Assets.xcassets in Resources */,
				DBE4CD0F1C39653C007E71D9 /* MainMenu.xib in Resources */,
				DBE4CD1B1C396553007E71D9 /* Benchmark in Resources */,
			);
			runOnlyForDeploymentPostprocessing = 0;
		};
/* End PBXResourcesBuildPhase section */

/* Begin PBXSourcesBuildPhase section */
		DB6ADF1A1C23610B00D77BF1 /* Sources */ = {
			isa = PBXSourcesBuildPhase;
			buildActionMask = 2147483647;
			files = (
				DB6ADFA51C2362E000D77BF1 /* JSONSequences.swift in Sources */,
				DB6ADF911C2362E000D77BF1 /* JSON.swift in Sources */,
				DB6ADFA91C2362E000D77BF1 /* JSONSubscripting.swift in Sources */,
				DB6ADFA11C2362E000D77BF1 /* JSONParsing.swift in Sources */,
				DB6ADF991C2362E000D77BF1 /* JSONLiteralConvertible.swift in Sources */,
				DB6ADF9D1C2362E000D77BF1 /* JSONParser.swift in Sources */,
				DB6ADF951C2362E000D77BF1 /* JSONDecodable.swift in Sources */,
			);
			runOnlyForDeploymentPostprocessing = 0;
		};
		DB6ADF251C23610B00D77BF1 /* Sources */ = {
			isa = PBXSourcesBuildPhase;
			buildActionMask = 2147483647;
			files = (
				DB6ADFBE1C2362FF00D77BF1 /* Person.swift in Sources */,
				DBF9D6281C3872BB0038E08E /* Benchmark.swift in Sources */,
				DB6ADFB51C2362FF00D77BF1 /* JSONParserTests.swift in Sources */,
				DBF9D6381C3872E50038E08E /* CardUtilities.m in Sources */,
				DB6ADFBB1C2362FF00D77BF1 /* JSONTypeTests.swift in Sources */,
				DB6ADFB21C2362FF00D77BF1 /* JSONDecodableTests.swift in Sources */,
				DBF9D6361C3872E50038E08E /* CardSet.m in Sources */,
				DBF9D6371C3872E50038E08E /* CardSet.swift in Sources */,
				DBF9D6341C3872E50038E08E /* Card.m in Sources */,
				DB6ADFB81C2362FF00D77BF1 /* JSONSubscriptTests.swift in Sources */,
				DBF9D6351C3872E50038E08E /* Card.swift in Sources */,
				DBF9D6391C3872E50038E08E /* ReleaseDate.swift in Sources */,
			);
			runOnlyForDeploymentPostprocessing = 0;
		};
		DB6ADF391C23612000D77BF1 /* Sources */ = {
			isa = PBXSourcesBuildPhase;
			buildActionMask = 2147483647;
			files = (
				DB6ADFA41C2362E000D77BF1 /* JSONSequences.swift in Sources */,
				DB6ADF901C2362E000D77BF1 /* JSON.swift in Sources */,
				DB6ADFA81C2362E000D77BF1 /* JSONSubscripting.swift in Sources */,
				DB6ADFA01C2362E000D77BF1 /* JSONParsing.swift in Sources */,
				DB6ADF981C2362E000D77BF1 /* JSONLiteralConvertible.swift in Sources */,
				DB6ADF9C1C2362E000D77BF1 /* JSONParser.swift in Sources */,
				DB6ADF941C2362E000D77BF1 /* JSONDecodable.swift in Sources */,
			);
			runOnlyForDeploymentPostprocessing = 0;
		};
		DB6ADF431C23612000D77BF1 /* Sources */ = {
			isa = PBXSourcesBuildPhase;
			buildActionMask = 2147483647;
			files = (
				DB6ADFBD1C2362FF00D77BF1 /* Person.swift in Sources */,
				DBF9D6271C3872BB0038E08E /* Benchmark.swift in Sources */,
				DB6ADFB41C2362FF00D77BF1 /* JSONParserTests.swift in Sources */,
				DBF9D6321C3872E40038E08E /* CardUtilities.m in Sources */,
				DB6ADFBA1C2362FF00D77BF1 /* JSONTypeTests.swift in Sources */,
				DB6ADFB11C2362FF00D77BF1 /* JSONDecodableTests.swift in Sources */,
				DBF9D6301C3872E40038E08E /* CardSet.m in Sources */,
				DBF9D6311C3872E40038E08E /* CardSet.swift in Sources */,
				DBF9D62E1C3872E40038E08E /* Card.m in Sources */,
				DB6ADFB71C2362FF00D77BF1 /* JSONSubscriptTests.swift in Sources */,
				DBF9D62F1C3872E40038E08E /* Card.swift in Sources */,
				DBF9D6331C3872E40038E08E /* ReleaseDate.swift in Sources */,
			);
			runOnlyForDeploymentPostprocessing = 0;
		};
		DB6ADF551C23612900D77BF1 /* Sources */ = {
			isa = PBXSourcesBuildPhase;
			buildActionMask = 2147483647;
			files = (
				DB6ADFA61C2362E000D77BF1 /* JSONSequences.swift in Sources */,
				DB6ADF921C2362E000D77BF1 /* JSON.swift in Sources */,
				DB6ADFAA1C2362E000D77BF1 /* JSONSubscripting.swift in Sources */,
				DB6ADFA21C2362E000D77BF1 /* JSONParsing.swift in Sources */,
				DB6ADF9A1C2362E000D77BF1 /* JSONLiteralConvertible.swift in Sources */,
				DB6ADF9E1C2362E000D77BF1 /* JSONParser.swift in Sources */,
				DB6ADF961C2362E000D77BF1 /* JSONDecodable.swift in Sources */,
			);
			runOnlyForDeploymentPostprocessing = 0;
		};
		DB6ADF5F1C23612A00D77BF1 /* Sources */ = {
			isa = PBXSourcesBuildPhase;
			buildActionMask = 2147483647;
			files = (
				DB6ADFBF1C2362FF00D77BF1 /* Person.swift in Sources */,
				DBF9D6291C3872BB0038E08E /* Benchmark.swift in Sources */,
				DB6ADFB61C2362FF00D77BF1 /* JSONParserTests.swift in Sources */,
				DBF9D63E1C3872E50038E08E /* CardUtilities.m in Sources */,
				DB6ADFBC1C2362FF00D77BF1 /* JSONTypeTests.swift in Sources */,
				DB6ADFB31C2362FF00D77BF1 /* JSONDecodableTests.swift in Sources */,
				DBF9D63C1C3872E50038E08E /* CardSet.m in Sources */,
				DBF9D63D1C3872E50038E08E /* CardSet.swift in Sources */,
				DBF9D63A1C3872E50038E08E /* Card.m in Sources */,
				DB6ADFB91C2362FF00D77BF1 /* JSONSubscriptTests.swift in Sources */,
				DBF9D63B1C3872E50038E08E /* Card.swift in Sources */,
				DBF9D63F1C3872E50038E08E /* ReleaseDate.swift in Sources */,
			);
			runOnlyForDeploymentPostprocessing = 0;
		};
		DB6ADF711C23613200D77BF1 /* Sources */ = {
			isa = PBXSourcesBuildPhase;
			buildActionMask = 2147483647;
			files = (
				DB6ADFA71C2362E000D77BF1 /* JSONSequences.swift in Sources */,
				DB6ADF931C2362E000D77BF1 /* JSON.swift in Sources */,
				DB6ADFAB1C2362E000D77BF1 /* JSONSubscripting.swift in Sources */,
				DB6ADFA31C2362E000D77BF1 /* JSONParsing.swift in Sources */,
				DB6ADF9B1C2362E000D77BF1 /* JSONLiteralConvertible.swift in Sources */,
				DB6ADF9F1C2362E000D77BF1 /* JSONParser.swift in Sources */,
				DB6ADF971C2362E000D77BF1 /* JSONDecodable.swift in Sources */,
			);
			runOnlyForDeploymentPostprocessing = 0;
		};
		DBE4CD031C39653C007E71D9 /* Sources */ = {
			isa = PBXSourcesBuildPhase;
			buildActionMask = 2147483647;
			files = (
				DBE4CD0A1C39653C007E71D9 /* AppDelegate.swift in Sources */,
				DBE4CD1D1C396567007E71D9 /* CardSet.swift in Sources */,
				DBE4CD1C1C396567007E71D9 /* Card.swift in Sources */,
				DBE4CD201C3965A2007E71D9 /* CardUtilities.m in Sources */,
				DBE4CD1E1C396567007E71D9 /* ReleaseDate.swift in Sources */,
			);
			runOnlyForDeploymentPostprocessing = 0;
		};
/* End PBXSourcesBuildPhase section */

/* Begin PBXTargetDependency section */
		DB6ADF2C1C23610B00D77BF1 /* PBXTargetDependency */ = {
			isa = PBXTargetDependency;
			target = DB6ADF1E1C23610B00D77BF1 /* MobileFreddy */;
			targetProxy = DB6ADF2B1C23610B00D77BF1 /* PBXContainerItemProxy */;
		};
		DB6ADF4A1C23612000D77BF1 /* PBXTargetDependency */ = {
			isa = PBXTargetDependency;
			target = DB6ADF3D1C23612000D77BF1 /* Freddy */;
			targetProxy = DB6ADF491C23612000D77BF1 /* PBXContainerItemProxy */;
		};
		DB6ADF661C23612A00D77BF1 /* PBXTargetDependency */ = {
			isa = PBXTargetDependency;
			target = DB6ADF591C23612900D77BF1 /* TVFreddy */;
			targetProxy = DB6ADF651C23612A00D77BF1 /* PBXContainerItemProxy */;
		};
		DBE4CD171C396546007E71D9 /* PBXTargetDependency */ = {
			isa = PBXTargetDependency;
			target = DB6ADF3D1C23612000D77BF1 /* Freddy */;
			targetProxy = DBE4CD161C396546007E71D9 /* PBXContainerItemProxy */;
		};
		DBE4CD1A1C39654B007E71D9 /* PBXTargetDependency */ = {
			isa = PBXTargetDependency;
			target = DBF9D6401C3875100038E08E /* Download Benchmark JSON */;
			targetProxy = DBE4CD191C39654B007E71D9 /* PBXContainerItemProxy */;
		};
		DBF9D6471C3875280038E08E /* PBXTargetDependency */ = {
			isa = PBXTargetDependency;
			target = DBF9D6401C3875100038E08E /* Download Benchmark JSON */;
			targetProxy = DBF9D6461C3875280038E08E /* PBXContainerItemProxy */;
		};
		DBF9D6491C38752B0038E08E /* PBXTargetDependency */ = {
			isa = PBXTargetDependency;
			target = DBF9D6401C3875100038E08E /* Download Benchmark JSON */;
			targetProxy = DBF9D6481C38752B0038E08E /* PBXContainerItemProxy */;
		};
		DBF9D64B1C3875390038E08E /* PBXTargetDependency */ = {
			isa = PBXTargetDependency;
			target = DBF9D6401C3875100038E08E /* Download Benchmark JSON */;
			targetProxy = DBF9D64A1C3875390038E08E /* PBXContainerItemProxy */;
		};
/* End PBXTargetDependency section */

/* Begin PBXVariantGroup section */
		DBE4CD0D1C39653C007E71D9 /* MainMenu.xib */ = {
			isa = PBXVariantGroup;
			children = (
				DBE4CD0E1C39653C007E71D9 /* Base */,
			);
			name = MainMenu.xib;
			sourceTree = "<group>";
		};
/* End PBXVariantGroup section */

/* Begin XCBuildConfiguration section */
		DB6ADF311C23610B00D77BF1 /* Debug */ = {
			isa = XCBuildConfiguration;
			baseConfigurationReference = DB6ADF801C23617500D77BF1 /* Debug.xcconfig */;
			buildSettings = {
				SDKROOT = iphoneos;
			};
			name = Debug;
		};
		DB6ADF321C23610B00D77BF1 /* Release */ = {
			isa = XCBuildConfiguration;
			baseConfigurationReference = DB6ADF821C23617500D77BF1 /* Release.xcconfig */;
			buildSettings = {
				SDKROOT = iphoneos;
			};
			name = Release;
		};
		DB6ADF341C23610B00D77BF1 /* Debug */ = {
			isa = XCBuildConfiguration;
			baseConfigurationReference = DB6ADF811C23617500D77BF1 /* Framework.xcconfig */;
			buildSettings = {
				CLANG_ENABLE_MODULES = YES;
				DEFINES_MODULE = YES;
				LD_RUNPATH_SEARCH_PATHS = "$(inherited) @executable_path/Frameworks @loader_path/Frameworks";
				SDKROOT = iphoneos;
				SWIFT_OPTIMIZATION_LEVEL = "-Onone";
				TARGETED_DEVICE_FAMILY = "1,2";
			};
			name = Debug;
		};
		DB6ADF351C23610B00D77BF1 /* Release */ = {
			isa = XCBuildConfiguration;
			baseConfigurationReference = DB6ADF811C23617500D77BF1 /* Framework.xcconfig */;
			buildSettings = {
				CLANG_ENABLE_MODULES = YES;
				DEFINES_MODULE = YES;
				LD_RUNPATH_SEARCH_PATHS = "$(inherited) @executable_path/Frameworks @loader_path/Frameworks";
				SDKROOT = iphoneos;
				TARGETED_DEVICE_FAMILY = "1,2";
			};
			name = Release;
		};
		DB6ADF371C23610B00D77BF1 /* Debug */ = {
			isa = XCBuildConfiguration;
			baseConfigurationReference = DB6ADF831C23617500D77BF1 /* Tests.xcconfig */;
			buildSettings = {
				SDKROOT = iphoneos;
			};
			name = Debug;
		};
		DB6ADF381C23610B00D77BF1 /* Release */ = {
			isa = XCBuildConfiguration;
			baseConfigurationReference = DB6ADF831C23617500D77BF1 /* Tests.xcconfig */;
			buildSettings = {
				SDKROOT = iphoneos;
			};
			name = Release;
		};
		DB6ADF501C23612000D77BF1 /* Debug */ = {
			isa = XCBuildConfiguration;
			baseConfigurationReference = DB6ADF811C23617500D77BF1 /* Framework.xcconfig */;
			buildSettings = {
				CLANG_ENABLE_MODULES = YES;
				CODE_SIGN_IDENTITY = "-";
				DEFINES_MODULE = YES;
				LD_RUNPATH_SEARCH_PATHS = "$(inherited) @executable_path/../Frameworks @loader_path/Frameworks";
				SDKROOT = macosx;
				SWIFT_OPTIMIZATION_LEVEL = "-Onone";
			};
			name = Debug;
		};
		DB6ADF511C23612000D77BF1 /* Release */ = {
			isa = XCBuildConfiguration;
			baseConfigurationReference = DB6ADF811C23617500D77BF1 /* Framework.xcconfig */;
			buildSettings = {
				CLANG_ENABLE_MODULES = YES;
				CODE_SIGN_IDENTITY = "-";
				DEFINES_MODULE = YES;
				LD_RUNPATH_SEARCH_PATHS = "$(inherited) @executable_path/../Frameworks @loader_path/Frameworks";
				SDKROOT = macosx;
			};
			name = Release;
		};
		DB6ADF531C23612000D77BF1 /* Debug */ = {
			isa = XCBuildConfiguration;
			baseConfigurationReference = DB6ADF831C23617500D77BF1 /* Tests.xcconfig */;
			buildSettings = {
				SDKROOT = macosx;
			};
			name = Debug;
		};
		DB6ADF541C23612000D77BF1 /* Release */ = {
			isa = XCBuildConfiguration;
			baseConfigurationReference = DB6ADF831C23617500D77BF1 /* Tests.xcconfig */;
			buildSettings = {
				SDKROOT = macosx;
			};
			name = Release;
		};
		DB6ADF6C1C23612A00D77BF1 /* Debug */ = {
			isa = XCBuildConfiguration;
			baseConfigurationReference = DB6ADF811C23617500D77BF1 /* Framework.xcconfig */;
			buildSettings = {
				CLANG_ENABLE_MODULES = YES;
				DEFINES_MODULE = YES;
				LD_RUNPATH_SEARCH_PATHS = "$(inherited) @executable_path/../Frameworks @loader_path/Frameworks";
				SDKROOT = appletvos;
				SWIFT_OPTIMIZATION_LEVEL = "-Onone";
				TARGETED_DEVICE_FAMILY = 3;
			};
			name = Debug;
		};
		DB6ADF6D1C23612A00D77BF1 /* Release */ = {
			isa = XCBuildConfiguration;
			baseConfigurationReference = DB6ADF811C23617500D77BF1 /* Framework.xcconfig */;
			buildSettings = {
				CLANG_ENABLE_MODULES = YES;
				DEFINES_MODULE = YES;
				LD_RUNPATH_SEARCH_PATHS = "$(inherited) @executable_path/../Frameworks @loader_path/Frameworks";
				SDKROOT = appletvos;
				TARGETED_DEVICE_FAMILY = 3;
			};
			name = Release;
		};
		DB6ADF6F1C23612A00D77BF1 /* Debug */ = {
			isa = XCBuildConfiguration;
			baseConfigurationReference = DB6ADF831C23617500D77BF1 /* Tests.xcconfig */;
			buildSettings = {
				SDKROOT = appletvos;
			};
			name = Debug;
		};
		DB6ADF701C23612A00D77BF1 /* Release */ = {
			isa = XCBuildConfiguration;
			baseConfigurationReference = DB6ADF831C23617500D77BF1 /* Tests.xcconfig */;
			buildSettings = {
				SDKROOT = appletvos;
			};
			name = Release;
		};
		DB6ADF7C1C23613200D77BF1 /* Debug */ = {
			isa = XCBuildConfiguration;
			baseConfigurationReference = DB6ADF811C23617500D77BF1 /* Framework.xcconfig */;
			buildSettings = {
				CLANG_ENABLE_MODULES = YES;
				DEFINES_MODULE = YES;
				LD_RUNPATH_SEARCH_PATHS = "$(inherited) @executable_path/../Frameworks @loader_path/Frameworks";
				SDKROOT = watchos;
				SWIFT_OPTIMIZATION_LEVEL = "-Onone";
				TARGETED_DEVICE_FAMILY = 4;
			};
			name = Debug;
		};
		DB6ADF7D1C23613200D77BF1 /* Release */ = {
			isa = XCBuildConfiguration;
			baseConfigurationReference = DB6ADF811C23617500D77BF1 /* Framework.xcconfig */;
			buildSettings = {
				CLANG_ENABLE_MODULES = YES;
				DEFINES_MODULE = YES;
				LD_RUNPATH_SEARCH_PATHS = "$(inherited) @executable_path/../Frameworks @loader_path/Frameworks";
				SDKROOT = watchos;
				TARGETED_DEVICE_FAMILY = 4;
			};
			name = Release;
		};
		DBE4CD111C39653C007E71D9 /* Debug */ = {
			isa = XCBuildConfiguration;
			buildSettings = {
				ALWAYS_SEARCH_USER_PATHS = NO;
				ASSETCATALOG_COMPILER_APPICON_NAME = AppIcon;
				CLANG_CXX_LANGUAGE_STANDARD = "gnu++0x";
				CLANG_CXX_LIBRARY = "libc++";
				CLANG_ENABLE_MODULES = YES;
				CLANG_ENABLE_OBJC_ARC = YES;
				CLANG_WARN_BOOL_CONVERSION = YES;
				CLANG_WARN_CONSTANT_CONVERSION = YES;
				CLANG_WARN_DIRECT_OBJC_ISA_USAGE = YES_ERROR;
				CLANG_WARN_EMPTY_BODY = YES;
				CLANG_WARN_ENUM_CONVERSION = YES;
				CLANG_WARN_INT_CONVERSION = YES;
				CLANG_WARN_OBJC_ROOT_CLASS = YES_ERROR;
				CLANG_WARN_UNREACHABLE_CODE = YES;
				CLANG_WARN__DUPLICATE_METHOD_MATCH = YES;
				CODE_SIGN_IDENTITY = "-";
				COMBINE_HIDPI_IMAGES = YES;
				COPY_PHASE_STRIP = NO;
				DEBUG_INFORMATION_FORMAT = dwarf;
				EMBEDDED_CONTENT_CONTAINS_SWIFT = YES;
				ENABLE_STRICT_OBJC_MSGSEND = YES;
				ENABLE_TESTABILITY = YES;
				GCC_C_LANGUAGE_STANDARD = gnu99;
				GCC_DYNAMIC_NO_PIC = NO;
				GCC_NO_COMMON_BLOCKS = YES;
				GCC_OPTIMIZATION_LEVEL = 0;
				GCC_PREPROCESSOR_DEFINITIONS = (
					"DEBUG=1",
					"$(inherited)",
				);
				GCC_WARN_64_TO_32_BIT_CONVERSION = YES;
				GCC_WARN_ABOUT_RETURN_TYPE = YES_ERROR;
				GCC_WARN_UNDECLARED_SELECTOR = YES;
				GCC_WARN_UNINITIALIZED_AUTOS = YES_AGGRESSIVE;
				GCC_WARN_UNUSED_FUNCTION = YES;
				GCC_WARN_UNUSED_VARIABLE = YES;
				INFOPLIST_FILE = ProfilingHarness/Info.plist;
				LD_RUNPATH_SEARCH_PATHS = "$(inherited) @executable_path/../Frameworks";
				MACOSX_DEPLOYMENT_TARGET = 10.11;
				MTL_ENABLE_DEBUG_INFO = YES;
				ONLY_ACTIVE_ARCH = YES;
				PRODUCT_BUNDLE_IDENTIFIER = com.bignerdranch.ProfilingHarness;
				PRODUCT_NAME = "$(TARGET_NAME)";
				SDKROOT = macosx;
				SWIFT_OBJC_BRIDGING_HEADER = "ProfilingHarness/ProfilingHarness-Bridging-Header.h";
				SWIFT_OPTIMIZATION_LEVEL = "-Onone";
			};
			name = Debug;
		};
		DBE4CD121C39653C007E71D9 /* Release */ = {
			isa = XCBuildConfiguration;
			buildSettings = {
				ALWAYS_SEARCH_USER_PATHS = NO;
				ASSETCATALOG_COMPILER_APPICON_NAME = AppIcon;
				CLANG_CXX_LANGUAGE_STANDARD = "gnu++0x";
				CLANG_CXX_LIBRARY = "libc++";
				CLANG_ENABLE_MODULES = YES;
				CLANG_ENABLE_OBJC_ARC = YES;
				CLANG_WARN_BOOL_CONVERSION = YES;
				CLANG_WARN_CONSTANT_CONVERSION = YES;
				CLANG_WARN_DIRECT_OBJC_ISA_USAGE = YES_ERROR;
				CLANG_WARN_EMPTY_BODY = YES;
				CLANG_WARN_ENUM_CONVERSION = YES;
				CLANG_WARN_INT_CONVERSION = YES;
				CLANG_WARN_OBJC_ROOT_CLASS = YES_ERROR;
				CLANG_WARN_UNREACHABLE_CODE = YES;
				CLANG_WARN__DUPLICATE_METHOD_MATCH = YES;
				CODE_SIGN_IDENTITY = "-";
				COMBINE_HIDPI_IMAGES = YES;
				COPY_PHASE_STRIP = NO;
				DEBUG_INFORMATION_FORMAT = "dwarf-with-dsym";
				EMBEDDED_CONTENT_CONTAINS_SWIFT = YES;
				ENABLE_NS_ASSERTIONS = NO;
				ENABLE_STRICT_OBJC_MSGSEND = YES;
				GCC_C_LANGUAGE_STANDARD = gnu99;
				GCC_NO_COMMON_BLOCKS = YES;
				GCC_WARN_64_TO_32_BIT_CONVERSION = YES;
				GCC_WARN_ABOUT_RETURN_TYPE = YES_ERROR;
				GCC_WARN_UNDECLARED_SELECTOR = YES;
				GCC_WARN_UNINITIALIZED_AUTOS = YES_AGGRESSIVE;
				GCC_WARN_UNUSED_FUNCTION = YES;
				GCC_WARN_UNUSED_VARIABLE = YES;
				INFOPLIST_FILE = ProfilingHarness/Info.plist;
				LD_RUNPATH_SEARCH_PATHS = "$(inherited) @executable_path/../Frameworks";
				MACOSX_DEPLOYMENT_TARGET = 10.11;
				MTL_ENABLE_DEBUG_INFO = NO;
				PRODUCT_BUNDLE_IDENTIFIER = com.bignerdranch.ProfilingHarness;
				PRODUCT_NAME = "$(TARGET_NAME)";
				SDKROOT = macosx;
				SWIFT_OBJC_BRIDGING_HEADER = "ProfilingHarness/ProfilingHarness-Bridging-Header.h";
			};
			name = Release;
		};
		DBF9D6411C3875100038E08E /* Debug */ = {
			isa = XCBuildConfiguration;
			buildSettings = {
				ALWAYS_SEARCH_USER_PATHS = NO;
				CLANG_CXX_LANGUAGE_STANDARD = "gnu++0x";
				CLANG_CXX_LIBRARY = "libc++";
				CLANG_ENABLE_MODULES = YES;
				CLANG_ENABLE_OBJC_ARC = YES;
				CLANG_WARN_BOOL_CONVERSION = YES;
				CLANG_WARN_CONSTANT_CONVERSION = YES;
				CLANG_WARN_DIRECT_OBJC_ISA_USAGE = YES_ERROR;
				CLANG_WARN_EMPTY_BODY = YES;
				CLANG_WARN_ENUM_CONVERSION = YES;
				CLANG_WARN_INT_CONVERSION = YES;
				CLANG_WARN_OBJC_ROOT_CLASS = YES_ERROR;
				CLANG_WARN_UNREACHABLE_CODE = YES;
				CLANG_WARN__DUPLICATE_METHOD_MATCH = YES;
				COPY_PHASE_STRIP = NO;
				DEBUGGING_SYMBOLS = YES;
				DEBUG_INFORMATION_FORMAT = dwarf;
				ENABLE_STRICT_OBJC_MSGSEND = YES;
				ENABLE_TESTABILITY = YES;
				GCC_C_LANGUAGE_STANDARD = gnu99;
				GCC_DYNAMIC_NO_PIC = NO;
				GCC_GENERATE_DEBUGGING_SYMBOLS = YES;
				GCC_NO_COMMON_BLOCKS = YES;
				GCC_OPTIMIZATION_LEVEL = 0;
				GCC_PREPROCESSOR_DEFINITIONS = (
					"DEBUG=1",
					"$(inherited)",
				);
				GCC_WARN_64_TO_32_BIT_CONVERSION = YES;
				GCC_WARN_ABOUT_RETURN_TYPE = YES_ERROR;
				GCC_WARN_UNDECLARED_SELECTOR = YES;
				GCC_WARN_UNINITIALIZED_AUTOS = YES_AGGRESSIVE;
				GCC_WARN_UNUSED_FUNCTION = YES;
				GCC_WARN_UNUSED_VARIABLE = YES;
				MTL_ENABLE_DEBUG_INFO = YES;
				ONLY_ACTIVE_ARCH = YES;
				OTHER_CFLAGS = "";
				OTHER_LDFLAGS = "";
				PRODUCT_NAME = "$(TARGET_NAME)";
			};
			name = Debug;
		};
		DBF9D6421C3875100038E08E /* Release */ = {
			isa = XCBuildConfiguration;
			buildSettings = {
				ALWAYS_SEARCH_USER_PATHS = NO;
				CLANG_CXX_LANGUAGE_STANDARD = "gnu++0x";
				CLANG_CXX_LIBRARY = "libc++";
				CLANG_ENABLE_MODULES = YES;
				CLANG_ENABLE_OBJC_ARC = YES;
				CLANG_WARN_BOOL_CONVERSION = YES;
				CLANG_WARN_CONSTANT_CONVERSION = YES;
				CLANG_WARN_DIRECT_OBJC_ISA_USAGE = YES_ERROR;
				CLANG_WARN_EMPTY_BODY = YES;
				CLANG_WARN_ENUM_CONVERSION = YES;
				CLANG_WARN_INT_CONVERSION = YES;
				CLANG_WARN_OBJC_ROOT_CLASS = YES_ERROR;
				CLANG_WARN_UNREACHABLE_CODE = YES;
				CLANG_WARN__DUPLICATE_METHOD_MATCH = YES;
				COPY_PHASE_STRIP = NO;
				DEBUG_INFORMATION_FORMAT = "dwarf-with-dsym";
				ENABLE_NS_ASSERTIONS = NO;
				ENABLE_STRICT_OBJC_MSGSEND = YES;
				GCC_C_LANGUAGE_STANDARD = gnu99;
				GCC_NO_COMMON_BLOCKS = YES;
				GCC_WARN_64_TO_32_BIT_CONVERSION = YES;
				GCC_WARN_ABOUT_RETURN_TYPE = YES_ERROR;
				GCC_WARN_UNDECLARED_SELECTOR = YES;
				GCC_WARN_UNINITIALIZED_AUTOS = YES_AGGRESSIVE;
				GCC_WARN_UNUSED_FUNCTION = YES;
				GCC_WARN_UNUSED_VARIABLE = YES;
				MTL_ENABLE_DEBUG_INFO = NO;
				OTHER_CFLAGS = "";
				OTHER_LDFLAGS = "";
				PRODUCT_NAME = "$(TARGET_NAME)";
			};
			name = Release;
		};
/* End XCBuildConfiguration section */

/* Begin XCConfigurationList section */
		DB6ADF191C23610B00D77BF1 /* Build configuration list for PBXProject "Freddy" */ = {
			isa = XCConfigurationList;
			buildConfigurations = (
				DB6ADF311C23610B00D77BF1 /* Debug */,
				DB6ADF321C23610B00D77BF1 /* Release */,
			);
			defaultConfigurationIsVisible = 0;
			defaultConfigurationName = Release;
		};
		DB6ADF331C23610B00D77BF1 /* Build configuration list for PBXNativeTarget "MobileFreddy" */ = {
			isa = XCConfigurationList;
			buildConfigurations = (
				DB6ADF341C23610B00D77BF1 /* Debug */,
				DB6ADF351C23610B00D77BF1 /* Release */,
			);
			defaultConfigurationIsVisible = 0;
			defaultConfigurationName = Release;
		};
		DB6ADF361C23610B00D77BF1 /* Build configuration list for PBXNativeTarget "MobileFreddyTests" */ = {
			isa = XCConfigurationList;
			buildConfigurations = (
				DB6ADF371C23610B00D77BF1 /* Debug */,
				DB6ADF381C23610B00D77BF1 /* Release */,
			);
			defaultConfigurationIsVisible = 0;
			defaultConfigurationName = Release;
		};
		DB6ADF4F1C23612000D77BF1 /* Build configuration list for PBXNativeTarget "Freddy" */ = {
			isa = XCConfigurationList;
			buildConfigurations = (
				DB6ADF501C23612000D77BF1 /* Debug */,
				DB6ADF511C23612000D77BF1 /* Release */,
			);
			defaultConfigurationIsVisible = 0;
			defaultConfigurationName = Release;
		};
		DB6ADF521C23612000D77BF1 /* Build configuration list for PBXNativeTarget "FreddyTests" */ = {
			isa = XCConfigurationList;
			buildConfigurations = (
				DB6ADF531C23612000D77BF1 /* Debug */,
				DB6ADF541C23612000D77BF1 /* Release */,
			);
			defaultConfigurationIsVisible = 0;
			defaultConfigurationName = Release;
		};
		DB6ADF6B1C23612A00D77BF1 /* Build configuration list for PBXNativeTarget "TVFreddy" */ = {
			isa = XCConfigurationList;
			buildConfigurations = (
				DB6ADF6C1C23612A00D77BF1 /* Debug */,
				DB6ADF6D1C23612A00D77BF1 /* Release */,
			);
			defaultConfigurationIsVisible = 0;
			defaultConfigurationName = Release;
		};
		DB6ADF6E1C23612A00D77BF1 /* Build configuration list for PBXNativeTarget "TVFreddyTests" */ = {
			isa = XCConfigurationList;
			buildConfigurations = (
				DB6ADF6F1C23612A00D77BF1 /* Debug */,
				DB6ADF701C23612A00D77BF1 /* Release */,
			);
			defaultConfigurationIsVisible = 0;
			defaultConfigurationName = Release;
		};
		DB6ADF7B1C23613200D77BF1 /* Build configuration list for PBXNativeTarget "NanoFreddy" */ = {
			isa = XCConfigurationList;
			buildConfigurations = (
				DB6ADF7C1C23613200D77BF1 /* Debug */,
				DB6ADF7D1C23613200D77BF1 /* Release */,
			);
			defaultConfigurationIsVisible = 0;
			defaultConfigurationName = Release;
		};
		DBE4CD131C39653C007E71D9 /* Build configuration list for PBXNativeTarget "ProfilingHarness" */ = {
			isa = XCConfigurationList;
			buildConfigurations = (
				DBE4CD111C39653C007E71D9 /* Debug */,
				DBE4CD121C39653C007E71D9 /* Release */,
			);
			defaultConfigurationIsVisible = 0;
		};
		DBF9D6431C3875100038E08E /* Build configuration list for PBXLegacyTarget "Download Benchmark JSON" */ = {
			isa = XCConfigurationList;
			buildConfigurations = (
				DBF9D6411C3875100038E08E /* Debug */,
				DBF9D6421C3875100038E08E /* Release */,
			);
			defaultConfigurationIsVisible = 0;
			defaultConfigurationName = Release;
		};
/* End XCConfigurationList section */
	};
	rootObject = DB6ADF161C23610B00D77BF1 /* Project object */;
}
