// !$*UTF8*$!
{
	archiveVersion = 1;
	classes = {
	};
	objectVersion = 46;
	objects = {

/* Begin PBXBuildFile section */
		DB1D60CD1B8EB948007D0D8C /* JSONSubscripting.swift in Sources */ = {isa = PBXBuildFile; fileRef = DB1D60CC1B8EB948007D0D8C /* JSONSubscripting.swift */; settings = {ASSET_TAGS = (); }; };
		DB1D60CE1B8EB948007D0D8C /* JSONSubscripting.swift in Sources */ = {isa = PBXBuildFile; fileRef = DB1D60CC1B8EB948007D0D8C /* JSONSubscripting.swift */; settings = {ASSET_TAGS = (); }; };
		DB1D60CF1B8EB948007D0D8C /* JSONSubscripting.swift in Sources */ = {isa = PBXBuildFile; fileRef = DB1D60CC1B8EB948007D0D8C /* JSONSubscripting.swift */; settings = {ASSET_TAGS = (); }; };
		DB1D60D81B8EC8BD007D0D8C /* JSONParsing.swift in Sources */ = {isa = PBXBuildFile; fileRef = DB1D60D71B8EC8BD007D0D8C /* JSONParsing.swift */; settings = {ASSET_TAGS = (); }; };
		DB1D60D91B8EC8BD007D0D8C /* JSONParsing.swift in Sources */ = {isa = PBXBuildFile; fileRef = DB1D60D71B8EC8BD007D0D8C /* JSONParsing.swift */; settings = {ASSET_TAGS = (); }; };
		DB1D60DA1B8EC8BD007D0D8C /* JSONParsing.swift in Sources */ = {isa = PBXBuildFile; fileRef = DB1D60D71B8EC8BD007D0D8C /* JSONParsing.swift */; settings = {ASSET_TAGS = (); }; };
		DB1D60E31B8ECA3A007D0D8C /* JSONSequences.swift in Sources */ = {isa = PBXBuildFile; fileRef = DB1D60E21B8ECA3A007D0D8C /* JSONSequences.swift */; settings = {ASSET_TAGS = (); }; };
		DB1D60E41B8ECA3A007D0D8C /* JSONSequences.swift in Sources */ = {isa = PBXBuildFile; fileRef = DB1D60E21B8ECA3A007D0D8C /* JSONSequences.swift */; settings = {ASSET_TAGS = (); }; };
		DB1D60E51B8ECA3A007D0D8C /* JSONSequences.swift in Sources */ = {isa = PBXBuildFile; fileRef = DB1D60E21B8ECA3A007D0D8C /* JSONSequences.swift */; settings = {ASSET_TAGS = (); }; };
		DBE98DDD1B6B0D4900132F0B /* BNRSwiftJSON.h in Headers */ = {isa = PBXBuildFile; fileRef = DBE98DDC1B6B0D4900132F0B /* BNRSwiftJSON.h */; settings = {ATTRIBUTES = (Public, ); }; };
		DBE98E051B6B0D7200132F0B /* BNRSwiftJSONTests.swift in Sources */ = {isa = PBXBuildFile; fileRef = DBE98E041B6B0D7200132F0B /* BNRSwiftJSONTests.swift */; };
		DBE98E071B6B0D7200132F0B /* BNRSwiftJSON.framework in Frameworks */ = {isa = PBXBuildFile; fileRef = DBE98DD91B6B0D4900132F0B /* BNRSwiftJSON.framework */; };
		DBE98E161B6B0D7A00132F0B /* BNRSwiftJSON.framework in Frameworks */ = {isa = PBXBuildFile; fileRef = DBE98DE91B6B0D5600132F0B /* BNRSwiftJSON.framework */; };
		DBE98E221B6B0EDD00132F0B /* BNRSwiftJSON.h in Headers */ = {isa = PBXBuildFile; fileRef = DBE98DDC1B6B0D4900132F0B /* BNRSwiftJSON.h */; settings = {ATTRIBUTES = (Public, ); }; };
		DBE98E231B6B0EDE00132F0B /* BNRSwiftJSON.h in Headers */ = {isa = PBXBuildFile; fileRef = DBE98DDC1B6B0D4900132F0B /* BNRSwiftJSON.h */; settings = {ATTRIBUTES = (Public, ); }; };
		DBE98E241B6B0EEB00132F0B /* BNRSwiftJSONTests.swift in Sources */ = {isa = PBXBuildFile; fileRef = DBE98E041B6B0D7200132F0B /* BNRSwiftJSONTests.swift */; };
		DBE98E6E1B6B0F7F00132F0B /* JSON.swift in Sources */ = {isa = PBXBuildFile; fileRef = DBE98E631B6B0F7F00132F0B /* JSON.swift */; };
		DBE98E6F1B6B0F7F00132F0B /* JSON.swift in Sources */ = {isa = PBXBuildFile; fileRef = DBE98E631B6B0F7F00132F0B /* JSON.swift */; };
		DBE98E701B6B0F7F00132F0B /* JSON.swift in Sources */ = {isa = PBXBuildFile; fileRef = DBE98E631B6B0F7F00132F0B /* JSON.swift */; };
		DBE98E711B6B0F7F00132F0B /* JSONDecodable.swift in Sources */ = {isa = PBXBuildFile; fileRef = DBE98E641B6B0F7F00132F0B /* JSONDecodable.swift */; };
		DBE98E721B6B0F7F00132F0B /* JSONDecodable.swift in Sources */ = {isa = PBXBuildFile; fileRef = DBE98E641B6B0F7F00132F0B /* JSONDecodable.swift */; };
		DBE98E731B6B0F7F00132F0B /* JSONDecodable.swift in Sources */ = {isa = PBXBuildFile; fileRef = DBE98E641B6B0F7F00132F0B /* JSONDecodable.swift */; };
		DBE98E741B6B0F7F00132F0B /* JSONLiteralConvertible.swift in Sources */ = {isa = PBXBuildFile; fileRef = DBE98E651B6B0F7F00132F0B /* JSONLiteralConvertible.swift */; };
		DBE98E751B6B0F7F00132F0B /* JSONLiteralConvertible.swift in Sources */ = {isa = PBXBuildFile; fileRef = DBE98E651B6B0F7F00132F0B /* JSONLiteralConvertible.swift */; };
		DBE98E761B6B0F7F00132F0B /* JSONLiteralConvertible.swift in Sources */ = {isa = PBXBuildFile; fileRef = DBE98E651B6B0F7F00132F0B /* JSONLiteralConvertible.swift */; };
		DBE98E771B6B0F7F00132F0B /* JSONParser.swift in Sources */ = {isa = PBXBuildFile; fileRef = DBE98E661B6B0F7F00132F0B /* JSONParser.swift */; };
		DBE98E781B6B0F7F00132F0B /* JSONParser.swift in Sources */ = {isa = PBXBuildFile; fileRef = DBE98E661B6B0F7F00132F0B /* JSONParser.swift */; };
		DBE98E791B6B0F7F00132F0B /* JSONParser.swift in Sources */ = {isa = PBXBuildFile; fileRef = DBE98E661B6B0F7F00132F0B /* JSONParser.swift */; };
		DBE98E891B6B0F9700132F0B /* JSONParserTests.swift in Sources */ = {isa = PBXBuildFile; fileRef = DBE98E861B6B0F9700132F0B /* JSONParserTests.swift */; };
		DBE98E8A1B6B0F9700132F0B /* JSONParserTests.swift in Sources */ = {isa = PBXBuildFile; fileRef = DBE98E861B6B0F9700132F0B /* JSONParserTests.swift */; };
		DBE98E8B1B6B0F9700132F0B /* JSONTypeTests.swift in Sources */ = {isa = PBXBuildFile; fileRef = DBE98E871B6B0F9700132F0B /* JSONTypeTests.swift */; };
		DBE98E8C1B6B0F9700132F0B /* JSONTypeTests.swift in Sources */ = {isa = PBXBuildFile; fileRef = DBE98E871B6B0F9700132F0B /* JSONTypeTests.swift */; };
		DBE98E8D1B6B0F9700132F0B /* Person.swift in Sources */ = {isa = PBXBuildFile; fileRef = DBE98E881B6B0F9700132F0B /* Person.swift */; };
		DBE98E8E1B6B0F9700132F0B /* Person.swift in Sources */ = {isa = PBXBuildFile; fileRef = DBE98E881B6B0F9700132F0B /* Person.swift */; };
		DBE98E911B6B0F9E00132F0B /* sample.JSON in Resources */ = {isa = PBXBuildFile; fileRef = DBE98E8F1B6B0F9E00132F0B /* sample.JSON */; };
		DBE98E921B6B0F9E00132F0B /* sample.JSON in Resources */ = {isa = PBXBuildFile; fileRef = DBE98E8F1B6B0F9E00132F0B /* sample.JSON */; };
		DBE98E931B6B0F9E00132F0B /* sampleNoWhiteSpace.JSON in Resources */ = {isa = PBXBuildFile; fileRef = DBE98E901B6B0F9E00132F0B /* sampleNoWhiteSpace.JSON */; };
		DBE98E941B6B0F9E00132F0B /* sampleNoWhiteSpace.JSON in Resources */ = {isa = PBXBuildFile; fileRef = DBE98E901B6B0F9E00132F0B /* sampleNoWhiteSpace.JSON */; };
/* End PBXBuildFile section */

/* Begin PBXContainerItemProxy section */
		DBE98E081B6B0D7200132F0B /* PBXContainerItemProxy */ = {
			isa = PBXContainerItemProxy;
			containerPortal = DBE98DD01B6B0D4900132F0B /* Project object */;
			proxyType = 1;
			remoteGlobalIDString = DBE98DD81B6B0D4900132F0B;
			remoteInfo = BNRSwiftJSON;
		};
		DBE98E171B6B0D7A00132F0B /* PBXContainerItemProxy */ = {
			isa = PBXContainerItemProxy;
			containerPortal = DBE98DD01B6B0D4900132F0B /* Project object */;
			proxyType = 1;
			remoteGlobalIDString = DBE98DE81B6B0D5600132F0B;
			remoteInfo = MobileBNRSwiftJSON;
		};
/* End PBXContainerItemProxy section */

/* Begin PBXFileReference section */
		DB1D60CC1B8EB948007D0D8C /* JSONSubscripting.swift */ = {isa = PBXFileReference; fileEncoding = 4; lastKnownFileType = sourcecode.swift; path = JSONSubscripting.swift; sourceTree = "<group>"; };
		DB1D60D71B8EC8BD007D0D8C /* JSONParsing.swift */ = {isa = PBXFileReference; fileEncoding = 4; lastKnownFileType = sourcecode.swift; path = JSONParsing.swift; sourceTree = "<group>"; };
		DB1D60E21B8ECA3A007D0D8C /* JSONSequences.swift */ = {isa = PBXFileReference; fileEncoding = 4; lastKnownFileType = sourcecode.swift; path = JSONSequences.swift; sourceTree = "<group>"; };
		DBE98DD91B6B0D4900132F0B /* BNRSwiftJSON.framework */ = {isa = PBXFileReference; explicitFileType = wrapper.framework; includeInIndex = 0; path = BNRSwiftJSON.framework; sourceTree = BUILT_PRODUCTS_DIR; };
		DBE98DDC1B6B0D4900132F0B /* BNRSwiftJSON.h */ = {isa = PBXFileReference; lastKnownFileType = sourcecode.c.h; path = BNRSwiftJSON.h; sourceTree = "<group>"; };
		DBE98DDE1B6B0D4900132F0B /* Info.plist */ = {isa = PBXFileReference; lastKnownFileType = text.plist.xml; path = Info.plist; sourceTree = "<group>"; };
		DBE98DE91B6B0D5600132F0B /* BNRSwiftJSON.framework */ = {isa = PBXFileReference; explicitFileType = wrapper.framework; includeInIndex = 0; path = BNRSwiftJSON.framework; sourceTree = BUILT_PRODUCTS_DIR; };
		DBE98DF61B6B0D6200132F0B /* BNRSwiftJSON.framework */ = {isa = PBXFileReference; explicitFileType = wrapper.framework; includeInIndex = 0; path = BNRSwiftJSON.framework; sourceTree = BUILT_PRODUCTS_DIR; };
		DBE98E021B6B0D7200132F0B /* BNRSwiftJSONTests.xctest */ = {isa = PBXFileReference; explicitFileType = wrapper.cfbundle; includeInIndex = 0; path = BNRSwiftJSONTests.xctest; sourceTree = BUILT_PRODUCTS_DIR; };
		DBE98E041B6B0D7200132F0B /* BNRSwiftJSONTests.swift */ = {isa = PBXFileReference; lastKnownFileType = sourcecode.swift; path = BNRSwiftJSONTests.swift; sourceTree = "<group>"; };
		DBE98E061B6B0D7200132F0B /* Info.plist */ = {isa = PBXFileReference; lastKnownFileType = text.plist.xml; path = Info.plist; sourceTree = "<group>"; };
		DBE98E111B6B0D7A00132F0B /* MobileBNRSwiftJSONTests.xctest */ = {isa = PBXFileReference; explicitFileType = wrapper.cfbundle; includeInIndex = 0; path = MobileBNRSwiftJSONTests.xctest; sourceTree = BUILT_PRODUCTS_DIR; };
		DBE98E1D1B6B0D8C00132F0B /* Base.xcconfig */ = {isa = PBXFileReference; lastKnownFileType = text.xcconfig; path = Base.xcconfig; sourceTree = "<group>"; };
		DBE98E1E1B6B0D8C00132F0B /* BNRSwiftJSON.xcconfig */ = {isa = PBXFileReference; lastKnownFileType = text.xcconfig; path = BNRSwiftJSON.xcconfig; sourceTree = "<group>"; };
		DBE98E1F1B6B0D8C00132F0B /* Debug.xcconfig */ = {isa = PBXFileReference; lastKnownFileType = text.xcconfig; path = Debug.xcconfig; sourceTree = "<group>"; };
		DBE98E201B6B0D8C00132F0B /* Release.xcconfig */ = {isa = PBXFileReference; lastKnownFileType = text.xcconfig; path = Release.xcconfig; sourceTree = "<group>"; };
		DBE98E211B6B0D8C00132F0B /* Tests.xcconfig */ = {isa = PBXFileReference; lastKnownFileType = text.xcconfig; path = Tests.xcconfig; sourceTree = "<group>"; };
		DBE98E631B6B0F7F00132F0B /* JSON.swift */ = {isa = PBXFileReference; fileEncoding = 4; lastKnownFileType = sourcecode.swift; path = JSON.swift; sourceTree = "<group>"; };
		DBE98E641B6B0F7F00132F0B /* JSONDecodable.swift */ = {isa = PBXFileReference; fileEncoding = 4; lastKnownFileType = sourcecode.swift; path = JSONDecodable.swift; sourceTree = "<group>"; };
		DBE98E651B6B0F7F00132F0B /* JSONLiteralConvertible.swift */ = {isa = PBXFileReference; fileEncoding = 4; lastKnownFileType = sourcecode.swift; path = JSONLiteralConvertible.swift; sourceTree = "<group>"; };
		DBE98E661B6B0F7F00132F0B /* JSONParser.swift */ = {isa = PBXFileReference; fileEncoding = 4; lastKnownFileType = sourcecode.swift; path = JSONParser.swift; sourceTree = "<group>"; };
		DBE98E861B6B0F9700132F0B /* JSONParserTests.swift */ = {isa = PBXFileReference; fileEncoding = 4; lastKnownFileType = sourcecode.swift; path = JSONParserTests.swift; sourceTree = "<group>"; };
		DBE98E871B6B0F9700132F0B /* JSONTypeTests.swift */ = {isa = PBXFileReference; fileEncoding = 4; lastKnownFileType = sourcecode.swift; path = JSONTypeTests.swift; sourceTree = "<group>"; };
		DBE98E881B6B0F9700132F0B /* Person.swift */ = {isa = PBXFileReference; fileEncoding = 4; lastKnownFileType = sourcecode.swift; path = Person.swift; sourceTree = "<group>"; };
		DBE98E8F1B6B0F9E00132F0B /* sample.JSON */ = {isa = PBXFileReference; fileEncoding = 4; lastKnownFileType = text.json; path = sample.JSON; sourceTree = "<group>"; };
		DBE98E901B6B0F9E00132F0B /* sampleNoWhiteSpace.JSON */ = {isa = PBXFileReference; fileEncoding = 4; lastKnownFileType = text.json; path = sampleNoWhiteSpace.JSON; sourceTree = "<group>"; };
/* End PBXFileReference section */

/* Begin PBXFrameworksBuildPhase section */
		DBE98DD51B6B0D4900132F0B /* Frameworks */ = {
			isa = PBXFrameworksBuildPhase;
			buildActionMask = 2147483647;
			files = (
			);
			runOnlyForDeploymentPostprocessing = 0;
		};
		DBE98DE51B6B0D5600132F0B /* Frameworks */ = {
			isa = PBXFrameworksBuildPhase;
			buildActionMask = 2147483647;
			files = (
			);
			runOnlyForDeploymentPostprocessing = 0;
		};
		DBE98DF21B6B0D6200132F0B /* Frameworks */ = {
			isa = PBXFrameworksBuildPhase;
			buildActionMask = 2147483647;
			files = (
			);
			runOnlyForDeploymentPostprocessing = 0;
		};
		DBE98DFF1B6B0D7200132F0B /* Frameworks */ = {
			isa = PBXFrameworksBuildPhase;
			buildActionMask = 2147483647;
			files = (
				DBE98E071B6B0D7200132F0B /* BNRSwiftJSON.framework in Frameworks */,
			);
			runOnlyForDeploymentPostprocessing = 0;
		};
		DBE98E0E1B6B0D7A00132F0B /* Frameworks */ = {
			isa = PBXFrameworksBuildPhase;
			buildActionMask = 2147483647;
			files = (
				DBE98E161B6B0D7A00132F0B /* BNRSwiftJSON.framework in Frameworks */,
			);
			runOnlyForDeploymentPostprocessing = 0;
		};
/* End PBXFrameworksBuildPhase section */

/* Begin PBXGroup section */
		DBE98DCF1B6B0D4900132F0B = {
			isa = PBXGroup;
			children = (
				DBE98E1C1B6B0D8C00132F0B /* Configurations */,
				DBE98DDB1B6B0D4900132F0B /* BNRSwiftJSON */,
				DBE98E031B6B0D7200132F0B /* BNRSwiftJSONTests */,
				DBE98DDA1B6B0D4900132F0B /* Products */,
			);
			sourceTree = "<group>";
		};
		DBE98DDA1B6B0D4900132F0B /* Products */ = {
			isa = PBXGroup;
			children = (
				DBE98DD91B6B0D4900132F0B /* BNRSwiftJSON.framework */,
				DBE98DE91B6B0D5600132F0B /* BNRSwiftJSON.framework */,
				DBE98DF61B6B0D6200132F0B /* BNRSwiftJSON.framework */,
				DBE98E021B6B0D7200132F0B /* BNRSwiftJSONTests.xctest */,
				DBE98E111B6B0D7A00132F0B /* MobileBNRSwiftJSONTests.xctest */,
			);
			name = Products;
			sourceTree = "<group>";
		};
		DBE98DDB1B6B0D4900132F0B /* BNRSwiftJSON */ = {
			isa = PBXGroup;
			children = (
				DBE98DDC1B6B0D4900132F0B /* BNRSwiftJSON.h */,
				DBE98E631B6B0F7F00132F0B /* JSON.swift */,
				DBE98E641B6B0F7F00132F0B /* JSONDecodable.swift */,
				DBE98E651B6B0F7F00132F0B /* JSONLiteralConvertible.swift */,
				DBE98E661B6B0F7F00132F0B /* JSONParser.swift */,
				DB1D60D71B8EC8BD007D0D8C /* JSONParsing.swift */,
				DB1D60E21B8ECA3A007D0D8C /* JSONSequences.swift */,
				DB1D60CC1B8EB948007D0D8C /* JSONSubscripting.swift */,
				DBE98DDE1B6B0D4900132F0B /* Info.plist */,
			);
			path = BNRSwiftJSON;
			sourceTree = "<group>";
		};
		DBE98E031B6B0D7200132F0B /* BNRSwiftJSONTests */ = {
			isa = PBXGroup;
			children = (
				DBE98E041B6B0D7200132F0B /* BNRSwiftJSONTests.swift */,
				DBE98E861B6B0F9700132F0B /* JSONParserTests.swift */,
				DBE98E871B6B0F9700132F0B /* JSONTypeTests.swift */,
				DBE98E881B6B0F9700132F0B /* Person.swift */,
				DBE98E951B6B0FA000132F0B /* Supporting Files */,
			);
			path = BNRSwiftJSONTests;
			sourceTree = "<group>";
		};
		DBE98E1C1B6B0D8C00132F0B /* Configurations */ = {
			isa = PBXGroup;
			children = (
				DBE98E1D1B6B0D8C00132F0B /* Base.xcconfig */,
				DBE98E1E1B6B0D8C00132F0B /* BNRSwiftJSON.xcconfig */,
				DBE98E1F1B6B0D8C00132F0B /* Debug.xcconfig */,
				DBE98E201B6B0D8C00132F0B /* Release.xcconfig */,
				DBE98E211B6B0D8C00132F0B /* Tests.xcconfig */,
			);
			path = Configurations;
			sourceTree = "<group>";
		};
		DBE98E951B6B0FA000132F0B /* Supporting Files */ = {
			isa = PBXGroup;
			children = (
				DBE98E8F1B6B0F9E00132F0B /* sample.JSON */,
				DBE98E901B6B0F9E00132F0B /* sampleNoWhiteSpace.JSON */,
				DBE98E061B6B0D7200132F0B /* Info.plist */,
			);
			name = "Supporting Files";
			sourceTree = "<group>";
		};
/* End PBXGroup section */

/* Begin PBXHeadersBuildPhase section */
		DBE98DD61B6B0D4900132F0B /* Headers */ = {
			isa = PBXHeadersBuildPhase;
			buildActionMask = 2147483647;
			files = (
				DBE98DDD1B6B0D4900132F0B /* BNRSwiftJSON.h in Headers */,
			);
			runOnlyForDeploymentPostprocessing = 0;
		};
		DBE98DE61B6B0D5600132F0B /* Headers */ = {
			isa = PBXHeadersBuildPhase;
			buildActionMask = 2147483647;
			files = (
				DBE98E221B6B0EDD00132F0B /* BNRSwiftJSON.h in Headers */,
			);
			runOnlyForDeploymentPostprocessing = 0;
		};
		DBE98DF31B6B0D6200132F0B /* Headers */ = {
			isa = PBXHeadersBuildPhase;
			buildActionMask = 2147483647;
			files = (
				DBE98E231B6B0EDE00132F0B /* BNRSwiftJSON.h in Headers */,
			);
			runOnlyForDeploymentPostprocessing = 0;
		};
/* End PBXHeadersBuildPhase section */

/* Begin PBXNativeTarget section */
		DBE98DD81B6B0D4900132F0B /* BNRSwiftJSON */ = {
			isa = PBXNativeTarget;
			buildConfigurationList = DBE98DE11B6B0D4900132F0B /* Build configuration list for PBXNativeTarget "BNRSwiftJSON" */;
			buildPhases = (
				DBE98DD41B6B0D4900132F0B /* Sources */,
				DBE98DD51B6B0D4900132F0B /* Frameworks */,
				DBE98DD61B6B0D4900132F0B /* Headers */,
				DBE98DD71B6B0D4900132F0B /* Resources */,
			);
			buildRules = (
			);
			dependencies = (
			);
			name = BNRSwiftJSON;
			productName = BNRSwiftJSON;
			productReference = DBE98DD91B6B0D4900132F0B /* BNRSwiftJSON.framework */;
			productType = "com.apple.product-type.framework";
		};
		DBE98DE81B6B0D5600132F0B /* MobileBNRSwiftJSON */ = {
			isa = PBXNativeTarget;
			buildConfigurationList = DBE98DEE1B6B0D5600132F0B /* Build configuration list for PBXNativeTarget "MobileBNRSwiftJSON" */;
			buildPhases = (
				DBE98DE41B6B0D5600132F0B /* Sources */,
				DBE98DE51B6B0D5600132F0B /* Frameworks */,
				DBE98DE61B6B0D5600132F0B /* Headers */,
				DBE98DE71B6B0D5600132F0B /* Resources */,
			);
			buildRules = (
			);
			dependencies = (
			);
			name = MobileBNRSwiftJSON;
			productName = MobileBNRSwiftJSON;
			productReference = DBE98DE91B6B0D5600132F0B /* BNRSwiftJSON.framework */;
			productType = "com.apple.product-type.framework";
		};
		DBE98DF51B6B0D6200132F0B /* NanoBNRSwiftJSON */ = {
			isa = PBXNativeTarget;
			buildConfigurationList = DBE98DFB1B6B0D6200132F0B /* Build configuration list for PBXNativeTarget "NanoBNRSwiftJSON" */;
			buildPhases = (
				DBE98DF11B6B0D6200132F0B /* Sources */,
				DBE98DF21B6B0D6200132F0B /* Frameworks */,
				DBE98DF31B6B0D6200132F0B /* Headers */,
				DBE98DF41B6B0D6200132F0B /* Resources */,
			);
			buildRules = (
			);
			dependencies = (
			);
			name = NanoBNRSwiftJSON;
			productName = NanoBNRSwiftJSON;
			productReference = DBE98DF61B6B0D6200132F0B /* BNRSwiftJSON.framework */;
			productType = "com.apple.product-type.framework";
		};
		DBE98E011B6B0D7200132F0B /* BNRSwiftJSONTests */ = {
			isa = PBXNativeTarget;
			buildConfigurationList = DBE98E0A1B6B0D7200132F0B /* Build configuration list for PBXNativeTarget "BNRSwiftJSONTests" */;
			buildPhases = (
				DBE98DFE1B6B0D7200132F0B /* Sources */,
				DBE98DFF1B6B0D7200132F0B /* Frameworks */,
				DBE98E001B6B0D7200132F0B /* Resources */,
			);
			buildRules = (
			);
			dependencies = (
				DBE98E091B6B0D7200132F0B /* PBXTargetDependency */,
			);
			name = BNRSwiftJSONTests;
			productName = BNRSwiftJSONTests;
			productReference = DBE98E021B6B0D7200132F0B /* BNRSwiftJSONTests.xctest */;
			productType = "com.apple.product-type.bundle.unit-test";
		};
		DBE98E101B6B0D7A00132F0B /* MobileBNRSwiftJSONTests */ = {
			isa = PBXNativeTarget;
			buildConfigurationList = DBE98E191B6B0D7A00132F0B /* Build configuration list for PBXNativeTarget "MobileBNRSwiftJSONTests" */;
			buildPhases = (
				DBE98E0D1B6B0D7A00132F0B /* Sources */,
				DBE98E0E1B6B0D7A00132F0B /* Frameworks */,
				DBE98E0F1B6B0D7A00132F0B /* Resources */,
			);
			buildRules = (
			);
			dependencies = (
				DBE98E181B6B0D7A00132F0B /* PBXTargetDependency */,
			);
			name = MobileBNRSwiftJSONTests;
			productName = MobileBNRSwiftJSONTests;
			productReference = DBE98E111B6B0D7A00132F0B /* MobileBNRSwiftJSONTests.xctest */;
			productType = "com.apple.product-type.bundle.unit-test";
		};
/* End PBXNativeTarget section */

/* Begin PBXProject section */
		DBE98DD01B6B0D4900132F0B /* Project object */ = {
			isa = PBXProject;
			attributes = {
				LastSwiftUpdateCheck = 0700;
				LastUpgradeCheck = 0700;
				ORGANIZATIONNAME = "Big Nerd Ranch";
				TargetAttributes = {
					DBE98DD81B6B0D4900132F0B = {
						CreatedOnToolsVersion = 7.0;
					};
					DBE98DE81B6B0D5600132F0B = {
						CreatedOnToolsVersion = 7.0;
					};
					DBE98DF51B6B0D6200132F0B = {
						CreatedOnToolsVersion = 7.0;
					};
					DBE98E011B6B0D7200132F0B = {
						CreatedOnToolsVersion = 7.0;
					};
					DBE98E101B6B0D7A00132F0B = {
						CreatedOnToolsVersion = 7.0;
					};
				};
			};
			buildConfigurationList = DBE98DD31B6B0D4900132F0B /* Build configuration list for PBXProject "BNRSwiftJSON" */;
			compatibilityVersion = "Xcode 3.2";
			developmentRegion = English;
			hasScannedForEncodings = 0;
			knownRegions = (
				en,
			);
			mainGroup = DBE98DCF1B6B0D4900132F0B;
			productRefGroup = DBE98DDA1B6B0D4900132F0B /* Products */;
			projectDirPath = "";
			projectRoot = "";
			targets = (
				DBE98DD81B6B0D4900132F0B /* BNRSwiftJSON */,
				DBE98E011B6B0D7200132F0B /* BNRSwiftJSONTests */,
				DBE98DE81B6B0D5600132F0B /* MobileBNRSwiftJSON */,
				DBE98E101B6B0D7A00132F0B /* MobileBNRSwiftJSONTests */,
				DBE98DF51B6B0D6200132F0B /* NanoBNRSwiftJSON */,
			);
		};
/* End PBXProject section */

/* Begin PBXResourcesBuildPhase section */
		DBE98DD71B6B0D4900132F0B /* Resources */ = {
			isa = PBXResourcesBuildPhase;
			buildActionMask = 2147483647;
			files = (
			);
			runOnlyForDeploymentPostprocessing = 0;
		};
		DBE98DE71B6B0D5600132F0B /* Resources */ = {
			isa = PBXResourcesBuildPhase;
			buildActionMask = 2147483647;
			files = (
			);
			runOnlyForDeploymentPostprocessing = 0;
		};
		DBE98DF41B6B0D6200132F0B /* Resources */ = {
			isa = PBXResourcesBuildPhase;
			buildActionMask = 2147483647;
			files = (
			);
			runOnlyForDeploymentPostprocessing = 0;
		};
		DBE98E001B6B0D7200132F0B /* Resources */ = {
			isa = PBXResourcesBuildPhase;
			buildActionMask = 2147483647;
			files = (
				DBE98E911B6B0F9E00132F0B /* sample.JSON in Resources */,
				DBE98E931B6B0F9E00132F0B /* sampleNoWhiteSpace.JSON in Resources */,
			);
			runOnlyForDeploymentPostprocessing = 0;
		};
		DBE98E0F1B6B0D7A00132F0B /* Resources */ = {
			isa = PBXResourcesBuildPhase;
			buildActionMask = 2147483647;
			files = (
				DBE98E921B6B0F9E00132F0B /* sample.JSON in Resources */,
				DBE98E941B6B0F9E00132F0B /* sampleNoWhiteSpace.JSON in Resources */,
			);
			runOnlyForDeploymentPostprocessing = 0;
		};
/* End PBXResourcesBuildPhase section */

/* Begin PBXSourcesBuildPhase section */
		DBE98DD41B6B0D4900132F0B /* Sources */ = {
			isa = PBXSourcesBuildPhase;
			buildActionMask = 2147483647;
			files = (
				DB1D60E31B8ECA3A007D0D8C /* JSONSequences.swift in Sources */,
				DB1D60D81B8EC8BD007D0D8C /* JSONParsing.swift in Sources */,
				DBE98E711B6B0F7F00132F0B /* JSONDecodable.swift in Sources */,
				DBE98E771B6B0F7F00132F0B /* JSONParser.swift in Sources */,
				DBE98E6E1B6B0F7F00132F0B /* JSON.swift in Sources */,
				DB1D60CD1B8EB948007D0D8C /* JSONSubscripting.swift in Sources */,
				DBE98E741B6B0F7F00132F0B /* JSONLiteralConvertible.swift in Sources */,
			);
			runOnlyForDeploymentPostprocessing = 0;
		};
		DBE98DE41B6B0D5600132F0B /* Sources */ = {
			isa = PBXSourcesBuildPhase;
			buildActionMask = 2147483647;
			files = (
				DB1D60E41B8ECA3A007D0D8C /* JSONSequences.swift in Sources */,
				DB1D60D91B8EC8BD007D0D8C /* JSONParsing.swift in Sources */,
				DBE98E721B6B0F7F00132F0B /* JSONDecodable.swift in Sources */,
				DBE98E781B6B0F7F00132F0B /* JSONParser.swift in Sources */,
				DBE98E6F1B6B0F7F00132F0B /* JSON.swift in Sources */,
				DB1D60CE1B8EB948007D0D8C /* JSONSubscripting.swift in Sources */,
				DBE98E751B6B0F7F00132F0B /* JSONLiteralConvertible.swift in Sources */,
			);
			runOnlyForDeploymentPostprocessing = 0;
		};
		DBE98DF11B6B0D6200132F0B /* Sources */ = {
			isa = PBXSourcesBuildPhase;
			buildActionMask = 2147483647;
			files = (
				DB1D60E51B8ECA3A007D0D8C /* JSONSequences.swift in Sources */,
				DB1D60DA1B8EC8BD007D0D8C /* JSONParsing.swift in Sources */,
				DBE98E731B6B0F7F00132F0B /* JSONDecodable.swift in Sources */,
				DBE98E791B6B0F7F00132F0B /* JSONParser.swift in Sources */,
				DBE98E701B6B0F7F00132F0B /* JSON.swift in Sources */,
				DB1D60CF1B8EB948007D0D8C /* JSONSubscripting.swift in Sources */,
				DBE98E761B6B0F7F00132F0B /* JSONLiteralConvertible.swift in Sources */,
			);
			runOnlyForDeploymentPostprocessing = 0;
		};
		DBE98DFE1B6B0D7200132F0B /* Sources */ = {
			isa = PBXSourcesBuildPhase;
			buildActionMask = 2147483647;
			files = (
				DBE98E891B6B0F9700132F0B /* JSONParserTests.swift in Sources */,
				DBE98E8B1B6B0F9700132F0B /* JSONTypeTests.swift in Sources */,
				DBE98E8D1B6B0F9700132F0B /* Person.swift in Sources */,
				DBE98E051B6B0D7200132F0B /* BNRSwiftJSONTests.swift in Sources */,
			);
			runOnlyForDeploymentPostprocessing = 0;
		};
		DBE98E0D1B6B0D7A00132F0B /* Sources */ = {
			isa = PBXSourcesBuildPhase;
			buildActionMask = 2147483647;
			files = (
				DBE98E8A1B6B0F9700132F0B /* JSONParserTests.swift in Sources */,
				DBE98E8C1B6B0F9700132F0B /* JSONTypeTests.swift in Sources */,
				DBE98E8E1B6B0F9700132F0B /* Person.swift in Sources */,
				DBE98E241B6B0EEB00132F0B /* BNRSwiftJSONTests.swift in Sources */,
			);
			runOnlyForDeploymentPostprocessing = 0;
		};
/* End PBXSourcesBuildPhase section */

/* Begin PBXTargetDependency section */
		DBE98E091B6B0D7200132F0B /* PBXTargetDependency */ = {
			isa = PBXTargetDependency;
			target = DBE98DD81B6B0D4900132F0B /* BNRSwiftJSON */;
			targetProxy = DBE98E081B6B0D7200132F0B /* PBXContainerItemProxy */;
		};
		DBE98E181B6B0D7A00132F0B /* PBXTargetDependency */ = {
			isa = PBXTargetDependency;
			target = DBE98DE81B6B0D5600132F0B /* MobileBNRSwiftJSON */;
			targetProxy = DBE98E171B6B0D7A00132F0B /* PBXContainerItemProxy */;
		};
/* End PBXTargetDependency section */

/* Begin XCBuildConfiguration section */
		DBE98DDF1B6B0D4900132F0B /* Debug */ = {
			isa = XCBuildConfiguration;
			baseConfigurationReference = DBE98E1F1B6B0D8C00132F0B /* Debug.xcconfig */;
			buildSettings = {
				SDKROOT = macosx;
			};
			name = Debug;
		};
		DBE98DE01B6B0D4900132F0B /* Release */ = {
			isa = XCBuildConfiguration;
			baseConfigurationReference = DBE98E201B6B0D8C00132F0B /* Release.xcconfig */;
			buildSettings = {
				SDKROOT = macosx;
			};
			name = Release;
		};
		DBE98DE21B6B0D4900132F0B /* Debug */ = {
			isa = XCBuildConfiguration;
			baseConfigurationReference = DBE98E1E1B6B0D8C00132F0B /* BNRSwiftJSON.xcconfig */;
			buildSettings = {
				CLANG_ENABLE_MODULES = YES;
				COMBINE_HIDPI_IMAGES = YES;
				DEFINES_MODULE = YES;
				LD_RUNPATH_SEARCH_PATHS = "$(inherited) @executable_path/../Frameworks @loader_path/Frameworks";
				SWIFT_OPTIMIZATION_LEVEL = "-Onone";
			};
			name = Debug;
		};
		DBE98DE31B6B0D4900132F0B /* Release */ = {
			isa = XCBuildConfiguration;
			baseConfigurationReference = DBE98E1E1B6B0D8C00132F0B /* BNRSwiftJSON.xcconfig */;
			buildSettings = {
				CLANG_ENABLE_MODULES = YES;
				COMBINE_HIDPI_IMAGES = YES;
				DEFINES_MODULE = YES;
				LD_RUNPATH_SEARCH_PATHS = "$(inherited) @executable_path/../Frameworks @loader_path/Frameworks";
			};
			name = Release;
		};
		DBE98DEF1B6B0D5600132F0B /* Debug */ = {
			isa = XCBuildConfiguration;
			baseConfigurationReference = DBE98E1E1B6B0D8C00132F0B /* BNRSwiftJSON.xcconfig */;
			buildSettings = {
				CLANG_ENABLE_MODULES = YES;
				DEFINES_MODULE = YES;
				LD_RUNPATH_SEARCH_PATHS = "$(inherited) @executable_path/Frameworks @loader_path/Frameworks";
				SDKROOT = iphoneos;
				SWIFT_OPTIMIZATION_LEVEL = "-Onone";
				TARGETED_DEVICE_FAMILY = "1,2";
			};
			name = Debug;
		};
		DBE98DF01B6B0D5600132F0B /* Release */ = {
			isa = XCBuildConfiguration;
			baseConfigurationReference = DBE98E1E1B6B0D8C00132F0B /* BNRSwiftJSON.xcconfig */;
			buildSettings = {
				CLANG_ENABLE_MODULES = YES;
				DEFINES_MODULE = YES;
				LD_RUNPATH_SEARCH_PATHS = "$(inherited) @executable_path/Frameworks @loader_path/Frameworks";
				SDKROOT = iphoneos;
				TARGETED_DEVICE_FAMILY = "1,2";
			};
			name = Release;
		};
		DBE98DFC1B6B0D6200132F0B /* Debug */ = {
			isa = XCBuildConfiguration;
			baseConfigurationReference = DBE98E1E1B6B0D8C00132F0B /* BNRSwiftJSON.xcconfig */;
			buildSettings = {
				CLANG_ENABLE_MODULES = YES;
				DEFINES_MODULE = YES;
				LD_RUNPATH_SEARCH_PATHS = "$(inherited) @executable_path/../Frameworks @loader_path/Frameworks";
				SDKROOT = watchos;
				SWIFT_OPTIMIZATION_LEVEL = "-Onone";
				TARGETED_DEVICE_FAMILY = 4;
			};
			name = Debug;
		};
		DBE98DFD1B6B0D6200132F0B /* Release */ = {
			isa = XCBuildConfiguration;
			baseConfigurationReference = DBE98E1E1B6B0D8C00132F0B /* BNRSwiftJSON.xcconfig */;
			buildSettings = {
				CLANG_ENABLE_MODULES = YES;
				DEFINES_MODULE = YES;
				LD_RUNPATH_SEARCH_PATHS = "$(inherited) @executable_path/../Frameworks @loader_path/Frameworks";
				SDKROOT = watchos;
				TARGETED_DEVICE_FAMILY = 4;
			};
			name = Release;
		};
		DBE98E0B1B6B0D7200132F0B /* Debug */ = {
			isa = XCBuildConfiguration;
			baseConfigurationReference = DBE98E211B6B0D8C00132F0B /* Tests.xcconfig */;
			buildSettings = {
				COMBINE_HIDPI_IMAGES = YES;
			};
			name = Debug;
		};
		DBE98E0C1B6B0D7200132F0B /* Release */ = {
			isa = XCBuildConfiguration;
			baseConfigurationReference = DBE98E211B6B0D8C00132F0B /* Tests.xcconfig */;
			buildSettings = {
				COMBINE_HIDPI_IMAGES = YES;
			};
			name = Release;
		};
		DBE98E1A1B6B0D7A00132F0B /* Debug */ = {
			isa = XCBuildConfiguration;
			baseConfigurationReference = DBE98E211B6B0D8C00132F0B /* Tests.xcconfig */;
			buildSettings = {
				IPHONEOS_DEPLOYMENT_TARGET = 9.0;
				SDKROOT = iphoneos;
			};
			name = Debug;
		};
		DBE98E1B1B6B0D7A00132F0B /* Release */ = {
			isa = XCBuildConfiguration;
			baseConfigurationReference = DBE98E211B6B0D8C00132F0B /* Tests.xcconfig */;
			buildSettings = {
				IPHONEOS_DEPLOYMENT_TARGET = 9.0;
				SDKROOT = iphoneos;
			};
			name = Release;
		};
/* End XCBuildConfiguration section */

/* Begin XCConfigurationList section */
		DBE98DD31B6B0D4900132F0B /* Build configuration list for PBXProject "BNRSwiftJSON" */ = {
			isa = XCConfigurationList;
			buildConfigurations = (
				DBE98DDF1B6B0D4900132F0B /* Debug */,
				DBE98DE01B6B0D4900132F0B /* Release */,
			);
			defaultConfigurationIsVisible = 0;
			defaultConfigurationName = Release;
		};
		DBE98DE11B6B0D4900132F0B /* Build configuration list for PBXNativeTarget "BNRSwiftJSON" */ = {
			isa = XCConfigurationList;
			buildConfigurations = (
				DBE98DE21B6B0D4900132F0B /* Debug */,
				DBE98DE31B6B0D4900132F0B /* Release */,
			);
			defaultConfigurationIsVisible = 0;
			defaultConfigurationName = Release;
		};
		DBE98DEE1B6B0D5600132F0B /* Build configuration list for PBXNativeTarget "MobileBNRSwiftJSON" */ = {
			isa = XCConfigurationList;
			buildConfigurations = (
				DBE98DEF1B6B0D5600132F0B /* Debug */,
				DBE98DF01B6B0D5600132F0B /* Release */,
			);
			defaultConfigurationIsVisible = 0;
			defaultConfigurationName = Release;
		};
		DBE98DFB1B6B0D6200132F0B /* Build configuration list for PBXNativeTarget "NanoBNRSwiftJSON" */ = {
			isa = XCConfigurationList;
			buildConfigurations = (
				DBE98DFC1B6B0D6200132F0B /* Debug */,
				DBE98DFD1B6B0D6200132F0B /* Release */,
			);
			defaultConfigurationIsVisible = 0;
			defaultConfigurationName = Release;
		};
		DBE98E0A1B6B0D7200132F0B /* Build configuration list for PBXNativeTarget "BNRSwiftJSONTests" */ = {
			isa = XCConfigurationList;
			buildConfigurations = (
				DBE98E0B1B6B0D7200132F0B /* Debug */,
				DBE98E0C1B6B0D7200132F0B /* Release */,
			);
			defaultConfigurationIsVisible = 0;
			defaultConfigurationName = Release;
		};
		DBE98E191B6B0D7A00132F0B /* Build configuration list for PBXNativeTarget "MobileBNRSwiftJSONTests" */ = {
			isa = XCConfigurationList;
			buildConfigurations = (
				DBE98E1A1B6B0D7A00132F0B /* Debug */,
				DBE98E1B1B6B0D7A00132F0B /* Release */,
			);
			defaultConfigurationIsVisible = 0;
			defaultConfigurationName = Release;
		};
/* End XCConfigurationList section */
	};
	rootObject = DBE98DD01B6B0D4900132F0B /* Project object */;
}
