// !$*UTF8*$!
{
	archiveVersion = 1;
	classes = {
	};
	objectVersion = 46;
	objects = {

/* Begin PBXBuildFile section */
		4A8C7DE81A5F58330050914C /* Array.swift in Sources */ = {isa = PBXBuildFile; fileRef = 4A8C7DE71A5F58330050914C /* Array.swift */; };
		4A8C7DE91A5F58330050914C /* Array.swift in Sources */ = {isa = PBXBuildFile; fileRef = 4A8C7DE71A5F58330050914C /* Array.swift */; };
		F802D4D81A5F218E005E236C /* Runes.h in Headers */ = {isa = PBXBuildFile; fileRef = F802D4D71A5F218E005E236C /* Runes.h */; settings = {ATTRIBUTES = (Public, ); }; };
		F802D4EF1A5F2341005E236C /* Operators.swift in Sources */ = {isa = PBXBuildFile; fileRef = F802D4EE1A5F2341005E236C /* Operators.swift */; };
		F802D4F11A5F23BE005E236C /* Optional.swift in Sources */ = {isa = PBXBuildFile; fileRef = F802D4F01A5F23BE005E236C /* Optional.swift */; };
		F8624C2C1A645A9600C883B3 /* Runes.framework in Frameworks */ = {isa = PBXBuildFile; fileRef = F802D4D21A5F218E005E236C /* Runes.framework */; };
		F8624C381A645B0700C883B3 /* OptionalSpec.swift in Sources */ = {isa = PBXBuildFile; fileRef = F8624C371A645B0700C883B3 /* OptionalSpec.swift */; };
		F8624C3D1A645B2C00C883B3 /* Quick.framework in Frameworks */ = {isa = PBXBuildFile; fileRef = F8624C3B1A645B2C00C883B3 /* Quick.framework */; };
		F8624C401A645C1A00C883B3 /* Quick.framework in CopyFiles */ = {isa = PBXBuildFile; fileRef = F8624C3B1A645B2C00C883B3 /* Quick.framework */; settings = {ATTRIBUTES = (CodeSignOnCopy, RemoveHeadersOnCopy, ); }; };
		F8624C4B1A645C9500C883B3 /* Runes.framework in Frameworks */ = {isa = PBXBuildFile; fileRef = F86B2E0B1A5F2B8D00C3B8BD /* Runes.framework */; };
		F8624C511A645CB900C883B3 /* OptionalSpec.swift in Sources */ = {isa = PBXBuildFile; fileRef = F8624C371A645B0700C883B3 /* OptionalSpec.swift */; };
		F8624C571A645D0300C883B3 /* Quick.framework in Frameworks */ = {isa = PBXBuildFile; fileRef = F8624C551A645D0300C883B3 /* Quick.framework */; };
		F8624C5A1A645D1400C883B3 /* Quick.framework in CopyFiles */ = {isa = PBXBuildFile; fileRef = F8624C551A645D0300C883B3 /* Quick.framework */; settings = {ATTRIBUTES = (CodeSignOnCopy, RemoveHeadersOnCopy, ); }; };
		F8624C5D1A647E6F00C883B3 /* Functions.swift in Sources */ = {isa = PBXBuildFile; fileRef = F8624C5C1A647E6F00C883B3 /* Functions.swift */; };
		F8624C5E1A647E7300C883B3 /* Functions.swift in Sources */ = {isa = PBXBuildFile; fileRef = F8624C5C1A647E6F00C883B3 /* Functions.swift */; };
		F8624C601A647EE400C883B3 /* ArraySpec.swift in Sources */ = {isa = PBXBuildFile; fileRef = F8624C5F1A647EE400C883B3 /* ArraySpec.swift */; };
		F8624C611A647FB300C883B3 /* ArraySpec.swift in Sources */ = {isa = PBXBuildFile; fileRef = F8624C5F1A647EE400C883B3 /* ArraySpec.swift */; };
		F86B2E241A5F2B9E00C3B8BD /* Runes.h in Headers */ = {isa = PBXBuildFile; fileRef = F802D4D71A5F218E005E236C /* Runes.h */; settings = {ATTRIBUTES = (Public, ); }; };
		F86B2E251A5F2BA400C3B8BD /* Operators.swift in Sources */ = {isa = PBXBuildFile; fileRef = F802D4EE1A5F2341005E236C /* Operators.swift */; };
		F86B2E261A5F2BA400C3B8BD /* Optional.swift in Sources */ = {isa = PBXBuildFile; fileRef = F802D4F01A5F23BE005E236C /* Optional.swift */; };
		F8AAD42E1A656EF800271271 /* Fox.framework in Frameworks */ = {isa = PBXBuildFile; fileRef = F8AAD42D1A656EF800271271 /* Fox.framework */; };
		F8AAD4301A656F0000271271 /* Fox.framework in Frameworks */ = {isa = PBXBuildFile; fileRef = F8AAD42F1A656F0000271271 /* Fox.framework */; };
		F8AAD4311A656F1A00271271 /* Fox.framework in CopyFiles */ = {isa = PBXBuildFile; fileRef = F8AAD42F1A656F0000271271 /* Fox.framework */; settings = {ATTRIBUTES = (CodeSignOnCopy, RemoveHeadersOnCopy, ); }; };
		F8AAD4321A656F1D00271271 /* Fox.framework in CopyFiles */ = {isa = PBXBuildFile; fileRef = F8AAD42D1A656EF800271271 /* Fox.framework */; settings = {ATTRIBUTES = (CodeSignOnCopy, RemoveHeadersOnCopy, ); }; };
		F8E59DA61A71824C00F67771 /* Nimble.framework in CopyFiles */ = {isa = PBXBuildFile; fileRef = F8E59DA21A71821F00F67771 /* Nimble.framework */; settings = {ATTRIBUTES = (CodeSignOnCopy, RemoveHeadersOnCopy, ); }; };
		F8E59DA71A71824C00F67771 /* NimbleFox.framework in CopyFiles */ = {isa = PBXBuildFile; fileRef = F8E59DA31A71821F00F67771 /* NimbleFox.framework */; settings = {ATTRIBUTES = (CodeSignOnCopy, RemoveHeadersOnCopy, ); }; };
		F8E59DA81A71825300F67771 /* Nimble.framework in CopyFiles */ = {isa = PBXBuildFile; fileRef = F8E59DA01A71821000F67771 /* Nimble.framework */; settings = {ATTRIBUTES = (CodeSignOnCopy, RemoveHeadersOnCopy, ); }; };
		F8E59DA91A71825300F67771 /* NimbleFox.framework in CopyFiles */ = {isa = PBXBuildFile; fileRef = F8E59DA11A71821000F67771 /* NimbleFox.framework */; settings = {ATTRIBUTES = (CodeSignOnCopy, RemoveHeadersOnCopy, ); }; };
		F8E59DAA1A71825600F67771 /* Nimble.framework in Frameworks */ = {isa = PBXBuildFile; fileRef = F8E59DA01A71821000F67771 /* Nimble.framework */; };
		F8E59DAB1A71825600F67771 /* NimbleFox.framework in Frameworks */ = {isa = PBXBuildFile; fileRef = F8E59DA11A71821000F67771 /* NimbleFox.framework */; };
		F8E59DAC1A71825C00F67771 /* Nimble.framework in Frameworks */ = {isa = PBXBuildFile; fileRef = F8E59DA21A71821F00F67771 /* Nimble.framework */; };
		F8E59DAD1A71825C00F67771 /* NimbleFox.framework in Frameworks */ = {isa = PBXBuildFile; fileRef = F8E59DA31A71821F00F67771 /* NimbleFox.framework */; };
/* End PBXBuildFile section */

/* Begin PBXContainerItemProxy section */
		F8624C2D1A645A9600C883B3 /* PBXContainerItemProxy */ = {
			isa = PBXContainerItemProxy;
			containerPortal = F802D4C91A5F218E005E236C /* Project object */;
			proxyType = 1;
			remoteGlobalIDString = F802D4D11A5F218E005E236C;
			remoteInfo = "Runes-iOS";
		};
		F8624C4C1A645C9500C883B3 /* PBXContainerItemProxy */ = {
			isa = PBXContainerItemProxy;
			containerPortal = F802D4C91A5F218E005E236C /* Project object */;
			proxyType = 1;
			remoteGlobalIDString = F86B2E0A1A5F2B8D00C3B8BD;
			remoteInfo = "Runes-Mac";
		};
/* End PBXContainerItemProxy section */

/* Begin PBXCopyFilesBuildPhase section */
		F8624C3E1A645C1000C883B3 /* CopyFiles */ = {
			isa = PBXCopyFilesBuildPhase;
			buildActionMask = 2147483647;
			dstPath = "";
			dstSubfolderSpec = 10;
			files = (
				F8624C401A645C1A00C883B3 /* Quick.framework in CopyFiles */,
				F8AAD4321A656F1D00271271 /* Fox.framework in CopyFiles */,
				F8E59DA61A71824C00F67771 /* Nimble.framework in CopyFiles */,
				F8E59DA71A71824C00F67771 /* NimbleFox.framework in CopyFiles */,
			);
			runOnlyForDeploymentPostprocessing = 0;
		};
		F8624C581A645D0E00C883B3 /* CopyFiles */ = {
			isa = PBXCopyFilesBuildPhase;
			buildActionMask = 2147483647;
			dstPath = "";
			dstSubfolderSpec = 10;
			files = (
				F8624C5A1A645D1400C883B3 /* Quick.framework in CopyFiles */,
				F8AAD4311A656F1A00271271 /* Fox.framework in CopyFiles */,
				F8E59DA81A71825300F67771 /* Nimble.framework in CopyFiles */,
				F8E59DA91A71825300F67771 /* NimbleFox.framework in CopyFiles */,
			);
			runOnlyForDeploymentPostprocessing = 0;
		};
/* End PBXCopyFilesBuildPhase section */

/* Begin PBXFileReference section */
		4A8C7DE71A5F58330050914C /* Array.swift */ = {isa = PBXFileReference; fileEncoding = 4; lastKnownFileType = sourcecode.swift; path = Array.swift; sourceTree = "<group>"; };
		F802D4D21A5F218E005E236C /* Runes.framework */ = {isa = PBXFileReference; explicitFileType = wrapper.framework; includeInIndex = 0; path = Runes.framework; sourceTree = BUILT_PRODUCTS_DIR; };
		F802D4D61A5F218E005E236C /* Info.plist */ = {isa = PBXFileReference; lastKnownFileType = text.plist.xml; path = Info.plist; sourceTree = "<group>"; };
		F802D4D71A5F218E005E236C /* Runes.h */ = {isa = PBXFileReference; lastKnownFileType = sourcecode.c.h; path = Runes.h; sourceTree = "<group>"; };
		F802D4EE1A5F2341005E236C /* Operators.swift */ = {isa = PBXFileReference; fileEncoding = 4; lastKnownFileType = sourcecode.swift; path = Operators.swift; sourceTree = "<group>"; };
		F802D4F01A5F23BE005E236C /* Optional.swift */ = {isa = PBXFileReference; fileEncoding = 4; lastKnownFileType = sourcecode.swift; path = Optional.swift; sourceTree = "<group>"; };
		F8624C261A645A9600C883B3 /* Runes-iOS Tests.xctest */ = {isa = PBXFileReference; explicitFileType = wrapper.cfbundle; includeInIndex = 0; path = "Runes-iOS Tests.xctest"; sourceTree = BUILT_PRODUCTS_DIR; };
		F8624C341A645AB900C883B3 /* Info.plist */ = {isa = PBXFileReference; fileEncoding = 4; lastKnownFileType = text.plist.xml; path = Info.plist; sourceTree = "<group>"; };
		F8624C371A645B0700C883B3 /* OptionalSpec.swift */ = {isa = PBXFileReference; fileEncoding = 4; lastKnownFileType = sourcecode.swift; path = OptionalSpec.swift; sourceTree = "<group>"; };
		F8624C3B1A645B2C00C883B3 /* Quick.framework */ = {isa = PBXFileReference; lastKnownFileType = wrapper.framework; name = Quick.framework; path = Carthage/Build/iOS/Quick.framework; sourceTree = SOURCE_ROOT; };
		F8624C451A645C9500C883B3 /* Runes-Mac Tests.xctest */ = {isa = PBXFileReference; explicitFileType = wrapper.cfbundle; includeInIndex = 0; path = "Runes-Mac Tests.xctest"; sourceTree = BUILT_PRODUCTS_DIR; };
		F8624C551A645D0300C883B3 /* Quick.framework */ = {isa = PBXFileReference; lastKnownFileType = wrapper.framework; name = Quick.framework; path = Carthage/Build/Mac/Quick.framework; sourceTree = SOURCE_ROOT; };
		F8624C5C1A647E6F00C883B3 /* Functions.swift */ = {isa = PBXFileReference; fileEncoding = 4; lastKnownFileType = sourcecode.swift; path = Functions.swift; sourceTree = "<group>"; };
		F8624C5F1A647EE400C883B3 /* ArraySpec.swift */ = {isa = PBXFileReference; fileEncoding = 4; lastKnownFileType = sourcecode.swift; path = ArraySpec.swift; sourceTree = "<group>"; };
		F86B2E0B1A5F2B8D00C3B8BD /* Runes.framework */ = {isa = PBXFileReference; explicitFileType = wrapper.framework; includeInIndex = 0; path = Runes.framework; sourceTree = BUILT_PRODUCTS_DIR; };
		F8AAD42D1A656EF800271271 /* Fox.framework */ = {isa = PBXFileReference; lastKnownFileType = wrapper.framework; name = Fox.framework; path = Carthage/Build/iOS/Fox.framework; sourceTree = SOURCE_ROOT; };
		F8AAD42F1A656F0000271271 /* Fox.framework */ = {isa = PBXFileReference; lastKnownFileType = wrapper.framework; name = Fox.framework; path = Carthage/Build/Mac/Fox.framework; sourceTree = SOURCE_ROOT; };
		F8E59DA01A71821000F67771 /* Nimble.framework */ = {isa = PBXFileReference; lastKnownFileType = wrapper.framework; name = Nimble.framework; path = Carthage/Build/Mac/Nimble.framework; sourceTree = SOURCE_ROOT; };
		F8E59DA11A71821000F67771 /* NimbleFox.framework */ = {isa = PBXFileReference; lastKnownFileType = wrapper.framework; name = NimbleFox.framework; path = Carthage/Build/Mac/NimbleFox.framework; sourceTree = SOURCE_ROOT; };
		F8E59DA21A71821F00F67771 /* Nimble.framework */ = {isa = PBXFileReference; lastKnownFileType = wrapper.framework; name = Nimble.framework; path = Carthage/Build/iOS/Nimble.framework; sourceTree = SOURCE_ROOT; };
		F8E59DA31A71821F00F67771 /* NimbleFox.framework */ = {isa = PBXFileReference; lastKnownFileType = wrapper.framework; name = NimbleFox.framework; path = Carthage/Build/iOS/NimbleFox.framework; sourceTree = SOURCE_ROOT; };
/* End PBXFileReference section */

/* Begin PBXFrameworksBuildPhase section */
		F802D4CE1A5F218E005E236C /* Frameworks */ = {
			isa = PBXFrameworksBuildPhase;
			buildActionMask = 2147483647;
			files = (
			);
			runOnlyForDeploymentPostprocessing = 0;
		};
		F8624C231A645A9600C883B3 /* Frameworks */ = {
			isa = PBXFrameworksBuildPhase;
			buildActionMask = 2147483647;
			files = (
				F8624C2C1A645A9600C883B3 /* Runes.framework in Frameworks */,
				F8AAD42E1A656EF800271271 /* Fox.framework in Frameworks */,
				F8624C3D1A645B2C00C883B3 /* Quick.framework in Frameworks */,
				F8E59DAC1A71825C00F67771 /* Nimble.framework in Frameworks */,
				F8E59DAD1A71825C00F67771 /* NimbleFox.framework in Frameworks */,
			);
			runOnlyForDeploymentPostprocessing = 0;
		};
		F8624C421A645C9500C883B3 /* Frameworks */ = {
			isa = PBXFrameworksBuildPhase;
			buildActionMask = 2147483647;
			files = (
				F8624C4B1A645C9500C883B3 /* Runes.framework in Frameworks */,
				F8AAD4301A656F0000271271 /* Fox.framework in Frameworks */,
				F8624C571A645D0300C883B3 /* Quick.framework in Frameworks */,
				F8E59DAA1A71825600F67771 /* Nimble.framework in Frameworks */,
				F8E59DAB1A71825600F67771 /* NimbleFox.framework in Frameworks */,
			);
			runOnlyForDeploymentPostprocessing = 0;
		};
		F86B2E071A5F2B8D00C3B8BD /* Frameworks */ = {
			isa = PBXFrameworksBuildPhase;
			buildActionMask = 2147483647;
			files = (
			);
			runOnlyForDeploymentPostprocessing = 0;
		};
/* End PBXFrameworksBuildPhase section */

/* Begin PBXGroup section */
		F802D4C81A5F218E005E236C = {
			isa = PBXGroup;
			children = (
				F802D4D41A5F218E005E236C /* Source */,
				F8624C321A645AB900C883B3 /* Tests */,
				F802D4D31A5F218E005E236C /* Products */,
			);
			sourceTree = "<group>";
		};
		F802D4D31A5F218E005E236C /* Products */ = {
			isa = PBXGroup;
			children = (
				F802D4D21A5F218E005E236C /* Runes.framework */,
				F86B2E0B1A5F2B8D00C3B8BD /* Runes.framework */,
				F8624C261A645A9600C883B3 /* Runes-iOS Tests.xctest */,
				F8624C451A645C9500C883B3 /* Runes-Mac Tests.xctest */,
			);
			name = Products;
			sourceTree = "<group>";
		};
		F802D4D41A5F218E005E236C /* Source */ = {
			isa = PBXGroup;
			children = (
				4A8C7DE71A5F58330050914C /* Array.swift */,
				F802D4EE1A5F2341005E236C /* Operators.swift */,
				F802D4F01A5F23BE005E236C /* Optional.swift */,
				F802D4D51A5F218E005E236C /* Supporting Files */,
			);
			path = Source;
			sourceTree = "<group>";
		};
		F802D4D51A5F218E005E236C /* Supporting Files */ = {
			isa = PBXGroup;
			children = (
				F802D4D71A5F218E005E236C /* Runes.h */,
				F802D4D61A5F218E005E236C /* Info.plist */,
			);
			name = "Supporting Files";
			sourceTree = "<group>";
		};
		F8624C321A645AB900C883B3 /* Tests */ = {
			isa = PBXGroup;
			children = (
				F8624C5B1A647E5500C883B3 /* Helpers */,
				F8624C361A645AE300C883B3 /* Tests */,
				F8624C331A645AB900C883B3 /* Resources */,
				F8624C391A645B1300C883B3 /* Frameworks */,
			);
			path = Tests;
			sourceTree = "<group>";
		};
		F8624C331A645AB900C883B3 /* Resources */ = {
			isa = PBXGroup;
			children = (
				F8624C341A645AB900C883B3 /* Info.plist */,
			);
			path = Resources;
			sourceTree = "<group>";
		};
		F8624C361A645AE300C883B3 /* Tests */ = {
			isa = PBXGroup;
			children = (
				F8624C371A645B0700C883B3 /* OptionalSpec.swift */,
				F8624C5F1A647EE400C883B3 /* ArraySpec.swift */,
			);
			path = Tests;
			sourceTree = "<group>";
		};
		F8624C391A645B1300C883B3 /* Frameworks */ = {
			isa = PBXGroup;
			children = (
				F8624C531A645CF400C883B3 /* OS X */,
				F8624C521A645CE200C883B3 /* iOS */,
			);
			name = Frameworks;
			sourceTree = "<group>";
		};
		F8624C521A645CE200C883B3 /* iOS */ = {
			isa = PBXGroup;
			children = (
				F8E59DA21A71821F00F67771 /* Nimble.framework */,
				F8E59DA31A71821F00F67771 /* NimbleFox.framework */,
				F8AAD42D1A656EF800271271 /* Fox.framework */,
				F8624C3B1A645B2C00C883B3 /* Quick.framework */,
			);
			name = iOS;
			sourceTree = "<group>";
		};
		F8624C531A645CF400C883B3 /* OS X */ = {
			isa = PBXGroup;
			children = (
				F8E59DA01A71821000F67771 /* Nimble.framework */,
				F8E59DA11A71821000F67771 /* NimbleFox.framework */,
				F8AAD42F1A656F0000271271 /* Fox.framework */,
				F8624C551A645D0300C883B3 /* Quick.framework */,
			);
			name = "OS X";
			sourceTree = "<group>";
		};
		F8624C5B1A647E5500C883B3 /* Helpers */ = {
			isa = PBXGroup;
			children = (
				F8624C5C1A647E6F00C883B3 /* Functions.swift */,
			);
			path = Helpers;
			sourceTree = "<group>";
		};
/* End PBXGroup section */

/* Begin PBXHeadersBuildPhase section */
		F802D4CF1A5F218E005E236C /* Headers */ = {
			isa = PBXHeadersBuildPhase;
			buildActionMask = 2147483647;
			files = (
				F802D4D81A5F218E005E236C /* Runes.h in Headers */,
			);
			runOnlyForDeploymentPostprocessing = 0;
		};
		F86B2E081A5F2B8D00C3B8BD /* Headers */ = {
			isa = PBXHeadersBuildPhase;
			buildActionMask = 2147483647;
			files = (
				F86B2E241A5F2B9E00C3B8BD /* Runes.h in Headers */,
			);
			runOnlyForDeploymentPostprocessing = 0;
		};
/* End PBXHeadersBuildPhase section */

/* Begin PBXNativeTarget section */
		F802D4D11A5F218E005E236C /* Runes-iOS */ = {
			isa = PBXNativeTarget;
			buildConfigurationList = F802D4E81A5F218E005E236C /* Build configuration list for PBXNativeTarget "Runes-iOS" */;
			buildPhases = (
				F802D4CD1A5F218E005E236C /* Sources */,
				F802D4CE1A5F218E005E236C /* Frameworks */,
				F802D4CF1A5F218E005E236C /* Headers */,
				F802D4D01A5F218E005E236C /* Resources */,
			);
			buildRules = (
			);
			dependencies = (
			);
			name = "Runes-iOS";
			productName = Runes;
			productReference = F802D4D21A5F218E005E236C /* Runes.framework */;
			productType = "com.apple.product-type.framework";
		};
		F8624C251A645A9600C883B3 /* Runes-iOS Tests */ = {
			isa = PBXNativeTarget;
			buildConfigurationList = F8624C311A645A9600C883B3 /* Build configuration list for PBXNativeTarget "Runes-iOS Tests" */;
			buildPhases = (
				F8624C221A645A9600C883B3 /* Sources */,
				F8624C231A645A9600C883B3 /* Frameworks */,
				F8624C241A645A9600C883B3 /* Resources */,
				F8624C3E1A645C1000C883B3 /* CopyFiles */,
			);
			buildRules = (
			);
			dependencies = (
				F8624C2E1A645A9600C883B3 /* PBXTargetDependency */,
			);
			name = "Runes-iOS Tests";
			productName = "Runes-iOS Tests";
			productReference = F8624C261A645A9600C883B3 /* Runes-iOS Tests.xctest */;
			productType = "com.apple.product-type.bundle.unit-test";
		};
		F8624C441A645C9500C883B3 /* Runes-Mac Tests */ = {
			isa = PBXNativeTarget;
			buildConfigurationList = F8624C4E1A645C9500C883B3 /* Build configuration list for PBXNativeTarget "Runes-Mac Tests" */;
			buildPhases = (
				F8624C411A645C9500C883B3 /* Sources */,
				F8624C421A645C9500C883B3 /* Frameworks */,
				F8624C431A645C9500C883B3 /* Resources */,
				F8624C581A645D0E00C883B3 /* CopyFiles */,
			);
			buildRules = (
			);
			dependencies = (
				F8624C4D1A645C9500C883B3 /* PBXTargetDependency */,
			);
			name = "Runes-Mac Tests";
			productName = "Runes-Mac Tests";
			productReference = F8624C451A645C9500C883B3 /* Runes-Mac Tests.xctest */;
			productType = "com.apple.product-type.bundle.unit-test";
		};
		F86B2E0A1A5F2B8D00C3B8BD /* Runes-Mac */ = {
			isa = PBXNativeTarget;
			buildConfigurationList = F86B2E1E1A5F2B8D00C3B8BD /* Build configuration list for PBXNativeTarget "Runes-Mac" */;
			buildPhases = (
				F86B2E061A5F2B8D00C3B8BD /* Sources */,
				F86B2E071A5F2B8D00C3B8BD /* Frameworks */,
				F86B2E081A5F2B8D00C3B8BD /* Headers */,
				F86B2E091A5F2B8D00C3B8BD /* Resources */,
			);
			buildRules = (
			);
			dependencies = (
			);
			name = "Runes-Mac";
			productName = "Runes-Mac";
			productReference = F86B2E0B1A5F2B8D00C3B8BD /* Runes.framework */;
			productType = "com.apple.product-type.framework";
		};
/* End PBXNativeTarget section */

/* Begin PBXProject section */
		F802D4C91A5F218E005E236C /* Project object */ = {
			isa = PBXProject;
			attributes = {
				LastUpgradeCheck = 0620;
				ORGANIZATIONNAME = thoughtbot;
				TargetAttributes = {
					F802D4D11A5F218E005E236C = {
						CreatedOnToolsVersion = 6.2;
					};
					F8624C251A645A9600C883B3 = {
						CreatedOnToolsVersion = 6.1.1;
					};
					F8624C441A645C9500C883B3 = {
						CreatedOnToolsVersion = 6.1.1;
					};
					F86B2E0A1A5F2B8D00C3B8BD = {
						CreatedOnToolsVersion = 6.2;
					};
				};
			};
			buildConfigurationList = F802D4CC1A5F218E005E236C /* Build configuration list for PBXProject "Runes" */;
			compatibilityVersion = "Xcode 3.2";
			developmentRegion = English;
			hasScannedForEncodings = 0;
			knownRegions = (
				en,
			);
			mainGroup = F802D4C81A5F218E005E236C;
			productRefGroup = F802D4D31A5F218E005E236C /* Products */;
			projectDirPath = "";
			projectRoot = "";
			targets = (
				F802D4D11A5F218E005E236C /* Runes-iOS */,
				F86B2E0A1A5F2B8D00C3B8BD /* Runes-Mac */,
				F8624C251A645A9600C883B3 /* Runes-iOS Tests */,
				F8624C441A645C9500C883B3 /* Runes-Mac Tests */,
			);
		};
/* End PBXProject section */

/* Begin PBXResourcesBuildPhase section */
		F802D4D01A5F218E005E236C /* Resources */ = {
			isa = PBXResourcesBuildPhase;
			buildActionMask = 2147483647;
			files = (
			);
			runOnlyForDeploymentPostprocessing = 0;
		};
		F8624C241A645A9600C883B3 /* Resources */ = {
			isa = PBXResourcesBuildPhase;
			buildActionMask = 2147483647;
			files = (
			);
			runOnlyForDeploymentPostprocessing = 0;
		};
		F8624C431A645C9500C883B3 /* Resources */ = {
			isa = PBXResourcesBuildPhase;
			buildActionMask = 2147483647;
			files = (
			);
			runOnlyForDeploymentPostprocessing = 0;
		};
		F86B2E091A5F2B8D00C3B8BD /* Resources */ = {
			isa = PBXResourcesBuildPhase;
			buildActionMask = 2147483647;
			files = (
			);
			runOnlyForDeploymentPostprocessing = 0;
		};
/* End PBXResourcesBuildPhase section */

/* Begin PBXSourcesBuildPhase section */
		F802D4CD1A5F218E005E236C /* Sources */ = {
			isa = PBXSourcesBuildPhase;
			buildActionMask = 2147483647;
			files = (
				F802D4EF1A5F2341005E236C /* Operators.swift in Sources */,
				F802D4F11A5F23BE005E236C /* Optional.swift in Sources */,
				4A8C7DE81A5F58330050914C /* Array.swift in Sources */,
			);
			runOnlyForDeploymentPostprocessing = 0;
		};
		F8624C221A645A9600C883B3 /* Sources */ = {
			isa = PBXSourcesBuildPhase;
			buildActionMask = 2147483647;
			files = (
				F8624C381A645B0700C883B3 /* OptionalSpec.swift in Sources */,
				F8624C5E1A647E7300C883B3 /* Functions.swift in Sources */,
				F8624C601A647EE400C883B3 /* ArraySpec.swift in Sources */,
			);
			runOnlyForDeploymentPostprocessing = 0;
		};
		F8624C411A645C9500C883B3 /* Sources */ = {
			isa = PBXSourcesBuildPhase;
			buildActionMask = 2147483647;
			files = (
				F8624C511A645CB900C883B3 /* OptionalSpec.swift in Sources */,
				F8624C5D1A647E6F00C883B3 /* Functions.swift in Sources */,
				F8624C611A647FB300C883B3 /* ArraySpec.swift in Sources */,
			);
			runOnlyForDeploymentPostprocessing = 0;
		};
		F86B2E061A5F2B8D00C3B8BD /* Sources */ = {
			isa = PBXSourcesBuildPhase;
			buildActionMask = 2147483647;
			files = (
				F86B2E251A5F2BA400C3B8BD /* Operators.swift in Sources */,
				F86B2E261A5F2BA400C3B8BD /* Optional.swift in Sources */,
				4A8C7DE91A5F58330050914C /* Array.swift in Sources */,
			);
			runOnlyForDeploymentPostprocessing = 0;
		};
/* End PBXSourcesBuildPhase section */

/* Begin PBXTargetDependency section */
		F8624C2E1A645A9600C883B3 /* PBXTargetDependency */ = {
			isa = PBXTargetDependency;
			target = F802D4D11A5F218E005E236C /* Runes-iOS */;
			targetProxy = F8624C2D1A645A9600C883B3 /* PBXContainerItemProxy */;
		};
		F8624C4D1A645C9500C883B3 /* PBXTargetDependency */ = {
			isa = PBXTargetDependency;
			target = F86B2E0A1A5F2B8D00C3B8BD /* Runes-Mac */;
			targetProxy = F8624C4C1A645C9500C883B3 /* PBXContainerItemProxy */;
		};
/* End PBXTargetDependency section */

/* Begin XCBuildConfiguration section */
		F802D4E61A5F218E005E236C /* Debug */ = {
			isa = XCBuildConfiguration;
			buildSettings = {
				ALWAYS_SEARCH_USER_PATHS = NO;
				CLANG_CXX_LANGUAGE_STANDARD = "gnu++0x";
				CLANG_CXX_LIBRARY = "libc++";
				CLANG_ENABLE_MODULES = YES;
				CLANG_ENABLE_OBJC_ARC = YES;
				CLANG_WARN_BOOL_CONVERSION = YES;
				CLANG_WARN_CONSTANT_CONVERSION = YES;
				CLANG_WARN_DIRECT_OBJC_ISA_USAGE = YES_ERROR;
				CLANG_WARN_EMPTY_BODY = YES;
				CLANG_WARN_ENUM_CONVERSION = YES;
				CLANG_WARN_INT_CONVERSION = YES;
				CLANG_WARN_OBJC_ROOT_CLASS = YES_ERROR;
				CLANG_WARN_UNREACHABLE_CODE = YES;
				CLANG_WARN__DUPLICATE_METHOD_MATCH = YES;
				"CODE_SIGN_IDENTITY[sdk=iphoneos*]" = "iPhone Developer";
				COPY_PHASE_STRIP = NO;
				CURRENT_PROJECT_VERSION = 1;
				ENABLE_STRICT_OBJC_MSGSEND = YES;
				GCC_C_LANGUAGE_STANDARD = gnu99;
				GCC_DYNAMIC_NO_PIC = NO;
				GCC_OPTIMIZATION_LEVEL = 0;
				GCC_PREPROCESSOR_DEFINITIONS = (
					"DEBUG=1",
					"$(inherited)",
				);
				GCC_SYMBOLS_PRIVATE_EXTERN = NO;
				GCC_WARN_64_TO_32_BIT_CONVERSION = YES;
				GCC_WARN_ABOUT_RETURN_TYPE = YES_ERROR;
				GCC_WARN_UNDECLARED_SELECTOR = YES;
				GCC_WARN_UNINITIALIZED_AUTOS = YES_AGGRESSIVE;
				GCC_WARN_UNUSED_FUNCTION = YES;
				GCC_WARN_UNUSED_VARIABLE = YES;
				IPHONEOS_DEPLOYMENT_TARGET = 8.0;
				MACOSX_DEPLOYMENT_TARGET = 10.9;
				MTL_ENABLE_DEBUG_INFO = YES;
				ONLY_ACTIVE_ARCH = YES;
				SDKROOT = iphoneos;
				SWIFT_OPTIMIZATION_LEVEL = "-Onone";
				TARGETED_DEVICE_FAMILY = "1,2";
				VERSIONING_SYSTEM = "apple-generic";
				VERSION_INFO_PREFIX = "";
			};
			name = Debug;
		};
		F802D4E71A5F218E005E236C /* Release */ = {
			isa = XCBuildConfiguration;
			buildSettings = {
				ALWAYS_SEARCH_USER_PATHS = NO;
				CLANG_CXX_LANGUAGE_STANDARD = "gnu++0x";
				CLANG_CXX_LIBRARY = "libc++";
				CLANG_ENABLE_MODULES = YES;
				CLANG_ENABLE_OBJC_ARC = YES;
				CLANG_WARN_BOOL_CONVERSION = YES;
				CLANG_WARN_CONSTANT_CONVERSION = YES;
				CLANG_WARN_DIRECT_OBJC_ISA_USAGE = YES_ERROR;
				CLANG_WARN_EMPTY_BODY = YES;
				CLANG_WARN_ENUM_CONVERSION = YES;
				CLANG_WARN_INT_CONVERSION = YES;
				CLANG_WARN_OBJC_ROOT_CLASS = YES_ERROR;
				CLANG_WARN_UNREACHABLE_CODE = YES;
				CLANG_WARN__DUPLICATE_METHOD_MATCH = YES;
				"CODE_SIGN_IDENTITY[sdk=iphoneos*]" = "iPhone Developer";
				COPY_PHASE_STRIP = NO;
				CURRENT_PROJECT_VERSION = 1;
				ENABLE_NS_ASSERTIONS = NO;
				ENABLE_STRICT_OBJC_MSGSEND = YES;
				GCC_C_LANGUAGE_STANDARD = gnu99;
				GCC_WARN_64_TO_32_BIT_CONVERSION = YES;
				GCC_WARN_ABOUT_RETURN_TYPE = YES_ERROR;
				GCC_WARN_UNDECLARED_SELECTOR = YES;
				GCC_WARN_UNINITIALIZED_AUTOS = YES_AGGRESSIVE;
				GCC_WARN_UNUSED_FUNCTION = YES;
				GCC_WARN_UNUSED_VARIABLE = YES;
				IPHONEOS_DEPLOYMENT_TARGET = 8.0;
				MACOSX_DEPLOYMENT_TARGET = 10.9;
				MTL_ENABLE_DEBUG_INFO = NO;
				SDKROOT = iphoneos;
				TARGETED_DEVICE_FAMILY = "1,2";
				VALIDATE_PRODUCT = YES;
				VERSIONING_SYSTEM = "apple-generic";
				VERSION_INFO_PREFIX = "";
			};
			name = Release;
		};
		F802D4E91A5F218E005E236C /* Debug */ = {
			isa = XCBuildConfiguration;
			buildSettings = {
				APPLICATION_EXTENSION_API_ONLY = YES;
				CLANG_ENABLE_MODULES = YES;
				DEFINES_MODULE = YES;
				DYLIB_COMPATIBILITY_VERSION = 1;
				DYLIB_CURRENT_VERSION = 1;
				DYLIB_INSTALL_NAME_BASE = "@rpath";
				INFOPLIST_FILE = "$(SRCROOT)/Source/Info.plist";
				INSTALL_PATH = "$(LOCAL_LIBRARY_DIR)/Frameworks";
				LD_RUNPATH_SEARCH_PATHS = "$(inherited) @executable_path/Frameworks @loader_path/Frameworks";
				PRODUCT_NAME = Runes;
				SKIP_INSTALL = YES;
				SWIFT_OPTIMIZATION_LEVEL = "-Onone";
			};
			name = Debug;
		};
		F802D4EA1A5F218E005E236C /* Release */ = {
			isa = XCBuildConfiguration;
			buildSettings = {
				APPLICATION_EXTENSION_API_ONLY = YES;
				CLANG_ENABLE_MODULES = YES;
				DEFINES_MODULE = YES;
				DYLIB_COMPATIBILITY_VERSION = 1;
				DYLIB_CURRENT_VERSION = 1;
				DYLIB_INSTALL_NAME_BASE = "@rpath";
				INFOPLIST_FILE = "$(SRCROOT)/Source/Info.plist";
				INSTALL_PATH = "$(LOCAL_LIBRARY_DIR)/Frameworks";
				LD_RUNPATH_SEARCH_PATHS = "$(inherited) @executable_path/Frameworks @loader_path/Frameworks";
				PRODUCT_NAME = Runes;
				SKIP_INSTALL = YES;
			};
			name = Release;
		};
		F8624C2F1A645A9600C883B3 /* Debug */ = {
			isa = XCBuildConfiguration;
			buildSettings = {
				CLANG_ENABLE_MODULES = YES;
				FRAMEWORK_SEARCH_PATHS = (
					"$(SDKROOT)/Developer/Library/Frameworks",
					"$(inherited)",
					"$(PROJECT_DIR)/Carthage/Build/iOS",
				);
				GCC_PREPROCESSOR_DEFINITIONS = (
					"DEBUG=1",
					"$(inherited)",
				);
				INFOPLIST_FILE = Tests/Resources/Info.plist;
				IPHONEOS_DEPLOYMENT_TARGET = 8.1;
				LD_RUNPATH_SEARCH_PATHS = "$(inherited) @executable_path/Frameworks @loader_path/Frameworks";
				PRODUCT_NAME = "$(TARGET_NAME)";
				SWIFT_OPTIMIZATION_LEVEL = "-Onone";
			};
			name = Debug;
		};
		F8624C301A645A9600C883B3 /* Release */ = {
			isa = XCBuildConfiguration;
			buildSettings = {
				CLANG_ENABLE_MODULES = YES;
				FRAMEWORK_SEARCH_PATHS = (
					"$(SDKROOT)/Developer/Library/Frameworks",
					"$(inherited)",
					"$(PROJECT_DIR)/Carthage/Build/iOS",
				);
				INFOPLIST_FILE = Tests/Resources/Info.plist;
				IPHONEOS_DEPLOYMENT_TARGET = 8.1;
				LD_RUNPATH_SEARCH_PATHS = "$(inherited) @executable_path/Frameworks @loader_path/Frameworks";
				PRODUCT_NAME = "$(TARGET_NAME)";
			};
			name = Release;
		};
		F8624C4F1A645C9500C883B3 /* Debug */ = {
			isa = XCBuildConfiguration;
			buildSettings = {
				COMBINE_HIDPI_IMAGES = YES;
				FRAMEWORK_SEARCH_PATHS = (
					"$(DEVELOPER_FRAMEWORKS_DIR)",
					"$(inherited)",
					"$(PROJECT_DIR)/Carthage/Build/Mac",
				);
				GCC_PREPROCESSOR_DEFINITIONS = (
					"DEBUG=1",
					"$(inherited)",
				);
				INFOPLIST_FILE = Tests/Resources/Info.plist;
				LD_RUNPATH_SEARCH_PATHS = "$(inherited) @executable_path/../Frameworks @loader_path/../Frameworks";
				MACOSX_DEPLOYMENT_TARGET = 10.10;
				PRODUCT_NAME = "$(TARGET_NAME)";
				SDKROOT = macosx;
			};
			name = Debug;
		};
		F8624C501A645C9500C883B3 /* Release */ = {
			isa = XCBuildConfiguration;
			buildSettings = {
				COMBINE_HIDPI_IMAGES = YES;
				DEBUG_INFORMATION_FORMAT = "dwarf-with-dsym";
				FRAMEWORK_SEARCH_PATHS = (
					"$(DEVELOPER_FRAMEWORKS_DIR)",
					"$(inherited)",
					"$(PROJECT_DIR)/Carthage/Build/Mac",
				);
				INFOPLIST_FILE = Tests/Resources/Info.plist;
				LD_RUNPATH_SEARCH_PATHS = "$(inherited) @executable_path/../Frameworks @loader_path/../Frameworks";
				MACOSX_DEPLOYMENT_TARGET = 10.10;
				PRODUCT_NAME = "$(TARGET_NAME)";
				SDKROOT = macosx;
			};
			name = Release;
		};
		F86B2E1F1A5F2B8D00C3B8BD /* Debug */ = {
			isa = XCBuildConfiguration;
			buildSettings = {
				APPLICATION_EXTENSION_API_ONLY = YES;
				COMBINE_HIDPI_IMAGES = YES;
				DEFINES_MODULE = YES;
				DYLIB_COMPATIBILITY_VERSION = 1;
				DYLIB_CURRENT_VERSION = 1;
				DYLIB_INSTALL_NAME_BASE = "@rpath";
				FRAMEWORK_VERSION = A;
				GCC_PREPROCESSOR_DEFINITIONS = (
					"DEBUG=1",
					"$(inherited)",
				);
				INFOPLIST_FILE = "$(SRCROOT)/Source/Info.plist";
				INSTALL_PATH = "$(LOCAL_LIBRARY_DIR)/Frameworks";
				LD_RUNPATH_SEARCH_PATHS = "$(inherited) @executable_path/../Frameworks @loader_path/Frameworks";
				MACOSX_DEPLOYMENT_TARGET = 10.9;
				PRODUCT_NAME = Runes;
				SDKROOT = macosx;
				SKIP_INSTALL = YES;
			};
			name = Debug;
		};
		F86B2E201A5F2B8D00C3B8BD /* Release */ = {
			isa = XCBuildConfiguration;
			buildSettings = {
				APPLICATION_EXTENSION_API_ONLY = YES;
				COMBINE_HIDPI_IMAGES = YES;
				DEBUG_INFORMATION_FORMAT = "dwarf-with-dsym";
				DEFINES_MODULE = YES;
				DYLIB_COMPATIBILITY_VERSION = 1;
				DYLIB_CURRENT_VERSION = 1;
				DYLIB_INSTALL_NAME_BASE = "@rpath";
				FRAMEWORK_VERSION = A;
				INFOPLIST_FILE = "$(SRCROOT)/Source/Info.plist";
				INSTALL_PATH = "$(LOCAL_LIBRARY_DIR)/Frameworks";
				LD_RUNPATH_SEARCH_PATHS = "$(inherited) @executable_path/../Frameworks @loader_path/Frameworks";
				MACOSX_DEPLOYMENT_TARGET = 10.9;
				PRODUCT_NAME = Runes;
				SDKROOT = macosx;
				SKIP_INSTALL = YES;
			};
			name = Release;
		};
/* End XCBuildConfiguration section */

/* Begin XCConfigurationList section */
		F802D4CC1A5F218E005E236C /* Build configuration list for PBXProject "Runes" */ = {
			isa = XCConfigurationList;
			buildConfigurations = (
				F802D4E61A5F218E005E236C /* Debug */,
				F802D4E71A5F218E005E236C /* Release */,
			);
			defaultConfigurationIsVisible = 0;
			defaultConfigurationName = Release;
		};
		F802D4E81A5F218E005E236C /* Build configuration list for PBXNativeTarget "Runes-iOS" */ = {
			isa = XCConfigurationList;
			buildConfigurations = (
				F802D4E91A5F218E005E236C /* Debug */,
				F802D4EA1A5F218E005E236C /* Release */,
			);
			defaultConfigurationIsVisible = 0;
			defaultConfigurationName = Release;
		};
		F8624C311A645A9600C883B3 /* Build configuration list for PBXNativeTarget "Runes-iOS Tests" */ = {
			isa = XCConfigurationList;
			buildConfigurations = (
				F8624C2F1A645A9600C883B3 /* Debug */,
				F8624C301A645A9600C883B3 /* Release */,
			);
			defaultConfigurationIsVisible = 0;
			defaultConfigurationName = Release;
		};
		F8624C4E1A645C9500C883B3 /* Build configuration list for PBXNativeTarget "Runes-Mac Tests" */ = {
			isa = XCConfigurationList;
			buildConfigurations = (
				F8624C4F1A645C9500C883B3 /* Debug */,
				F8624C501A645C9500C883B3 /* Release */,
			);
			defaultConfigurationIsVisible = 0;
			defaultConfigurationName = Release;
		};
		F86B2E1E1A5F2B8D00C3B8BD /* Build configuration list for PBXNativeTarget "Runes-Mac" */ = {
			isa = XCConfigurationList;
			buildConfigurations = (
				F86B2E1F1A5F2B8D00C3B8BD /* Debug */,
				F86B2E201A5F2B8D00C3B8BD /* Release */,
			);
			defaultConfigurationIsVisible = 0;
			defaultConfigurationName = Release;
		};
/* End XCConfigurationList section */
	};
	rootObject = F802D4C91A5F218E005E236C /* Project object */;
}
